
Microsoft Visual Studio Solution File, Format Version 12.00
# Visual Studio 15
VisualStudioVersion = 15.0.26730.12
MinimumVisualStudioVersion = 10.0.40219.1
Project("{9A19103F-16F7-4668-BE54-9A1E7A4F7556}") = "Unity", "src\Unity\Unity.csproj", "{41BBFB63-0FA7-4236-9731-A53F09EC9C79}"
EndProject
Project("{2150E333-8FDC-42A3-9474-1A3956D46DE8}") = "Tests", "Tests", "{F45198AB-F3A6-4F83-94B8-762482625BC7}"
EndProject
Project("{9A19103F-16F7-4668-BE54-9A1E7A4F7556}") = "Tests.Unity.xUnit", "test\Unity.xUnit\Tests.Unity.xUnit.csproj", "{5089A2D7-2AD6-4999-90E1-5017E2C601E4}"
EndProject
Project("{9A19103F-16F7-4668-BE54-9A1E7A4F7556}") = "Tests.Unity.MSTests", "test\Unity.MSTests\Tests.Unity.MSTests.csproj", "{358E433E-58EF-4077-9FBB-0248DE04FB29}"
EndProject
Project("{9A19103F-16F7-4668-BE54-9A1E7A4F7556}") = "Unity.Configuration", "src\Unity.Configuration\Unity.Configuration.csproj", "{0B20B912-D9F4-444C-9A47-2E3A46FB0FD6}"
EndProject
Project("{9A19103F-16F7-4668-BE54-9A1E7A4F7556}") = "Tests.Unity.Configuration", "test\Unity.Configuration\Tests.Unity.Configuration.csproj", "{41F9434F-DC50-4DEA-BF56-20E301F910D1}"
EndProject
Project("{9A19103F-16F7-4668-BE54-9A1E7A4F7556}") = "Unity.Interception", "src\Unity.Interception\Unity.Interception.csproj", "{A1037350-AAA2-43A9-9BDD-08E2C10F0F2D}"
EndProject
Project("{9A19103F-16F7-4668-BE54-9A1E7A4F7556}") = "Tests.Unity.Interception", "test\Unity.Interception\Tests.Unity.Interception.csproj", "{63068947-2938-444D-BFE6-B74163A50E41}"
EndProject
Project("{9A19103F-16F7-4668-BE54-9A1E7A4F7556}") = "Unity.Interception.Configuration", "src\Unity.Interception.Configuration\Unity.Interception.Configuration.csproj", "{FDCA2D0F-98AD-4170-AB37-1FAA435EF147}"
EndProject
Project("{9A19103F-16F7-4668-BE54-9A1E7A4F7556}") = "Tests.Unity.Interception.Configuration", "test\Unity.Interception.Configuration\Tests.Unity.Interception.Configuration.csproj", "{8502221D-D3D6-4470-A98F-84A7BF6BF4A8}"
EndProject
Global
	GlobalSection(SolutionConfigurationPlatforms) = preSolution
		Debug|Any CPU = Debug|Any CPU
		Release|Any CPU = Release|Any CPU
	EndGlobalSection
	GlobalSection(ProjectConfigurationPlatforms) = postSolution
		{41BBFB63-0FA7-4236-9731-A53F09EC9C79}.Debug|Any CPU.ActiveCfg = Debug|Any CPU
		{41BBFB63-0FA7-4236-9731-A53F09EC9C79}.Debug|Any CPU.Build.0 = Debug|Any CPU
		{41BBFB63-0FA7-4236-9731-A53F09EC9C79}.Release|Any CPU.ActiveCfg = Release|Any CPU
		{41BBFB63-0FA7-4236-9731-A53F09EC9C79}.Release|Any CPU.Build.0 = Release|Any CPU
		{5089A2D7-2AD6-4999-90E1-5017E2C601E4}.Debug|Any CPU.ActiveCfg = Debug|Any CPU
		{5089A2D7-2AD6-4999-90E1-5017E2C601E4}.Debug|Any CPU.Build.0 = Debug|Any CPU
		{5089A2D7-2AD6-4999-90E1-5017E2C601E4}.Release|Any CPU.ActiveCfg = Release|Any CPU
		{5089A2D7-2AD6-4999-90E1-5017E2C601E4}.Release|Any CPU.Build.0 = Release|Any CPU
		{358E433E-58EF-4077-9FBB-0248DE04FB29}.Debug|Any CPU.ActiveCfg = Debug|Any CPU
		{358E433E-58EF-4077-9FBB-0248DE04FB29}.Debug|Any CPU.Build.0 = Debug|Any CPU
		{358E433E-58EF-4077-9FBB-0248DE04FB29}.Release|Any CPU.ActiveCfg = Release|Any CPU
		{358E433E-58EF-4077-9FBB-0248DE04FB29}.Release|Any CPU.Build.0 = Release|Any CPU
		{0B20B912-D9F4-444C-9A47-2E3A46FB0FD6}.Debug|Any CPU.ActiveCfg = Debug|Any CPU
		{0B20B912-D9F4-444C-9A47-2E3A46FB0FD6}.Debug|Any CPU.Build.0 = Debug|Any CPU
		{0B20B912-D9F4-444C-9A47-2E3A46FB0FD6}.Release|Any CPU.ActiveCfg = Release|Any CPU
		{0B20B912-D9F4-444C-9A47-2E3A46FB0FD6}.Release|Any CPU.Build.0 = Release|Any CPU
		{41F9434F-DC50-4DEA-BF56-20E301F910D1}.Debug|Any CPU.ActiveCfg = Debug|Any CPU
		{41F9434F-DC50-4DEA-BF56-20E301F910D1}.Debug|Any CPU.Build.0 = Debug|Any CPU
		{41F9434F-DC50-4DEA-BF56-20E301F910D1}.Release|Any CPU.ActiveCfg = Release|Any CPU
		{41F9434F-DC50-4DEA-BF56-20E301F910D1}.Release|Any CPU.Build.0 = Release|Any CPU
		{A1037350-AAA2-43A9-9BDD-08E2C10F0F2D}.Debug|Any CPU.ActiveCfg = Debug|Any CPU
		{A1037350-AAA2-43A9-9BDD-08E2C10F0F2D}.Debug|Any CPU.Build.0 = Debug|Any CPU
		{A1037350-AAA2-43A9-9BDD-08E2C10F0F2D}.Release|Any CPU.ActiveCfg = Release|Any CPU
		{A1037350-AAA2-43A9-9BDD-08E2C10F0F2D}.Release|Any CPU.Build.0 = Release|Any CPU
		{63068947-2938-444D-BFE6-B74163A50E41}.Debug|Any CPU.ActiveCfg = Debug|Any CPU
		{63068947-2938-444D-BFE6-B74163A50E41}.Debug|Any CPU.Build.0 = Debug|Any CPU
		{63068947-2938-444D-BFE6-B74163A50E41}.Release|Any CPU.ActiveCfg = Release|Any CPU
		{63068947-2938-444D-BFE6-B74163A50E41}.Release|Any CPU.Build.0 = Release|Any CPU
		{FDCA2D0F-98AD-4170-AB37-1FAA435EF147}.Debug|Any CPU.ActiveCfg = Debug|Any CPU
		{FDCA2D0F-98AD-4170-AB37-1FAA435EF147}.Debug|Any CPU.Build.0 = Debug|Any CPU
		{FDCA2D0F-98AD-4170-AB37-1FAA435EF147}.Release|Any CPU.ActiveCfg = Release|Any CPU
		{FDCA2D0F-98AD-4170-AB37-1FAA435EF147}.Release|Any CPU.Build.0 = Release|Any CPU
		{8502221D-D3D6-4470-A98F-84A7BF6BF4A8}.Debug|Any CPU.ActiveCfg = Debug|Any CPU
		{8502221D-D3D6-4470-A98F-84A7BF6BF4A8}.Debug|Any CPU.Build.0 = Debug|Any CPU
		{8502221D-D3D6-4470-A98F-84A7BF6BF4A8}.Release|Any CPU.ActiveCfg = Release|Any CPU
		{8502221D-D3D6-4470-A98F-84A7BF6BF4A8}.Release|Any CPU.Build.0 = Release|Any CPU
	EndGlobalSection
	GlobalSection(SolutionProperties) = preSolution
		HideSolutionNode = FALSE
	EndGlobalSection
	GlobalSection(NestedProjects) = preSolution
		{5089A2D7-2AD6-4999-90E1-5017E2C601E4} = {F45198AB-F3A6-4F83-94B8-762482625BC7}
		{358E433E-58EF-4077-9FBB-0248DE04FB29} = {F45198AB-F3A6-4F83-94B8-762482625BC7}
		{41F9434F-DC50-4DEA-BF56-20E301F910D1} = {F45198AB-F3A6-4F83-94B8-762482625BC7}
		{63068947-2938-444D-BFE6-B74163A50E41} = {F45198AB-F3A6-4F83-94B8-762482625BC7}
		{8502221D-D3D6-4470-A98F-84A7BF6BF4A8} = {F45198AB-F3A6-4F83-94B8-762482625BC7}
	EndGlobalSection
	GlobalSection(ExtensibilityGlobals) = postSolution
		SolutionGuid = {5AAFE72A-A2F4-4EE5-B3E2-B8E1E4652456}
	EndGlobalSection
EndGlobal
