
Microsoft Visual Studio Solution File, Format Version 12.00
# Visual Studio Version 16
VisualStudioVersion = 16.0.28407.52
MinimumVisualStudioVersion = 10.0.40219.1
Project("{9A19103F-16F7-4668-BE54-9A1E7A4F7556}") = "Unity.Container", "Container\src\Unity.Container.csproj", "{EE1F752C-1FAB-41AD-AD63-857D0E62AB6B}"
EndProject
Project("{9A19103F-16F7-4668-BE54-9A1E7A4F7556}") = "Unity.Tests.v5", "Container\tests\Unity.Tests\Unity.Tests.v5.csproj", "{29D42A07-017E-4E9C-A87D-0ABBCAE53798}"
EndProject
Project("{9A19103F-16F7-4668-BE54-9A1E7A4F7556}") = "Unity.Specification.Tests.v5", "Container\tests\Unity.Specification\Unity.Specification.Tests.v5.csproj", "{EE6E1971-4752-4444-9211-70BDE3CC4014}"
EndProject
Project("{9A19103F-16F7-4668-BE54-9A1E7A4F7556}") = "Unity.Configuration", "Configuration\src\Unity.Configuration.csproj", "{742111EB-6966-4ACB-AB41-5A281070397A}"
EndProject
Project("{9A19103F-16F7-4668-BE54-9A1E7A4F7556}") = "Configuration.Tests", "Configuration\tests\Configuration.Tests.csproj", "{ED69D4F6-D7A0-4878-8CDC-F6EE01D8FE66}"
EndProject
Project("{9A19103F-16F7-4668-BE54-9A1E7A4F7556}") = "Unity.Interception", "Interception\src\Unity.Interception.csproj", "{E363BF15-C3F7-4C86-BEF2-BD9A245C4854}"
EndProject
Project("{9A19103F-16F7-4668-BE54-9A1E7A4F7556}") = "Unity.Interception.Tests", "Interception\tests\Unity.Interception.Tests.csproj", "{9C18ABA0-B2E2-4FC7-8C07-E52A77D9FE7C}"
EndProject
Project("{9A19103F-16F7-4668-BE54-9A1E7A4F7556}") = "Unity.Abstractions", "Abstractions\src\Unity.Abstractions.csproj", "{2A50E743-8817-41DB-BD23-6F9625665EF7}"
EndProject
Project("{9A19103F-16F7-4668-BE54-9A1E7A4F7556}") = "Unity.Interception.Configuration", "InterceptionConfiguration\src\Unity.Interception.Configuration.csproj", "{78DD3C52-56DC-49F8-AF34-9D6A9C3AA714}"
EndProject
Project("{9A19103F-16F7-4668-BE54-9A1E7A4F7556}") = "Interception.Configuration.Tests", "InterceptionConfiguration\tests\Interception.Configuration.Tests.csproj", "{B1468EB2-570A-4B90-A549-8B59E438A444}"
EndProject
Project("{9A19103F-16F7-4668-BE54-9A1E7A4F7556}") = "Unity.RegistrationByConvention", "RegistrationByConvention\src\Unity.RegistrationByConvention.csproj", "{A448026E-0A99-4BB0-9B0D-2CE12AAE1A01}"
EndProject
Project("{9A19103F-16F7-4668-BE54-9A1E7A4F7556}") = "RegistrationByConvention.Tests", "RegistrationByConvention\tests\RegistrationByConvention.Tests.csproj", "{31FA5DA7-CC83-4EAB-AB2F-BB66C88D2222}"
EndProject
Project("{9A19103F-16F7-4668-BE54-9A1E7A4F7556}") = "Performance", "Container\tests\Performance\Performance.csproj", "{F3CAD518-CE9F-4BE8-8AC0-D6B27E023FA1}"
EndProject
Project("{9A19103F-16F7-4668-BE54-9A1E7A4F7556}") = "Unity.Mvc", "MVC\src\Unity.Mvc.csproj", "{783ABE91-79BE-40E1-B7B4-6B70AA4EE55B}"
EndProject
Project("{9A19103F-16F7-4668-BE54-9A1E7A4F7556}") = "Unity.AspNet.WebApi", "WebAPI\src\Unity.AspNet.WebApi.csproj", "{6EF4C726-285A-4979-BE7A-7B023DB13678}"
EndProject
Project("{9A19103F-16F7-4668-BE54-9A1E7A4F7556}") = "WebApi.Tests", "WebAPI\tests\WebApi.Tests.csproj", "{C8524F6E-CD20-406E-90E2-65C3C8EF1FFA}"
EndProject
Project("{9A19103F-16F7-4668-BE54-9A1E7A4F7556}") = "MVC.Tests", "MVC\tests\MVC.Tests.csproj", "{2D5BEF61-D7D6-43C8-B1B4-A02D10F2FB5B}"
EndProject
Project("{9A19103F-16F7-4668-BE54-9A1E7A4F7556}") = "Unity.Microsoft.DependencyInjection", "Microsoft.DependencyInjection\src\Unity.Microsoft.DependencyInjection.csproj", "{8FE475A4-6C19-4A5A-893C-D5C1A1508D8E}"
EndProject
Project("{9A19103F-16F7-4668-BE54-9A1E7A4F7556}") = "Unity.Microsoft.DependencyInjection.Tests", "Microsoft.DependencyInjection\tests\Unity.Microsoft.DependencyInjection.Tests.csproj", "{D6FC1017-5FBF-42F8-AEC3-3B209E906829}"
EndProject
Project("{9A19103F-16F7-4668-BE54-9A1E7A4F7556}") = "Unity.Specification", "SpecificationTests\src\Unity.Specification.csproj", "{DBEC49D6-88ED-4717-A827-23BADE3DC5E1}"
EndProject
Project("{9A19103F-16F7-4668-BE54-9A1E7A4F7556}") = "Unity.Specification.Diagnostic", "SpecificationTests\diagnostic\Unity.Specification.Diagnostic.csproj", "{510FC085-87EF-4EB8-85EB-6C1E0F629313}"
EndProject
Project("{2150E333-8FDC-42A3-9474-1A3956D46DE8}") = "Examples", "Examples", "{46B66CD3-B2AE-4AD3-8BF7-59380C9DD24C}"
EndProject
Project("{2150E333-8FDC-42A3-9474-1A3956D46DE8}") = "Extension", "Extension", "{807B6434-3128-4C95-B182-DDD603937088}"
EndProject
Project("{9A19103F-16F7-4668-BE54-9A1E7A4F7556}") = "BuildPlanExample", "Examples\src\Extending Unity\BuildPlan\BuildPlanExample.csproj", "{A66DF5B3-583E-4269-A110-7386356584AF}"
EndProject
Project("{9A19103F-16F7-4668-BE54-9A1E7A4F7556}") = "BuildPlanCreatorExample", "Examples\src\Extending Unity\BuildPlanCreator\BuildPlanCreatorExample.csproj", "{D147C09E-DFC7-46DE-8096-8FD4B87C7561}"
EndProject
Project("{9A19103F-16F7-4668-BE54-9A1E7A4F7556}") = "Unity.Microsoft.Options", "Microsoft.Options\src\Unity.Microsoft.Options.csproj", "{E72518AF-B002-447C-BBCF-3F9A9EA02D5F}"
EndProject
Project("{9A19103F-16F7-4668-BE54-9A1E7A4F7556}") = "Unity.Microsoft.Logging", "Microsoft.Logging\src\Unity.Microsoft.Logging.csproj", "{5FD0E5D9-3D29-4946-BDB0-9AB61B9C4CF5}"
EndProject
Project("{9A19103F-16F7-4668-BE54-9A1E7A4F7556}") = "Unity.Microsoft.Logging.Tests", "Microsoft.Logging\tests\Unity.Microsoft.Logging.Tests.csproj", "{10CB5365-85EF-4CF2-954D-3513D59A6741}"
EndProject
Project("{9A19103F-16F7-4668-BE54-9A1E7A4F7556}") = "Unity.Microsoft.Options.Tests", "Microsoft.Options\tests\Unity.Microsoft.Options.Tests.csproj", "{8B395CB4-08A9-42A2-92A3-50852A777D3A}"
EndProject
Project("{2150E333-8FDC-42A3-9474-1A3956D46DE8}") = "Logging", "Logging", "{7F73D778-142F-4925-BA07-43EFA6D9C206}"
EndProject
Project("{9A19103F-16F7-4668-BE54-9A1E7A4F7556}") = "Log4net.Example", "Examples\src\Logging\Log4net\Log4net.Example.csproj", "{3C4075FA-4B71-4A31-878E-025E5207D688}"
EndProject
Project("{9A19103F-16F7-4668-BE54-9A1E7A4F7556}") = "Microsoft.Logging.Example", "Examples\src\Logging\Microsoft.Logging\Microsoft.Logging.Example.csproj", "{B6967D81-9124-46A0-BE54-4033F826864E}"
EndProject
Project("{9A19103F-16F7-4668-BE54-9A1E7A4F7556}") = "NLog.Example", "Examples\src\Logging\NLog\NLog.Example.csproj", "{B75D4182-8E8C-4DEB-940D-2DE1E4011DFD}"
EndProject
Project("{2150E333-8FDC-42A3-9474-1A3956D46DE8}") = "Web", "Web", "{6A5D82EC-E5E0-4CBC-ABBB-2AF80730B29A}"
EndProject
Project("{9A19103F-16F7-4668-BE54-9A1E7A4F7556}") = "Unity.ServiceLocation", "ServiceLocation\src\Unity.ServiceLocation.csproj", "{70AF28B8-F3E3-46A3-B5A4-64A13BF5E9BD}"
EndProject
Project("{9A19103F-16F7-4668-BE54-9A1E7A4F7556}") = "ServiceLocation.Tests", "ServiceLocation\tests\ServiceLocation.Tests.csproj", "{34C0D085-68F0-40E5-8419-8DD61AB4CEE2}"
EndProject
Project("{9A19103F-16F7-4668-BE54-9A1E7A4F7556}") = "Unity.log4net", "Log4net\src\Unity.log4net.csproj", "{64B4BF9D-DB0E-4BCA-8FD9-44AC53041203}"
EndProject
Project("{9A19103F-16F7-4668-BE54-9A1E7A4F7556}") = "Unity.NLog", "NLog\src\Unity.NLog.csproj", "{9689AEA1-D5F6-45DD-819F-4DEF68EF1BD7}"
EndProject
Project("{9A19103F-16F7-4668-BE54-9A1E7A4F7556}") = "NLog.Tests", "NLog\tests\NLog.Tests.csproj", "{BD0F648D-ECB8-4E69-87F6-95DC6E788D21}"
EndProject
Project("{9A19103F-16F7-4668-BE54-9A1E7A4F7556}") = "log4net.Tests", "Log4net\tests\log4net.Tests.csproj", "{B77AA526-C2DB-439C-A9F6-3FD9F4645556}"
EndProject
Project("{2150E333-8FDC-42A3-9474-1A3956D46DE8}") = "Logging", "Logging", "{CF83BFD5-8B40-4F31-8060-8AF86A3F6842}"
EndProject
Project("{2150E333-8FDC-42A3-9474-1A3956D46DE8}") = "Configuration", "Configuration", "{190E8FF3-EEA8-4669-868F-CCC72B9E1F83}"
EndProject
Project("{2150E333-8FDC-42A3-9474-1A3956D46DE8}") = "Interception", "Interception", "{E21FBE90-2681-4FDF-8C50-EFB55663230E}"
EndProject
Project("{9A19103F-16F7-4668-BE54-9A1E7A4F7556}") = "Unity.Specification.Tests.v5.Diagnostic", "Container\tests\Unity.Diagnostic\Unity.Specification.Tests.v5.Diagnostic.csproj", "{5F84ACD0-148C-4DE0-ADCA-073B5C66BAD1}"
EndProject
Project("{2150E333-8FDC-42A3-9474-1A3956D46DE8}") = "Tests", "Tests", "{E0CD2FB9-F879-4CE0-86B3-6A43ED6CA83D}"
EndProject
Project("{2150E333-8FDC-42A3-9474-1A3956D46DE8}") = "Tests", "Tests", "{BBE54EF0-EFAD-46D3-A622-4B2847338D7E}"
EndProject
Project("{2150E333-8FDC-42A3-9474-1A3956D46DE8}") = "Specification", "Specification", "{F8CC6AB5-0A31-4DD5-9926-72CCC64E34F7}"
EndProject
Project("{9A19103F-16F7-4668-BE54-9A1E7A4F7556}") = "ASP.Net.Core.Unity.Example", "Examples\src\web\ASP.Net.Unity.Example\ASP.Net.Core.Unity.Example.csproj", "{0455B723-EDC7-4110-9D16-C2FB494BBB49}"
EndProject
Project("{2150E333-8FDC-42A3-9474-1A3956D46DE8}") = "Microsoft", "Microsoft", "{F729AD54-CCD9-4BB0-9183-D7C8642D7A46}"
EndProject
Project("{2150E333-8FDC-42A3-9474-1A3956D46DE8}") = "Tests", "Tests", "{BF3AB5C4-79AF-4A82-8D53-B4DA476D363F}"
EndProject
Project("{2150E333-8FDC-42A3-9474-1A3956D46DE8}") = "Unity", "Unity", "{36CF625B-E753-47E8-867B-0AA5E2D18783}"
EndProject
Project("{2150E333-8FDC-42A3-9474-1A3956D46DE8}") = "Options", "Options", "{F491A3FA-53E3-4AD4-9211-659DAAE756A3}"
EndProject
Project("{2150E333-8FDC-42A3-9474-1A3956D46DE8}") = "DependencyInjection", "DependencyInjection", "{34EA90F1-6362-40F5-8CC3-02F4712FB429}"
EndProject
Project("{2150E333-8FDC-42A3-9474-1A3956D46DE8}") = "Logging", "Logging", "{36D84502-ABC5-4ACD-AFAD-AB1BB34B8DBA}"
EndProject
Project("{2150E333-8FDC-42A3-9474-1A3956D46DE8}") = "ASP.MVC", "ASP.MVC", "{53294F93-1B0C-45C6-9254-593E79D309D7}"
EndProject
Project("{2150E333-8FDC-42A3-9474-1A3956D46DE8}") = "ASP.Web.API", "ASP.Web.API", "{2B4660A0-960C-46C9-A013-F91859798A5E}"
EndProject
Project("{2150E333-8FDC-42A3-9474-1A3956D46DE8}") = "WCF", "WCF", "{617D3B59-540C-4115-A882-06177C752156}"
EndProject
Project("{9A19103F-16F7-4668-BE54-9A1E7A4F7556}") = "Unity.Wcf", "WCF\src\Unity.Wcf.csproj", "{1BC08FF5-6B69-4EC3-B087-2D2E62852AAF}"
EndProject
Project("{9A19103F-16F7-4668-BE54-9A1E7A4F7556}") = "Unity.Wcf.Tests", "WCF\tests\Unity.Wcf.Tests.csproj", "{6DD20020-9655-4994-A97B-A5F7E2C8664A}"
EndProject
Project("{2150E333-8FDC-42A3-9474-1A3956D46DE8}") = "Wcf", "Wcf", "{E3ED17AC-AFAE-4400-A0A9-2BACA57D38F0}"
EndProject
Project("{FAE04EC0-301F-11D3-BF4B-00C04F79EFBC}") = "Wcf.Service.Unity.Example", "Examples\src\Wcf\Wcf.Service.Unity.Example\Wcf.Service.Unity.Example.csproj", "{A4A256A5-AD8F-4D6F-8720-D9798D0AAA66}"
EndProject
Global
	GlobalSection(SolutionConfigurationPlatforms) = preSolution
		Debug|Any CPU = Debug|Any CPU
		Release|Any CPU = Release|Any CPU
	EndGlobalSection
	GlobalSection(ProjectConfigurationPlatforms) = postSolution
		{EE1F752C-1FAB-41AD-AD63-857D0E62AB6B}.Debug|Any CPU.ActiveCfg = Debug|Any CPU
		{EE1F752C-1FAB-41AD-AD63-857D0E62AB6B}.Debug|Any CPU.Build.0 = Debug|Any CPU
		{EE1F752C-1FAB-41AD-AD63-857D0E62AB6B}.Release|Any CPU.ActiveCfg = Release|Any CPU
		{EE1F752C-1FAB-41AD-AD63-857D0E62AB6B}.Release|Any CPU.Build.0 = Release|Any CPU
		{29D42A07-017E-4E9C-A87D-0ABBCAE53798}.Debug|Any CPU.ActiveCfg = Debug|Any CPU
		{29D42A07-017E-4E9C-A87D-0ABBCAE53798}.Debug|Any CPU.Build.0 = Debug|Any CPU
		{29D42A07-017E-4E9C-A87D-0ABBCAE53798}.Release|Any CPU.ActiveCfg = Release|Any CPU
		{EE6E1971-4752-4444-9211-70BDE3CC4014}.Debug|Any CPU.ActiveCfg = Debug|Any CPU
		{EE6E1971-4752-4444-9211-70BDE3CC4014}.Debug|Any CPU.Build.0 = Debug|Any CPU
		{EE6E1971-4752-4444-9211-70BDE3CC4014}.Release|Any CPU.ActiveCfg = Release|Any CPU
		{742111EB-6966-4ACB-AB41-5A281070397A}.Debug|Any CPU.ActiveCfg = Debug|Any CPU
		{742111EB-6966-4ACB-AB41-5A281070397A}.Debug|Any CPU.Build.0 = Debug|Any CPU
		{742111EB-6966-4ACB-AB41-5A281070397A}.Release|Any CPU.ActiveCfg = Release|Any CPU
		{ED69D4F6-D7A0-4878-8CDC-F6EE01D8FE66}.Debug|Any CPU.ActiveCfg = Debug|Any CPU
		{ED69D4F6-D7A0-4878-8CDC-F6EE01D8FE66}.Debug|Any CPU.Build.0 = Debug|Any CPU
		{ED69D4F6-D7A0-4878-8CDC-F6EE01D8FE66}.Release|Any CPU.ActiveCfg = Release|Any CPU
		{E363BF15-C3F7-4C86-BEF2-BD9A245C4854}.Debug|Any CPU.ActiveCfg = Debug|Any CPU
		{E363BF15-C3F7-4C86-BEF2-BD9A245C4854}.Debug|Any CPU.Build.0 = Debug|Any CPU
		{E363BF15-C3F7-4C86-BEF2-BD9A245C4854}.Release|Any CPU.ActiveCfg = Release|Any CPU
		{9C18ABA0-B2E2-4FC7-8C07-E52A77D9FE7C}.Debug|Any CPU.ActiveCfg = Debug|Any CPU
		{9C18ABA0-B2E2-4FC7-8C07-E52A77D9FE7C}.Debug|Any CPU.Build.0 = Debug|Any CPU
		{9C18ABA0-B2E2-4FC7-8C07-E52A77D9FE7C}.Release|Any CPU.ActiveCfg = Release|Any CPU
		{2A50E743-8817-41DB-BD23-6F9625665EF7}.Debug|Any CPU.ActiveCfg = Debug|Any CPU
		{2A50E743-8817-41DB-BD23-6F9625665EF7}.Debug|Any CPU.Build.0 = Debug|Any CPU
		{2A50E743-8817-41DB-BD23-6F9625665EF7}.Release|Any CPU.ActiveCfg = Release|Any CPU
		{2A50E743-8817-41DB-BD23-6F9625665EF7}.Release|Any CPU.Build.0 = Release|Any CPU
		{78DD3C52-56DC-49F8-AF34-9D6A9C3AA714}.Debug|Any CPU.ActiveCfg = Debug|Any CPU
		{78DD3C52-56DC-49F8-AF34-9D6A9C3AA714}.Debug|Any CPU.Build.0 = Debug|Any CPU
		{78DD3C52-56DC-49F8-AF34-9D6A9C3AA714}.Release|Any CPU.ActiveCfg = Release|Any CPU
		{B1468EB2-570A-4B90-A549-8B59E438A444}.Debug|Any CPU.ActiveCfg = Debug|Any CPU
		{B1468EB2-570A-4B90-A549-8B59E438A444}.Debug|Any CPU.Build.0 = Debug|Any CPU
		{B1468EB2-570A-4B90-A549-8B59E438A444}.Release|Any CPU.ActiveCfg = Release|Any CPU
		{A448026E-0A99-4BB0-9B0D-2CE12AAE1A01}.Debug|Any CPU.ActiveCfg = Debug|Any CPU
		{A448026E-0A99-4BB0-9B0D-2CE12AAE1A01}.Debug|Any CPU.Build.0 = Debug|Any CPU
		{A448026E-0A99-4BB0-9B0D-2CE12AAE1A01}.Release|Any CPU.ActiveCfg = Release|Any CPU
		{31FA5DA7-CC83-4EAB-AB2F-BB66C88D2222}.Debug|Any CPU.ActiveCfg = Debug|Any CPU
		{31FA5DA7-CC83-4EAB-AB2F-BB66C88D2222}.Debug|Any CPU.Build.0 = Debug|Any CPU
		{31FA5DA7-CC83-4EAB-AB2F-BB66C88D2222}.Release|Any CPU.ActiveCfg = Release|Any CPU
		{F3CAD518-CE9F-4BE8-8AC0-D6B27E023FA1}.Debug|Any CPU.ActiveCfg = Debug|Any CPU
		{F3CAD518-CE9F-4BE8-8AC0-D6B27E023FA1}.Release|Any CPU.ActiveCfg = Release|Any CPU
		{F3CAD518-CE9F-4BE8-8AC0-D6B27E023FA1}.Release|Any CPU.Build.0 = Release|Any CPU
		{783ABE91-79BE-40E1-B7B4-6B70AA4EE55B}.Debug|Any CPU.ActiveCfg = Debug|Any CPU
		{783ABE91-79BE-40E1-B7B4-6B70AA4EE55B}.Debug|Any CPU.Build.0 = Debug|Any CPU
		{783ABE91-79BE-40E1-B7B4-6B70AA4EE55B}.Release|Any CPU.ActiveCfg = Release|Any CPU
		{6EF4C726-285A-4979-BE7A-7B023DB13678}.Debug|Any CPU.ActiveCfg = Debug|Any CPU
		{6EF4C726-285A-4979-BE7A-7B023DB13678}.Debug|Any CPU.Build.0 = Debug|Any CPU
		{6EF4C726-285A-4979-BE7A-7B023DB13678}.Release|Any CPU.ActiveCfg = Release|Any CPU
		{C8524F6E-CD20-406E-90E2-65C3C8EF1FFA}.Debug|Any CPU.ActiveCfg = Debug|Any CPU
		{C8524F6E-CD20-406E-90E2-65C3C8EF1FFA}.Debug|Any CPU.Build.0 = Debug|Any CPU
		{C8524F6E-CD20-406E-90E2-65C3C8EF1FFA}.Release|Any CPU.ActiveCfg = Release|Any CPU
		{2D5BEF61-D7D6-43C8-B1B4-A02D10F2FB5B}.Debug|Any CPU.ActiveCfg = Debug|Any CPU
		{2D5BEF61-D7D6-43C8-B1B4-A02D10F2FB5B}.Debug|Any CPU.Build.0 = Debug|Any CPU
		{2D5BEF61-D7D6-43C8-B1B4-A02D10F2FB5B}.Release|Any CPU.ActiveCfg = Release|Any CPU
		{8FE475A4-6C19-4A5A-893C-D5C1A1508D8E}.Debug|Any CPU.ActiveCfg = Debug|Any CPU
		{8FE475A4-6C19-4A5A-893C-D5C1A1508D8E}.Debug|Any CPU.Build.0 = Debug|Any CPU
		{8FE475A4-6C19-4A5A-893C-D5C1A1508D8E}.Release|Any CPU.ActiveCfg = Release|Any CPU
		{D6FC1017-5FBF-42F8-AEC3-3B209E906829}.Debug|Any CPU.ActiveCfg = Debug|Any CPU
		{D6FC1017-5FBF-42F8-AEC3-3B209E906829}.Debug|Any CPU.Build.0 = Debug|Any CPU
		{D6FC1017-5FBF-42F8-AEC3-3B209E906829}.Release|Any CPU.ActiveCfg = Release|Any CPU
		{DBEC49D6-88ED-4717-A827-23BADE3DC5E1}.Debug|Any CPU.ActiveCfg = Debug|Any CPU
		{DBEC49D6-88ED-4717-A827-23BADE3DC5E1}.Debug|Any CPU.Build.0 = Debug|Any CPU
		{DBEC49D6-88ED-4717-A827-23BADE3DC5E1}.Release|Any CPU.ActiveCfg = Release|Any CPU
		{510FC085-87EF-4EB8-85EB-6C1E0F629313}.Debug|Any CPU.ActiveCfg = Debug|Any CPU
		{510FC085-87EF-4EB8-85EB-6C1E0F629313}.Debug|Any CPU.Build.0 = Debug|Any CPU
		{510FC085-87EF-4EB8-85EB-6C1E0F629313}.Release|Any CPU.ActiveCfg = Release|Any CPU
		{A66DF5B3-583E-4269-A110-7386356584AF}.Debug|Any CPU.ActiveCfg = Debug|Any CPU
		{A66DF5B3-583E-4269-A110-7386356584AF}.Debug|Any CPU.Build.0 = Debug|Any CPU
		{A66DF5B3-583E-4269-A110-7386356584AF}.Release|Any CPU.ActiveCfg = Release|Any CPU
		{D147C09E-DFC7-46DE-8096-8FD4B87C7561}.Debug|Any CPU.ActiveCfg = Debug|Any CPU
		{D147C09E-DFC7-46DE-8096-8FD4B87C7561}.Debug|Any CPU.Build.0 = Debug|Any CPU
		{D147C09E-DFC7-46DE-8096-8FD4B87C7561}.Release|Any CPU.ActiveCfg = Release|Any CPU
		{E72518AF-B002-447C-BBCF-3F9A9EA02D5F}.Debug|Any CPU.ActiveCfg = Debug|Any CPU
		{E72518AF-B002-447C-BBCF-3F9A9EA02D5F}.Debug|Any CPU.Build.0 = Debug|Any CPU
		{E72518AF-B002-447C-BBCF-3F9A9EA02D5F}.Release|Any CPU.ActiveCfg = Release|Any CPU
		{5FD0E5D9-3D29-4946-BDB0-9AB61B9C4CF5}.Debug|Any CPU.ActiveCfg = Debug|Any CPU
		{5FD0E5D9-3D29-4946-BDB0-9AB61B9C4CF5}.Debug|Any CPU.Build.0 = Debug|Any CPU
		{5FD0E5D9-3D29-4946-BDB0-9AB61B9C4CF5}.Release|Any CPU.ActiveCfg = Release|Any CPU
		{10CB5365-85EF-4CF2-954D-3513D59A6741}.Debug|Any CPU.ActiveCfg = Debug|Any CPU
		{10CB5365-85EF-4CF2-954D-3513D59A6741}.Debug|Any CPU.Build.0 = Debug|Any CPU
		{10CB5365-85EF-4CF2-954D-3513D59A6741}.Release|Any CPU.ActiveCfg = Release|Any CPU
		{8B395CB4-08A9-42A2-92A3-50852A777D3A}.Debug|Any CPU.ActiveCfg = Debug|Any CPU
		{8B395CB4-08A9-42A2-92A3-50852A777D3A}.Debug|Any CPU.Build.0 = Debug|Any CPU
		{8B395CB4-08A9-42A2-92A3-50852A777D3A}.Release|Any CPU.ActiveCfg = Release|Any CPU
		{3C4075FA-4B71-4A31-878E-025E5207D688}.Debug|Any CPU.ActiveCfg = Debug|Any CPU
		{3C4075FA-4B71-4A31-878E-025E5207D688}.Debug|Any CPU.Build.0 = Debug|Any CPU
		{3C4075FA-4B71-4A31-878E-025E5207D688}.Release|Any CPU.ActiveCfg = Release|Any CPU
		{B6967D81-9124-46A0-BE54-4033F826864E}.Debug|Any CPU.ActiveCfg = Debug|Any CPU
		{B6967D81-9124-46A0-BE54-4033F826864E}.Debug|Any CPU.Build.0 = Debug|Any CPU
		{B6967D81-9124-46A0-BE54-4033F826864E}.Release|Any CPU.ActiveCfg = Release|Any CPU
		{B75D4182-8E8C-4DEB-940D-2DE1E4011DFD}.Debug|Any CPU.ActiveCfg = Debug|Any CPU
		{B75D4182-8E8C-4DEB-940D-2DE1E4011DFD}.Debug|Any CPU.Build.0 = Debug|Any CPU
		{B75D4182-8E8C-4DEB-940D-2DE1E4011DFD}.Release|Any CPU.ActiveCfg = Release|Any CPU
		{70AF28B8-F3E3-46A3-B5A4-64A13BF5E9BD}.Debug|Any CPU.ActiveCfg = Debug|Any CPU
		{70AF28B8-F3E3-46A3-B5A4-64A13BF5E9BD}.Debug|Any CPU.Build.0 = Debug|Any CPU
		{70AF28B8-F3E3-46A3-B5A4-64A13BF5E9BD}.Release|Any CPU.ActiveCfg = Release|Any CPU
		{34C0D085-68F0-40E5-8419-8DD61AB4CEE2}.Debug|Any CPU.ActiveCfg = Debug|Any CPU
		{34C0D085-68F0-40E5-8419-8DD61AB4CEE2}.Debug|Any CPU.Build.0 = Debug|Any CPU
		{34C0D085-68F0-40E5-8419-8DD61AB4CEE2}.Release|Any CPU.ActiveCfg = Release|Any CPU
		{64B4BF9D-DB0E-4BCA-8FD9-44AC53041203}.Debug|Any CPU.ActiveCfg = Debug|Any CPU
		{64B4BF9D-DB0E-4BCA-8FD9-44AC53041203}.Debug|Any CPU.Build.0 = Debug|Any CPU
		{64B4BF9D-DB0E-4BCA-8FD9-44AC53041203}.Release|Any CPU.ActiveCfg = Release|Any CPU
		{9689AEA1-D5F6-45DD-819F-4DEF68EF1BD7}.Debug|Any CPU.ActiveCfg = Debug|Any CPU
		{9689AEA1-D5F6-45DD-819F-4DEF68EF1BD7}.Debug|Any CPU.Build.0 = Debug|Any CPU
		{9689AEA1-D5F6-45DD-819F-4DEF68EF1BD7}.Release|Any CPU.ActiveCfg = Release|Any CPU
		{BD0F648D-ECB8-4E69-87F6-95DC6E788D21}.Debug|Any CPU.ActiveCfg = Debug|Any CPU
		{BD0F648D-ECB8-4E69-87F6-95DC6E788D21}.Debug|Any CPU.Build.0 = Debug|Any CPU
		{BD0F648D-ECB8-4E69-87F6-95DC6E788D21}.Release|Any CPU.ActiveCfg = Release|Any CPU
		{B77AA526-C2DB-439C-A9F6-3FD9F4645556}.Debug|Any CPU.ActiveCfg = Debug|Any CPU
		{B77AA526-C2DB-439C-A9F6-3FD9F4645556}.Debug|Any CPU.Build.0 = Debug|Any CPU
		{B77AA526-C2DB-439C-A9F6-3FD9F4645556}.Release|Any CPU.ActiveCfg = Release|Any CPU
		{5F84ACD0-148C-4DE0-ADCA-073B5C66BAD1}.Debug|Any CPU.ActiveCfg = Debug|Any CPU
		{5F84ACD0-148C-4DE0-ADCA-073B5C66BAD1}.Debug|Any CPU.Build.0 = Debug|Any CPU
		{5F84ACD0-148C-4DE0-ADCA-073B5C66BAD1}.Release|Any CPU.ActiveCfg = Release|Any CPU
		{0455B723-EDC7-4110-9D16-C2FB494BBB49}.Debug|Any CPU.ActiveCfg = Debug|Any CPU
		{0455B723-EDC7-4110-9D16-C2FB494BBB49}.Debug|Any CPU.Build.0 = Debug|Any CPU
		{0455B723-EDC7-4110-9D16-C2FB494BBB49}.Release|Any CPU.ActiveCfg = Release|Any CPU
		{0455B723-EDC7-4110-9D16-C2FB494BBB49}.Release|Any CPU.Build.0 = Release|Any CPU
		{1BC08FF5-6B69-4EC3-B087-2D2E62852AAF}.Debug|Any CPU.ActiveCfg = Debug|Any CPU
		{1BC08FF5-6B69-4EC3-B087-2D2E62852AAF}.Debug|Any CPU.Build.0 = Debug|Any CPU
		{1BC08FF5-6B69-4EC3-B087-2D2E62852AAF}.Release|Any CPU.ActiveCfg = Release|Any CPU
		{1BC08FF5-6B69-4EC3-B087-2D2E62852AAF}.Release|Any CPU.Build.0 = Release|Any CPU
		{6DD20020-9655-4994-A97B-A5F7E2C8664A}.Debug|Any CPU.ActiveCfg = Debug|Any CPU
		{6DD20020-9655-4994-A97B-A5F7E2C8664A}.Debug|Any CPU.Build.0 = Debug|Any CPU
		{6DD20020-9655-4994-A97B-A5F7E2C8664A}.Release|Any CPU.ActiveCfg = Release|Any CPU
		{6DD20020-9655-4994-A97B-A5F7E2C8664A}.Release|Any CPU.Build.0 = Release|Any CPU
		{A4A256A5-AD8F-4D6F-8720-D9798D0AAA66}.Debug|Any CPU.ActiveCfg = Debug|Any CPU
		{A4A256A5-AD8F-4D6F-8720-D9798D0AAA66}.Debug|Any CPU.Build.0 = Debug|Any CPU
		{A4A256A5-AD8F-4D6F-8720-D9798D0AAA66}.Release|Any CPU.ActiveCfg = Release|Any CPU
		{A4A256A5-AD8F-4D6F-8720-D9798D0AAA66}.Release|Any CPU.Build.0 = Release|Any CPU
	EndGlobalSection
	GlobalSection(SolutionProperties) = preSolution
		HideSolutionNode = FALSE
	EndGlobalSection
	GlobalSection(NestedProjects) = preSolution
		{29D42A07-017E-4E9C-A87D-0ABBCAE53798} = {36CF625B-E753-47E8-867B-0AA5E2D18783}
		{EE6E1971-4752-4444-9211-70BDE3CC4014} = {BF3AB5C4-79AF-4A82-8D53-B4DA476D363F}
		{742111EB-6966-4ACB-AB41-5A281070397A} = {190E8FF3-EEA8-4669-868F-CCC72B9E1F83}
		{ED69D4F6-D7A0-4878-8CDC-F6EE01D8FE66} = {E0CD2FB9-F879-4CE0-86B3-6A43ED6CA83D}
		{E363BF15-C3F7-4C86-BEF2-BD9A245C4854} = {E21FBE90-2681-4FDF-8C50-EFB55663230E}
		{9C18ABA0-B2E2-4FC7-8C07-E52A77D9FE7C} = {E21FBE90-2681-4FDF-8C50-EFB55663230E}
		{78DD3C52-56DC-49F8-AF34-9D6A9C3AA714} = {190E8FF3-EEA8-4669-868F-CCC72B9E1F83}
		{B1468EB2-570A-4B90-A549-8B59E438A444} = {E0CD2FB9-F879-4CE0-86B3-6A43ED6CA83D}
		{A448026E-0A99-4BB0-9B0D-2CE12AAE1A01} = {190E8FF3-EEA8-4669-868F-CCC72B9E1F83}
		{31FA5DA7-CC83-4EAB-AB2F-BB66C88D2222} = {E0CD2FB9-F879-4CE0-86B3-6A43ED6CA83D}
		{F3CAD518-CE9F-4BE8-8AC0-D6B27E023FA1} = {36CF625B-E753-47E8-867B-0AA5E2D18783}
		{783ABE91-79BE-40E1-B7B4-6B70AA4EE55B} = {53294F93-1B0C-45C6-9254-593E79D309D7}
		{6EF4C726-285A-4979-BE7A-7B023DB13678} = {2B4660A0-960C-46C9-A013-F91859798A5E}
		{C8524F6E-CD20-406E-90E2-65C3C8EF1FFA} = {2B4660A0-960C-46C9-A013-F91859798A5E}
		{2D5BEF61-D7D6-43C8-B1B4-A02D10F2FB5B} = {53294F93-1B0C-45C6-9254-593E79D309D7}
		{8FE475A4-6C19-4A5A-893C-D5C1A1508D8E} = {34EA90F1-6362-40F5-8CC3-02F4712FB429}
		{D6FC1017-5FBF-42F8-AEC3-3B209E906829} = {34EA90F1-6362-40F5-8CC3-02F4712FB429}
		{DBEC49D6-88ED-4717-A827-23BADE3DC5E1} = {F8CC6AB5-0A31-4DD5-9926-72CCC64E34F7}
		{510FC085-87EF-4EB8-85EB-6C1E0F629313} = {F8CC6AB5-0A31-4DD5-9926-72CCC64E34F7}
		{807B6434-3128-4C95-B182-DDD603937088} = {46B66CD3-B2AE-4AD3-8BF7-59380C9DD24C}
		{A66DF5B3-583E-4269-A110-7386356584AF} = {807B6434-3128-4C95-B182-DDD603937088}
		{D147C09E-DFC7-46DE-8096-8FD4B87C7561} = {807B6434-3128-4C95-B182-DDD603937088}
		{E72518AF-B002-447C-BBCF-3F9A9EA02D5F} = {F491A3FA-53E3-4AD4-9211-659DAAE756A3}
		{5FD0E5D9-3D29-4946-BDB0-9AB61B9C4CF5} = {36D84502-ABC5-4ACD-AFAD-AB1BB34B8DBA}
		{10CB5365-85EF-4CF2-954D-3513D59A6741} = {36D84502-ABC5-4ACD-AFAD-AB1BB34B8DBA}
		{8B395CB4-08A9-42A2-92A3-50852A777D3A} = {F491A3FA-53E3-4AD4-9211-659DAAE756A3}
		{7F73D778-142F-4925-BA07-43EFA6D9C206} = {46B66CD3-B2AE-4AD3-8BF7-59380C9DD24C}
		{3C4075FA-4B71-4A31-878E-025E5207D688} = {7F73D778-142F-4925-BA07-43EFA6D9C206}
		{B6967D81-9124-46A0-BE54-4033F826864E} = {7F73D778-142F-4925-BA07-43EFA6D9C206}
		{B75D4182-8E8C-4DEB-940D-2DE1E4011DFD} = {7F73D778-142F-4925-BA07-43EFA6D9C206}
		{6A5D82EC-E5E0-4CBC-ABBB-2AF80730B29A} = {46B66CD3-B2AE-4AD3-8BF7-59380C9DD24C}
		{70AF28B8-F3E3-46A3-B5A4-64A13BF5E9BD} = {190E8FF3-EEA8-4669-868F-CCC72B9E1F83}
		{34C0D085-68F0-40E5-8419-8DD61AB4CEE2} = {E0CD2FB9-F879-4CE0-86B3-6A43ED6CA83D}
		{64B4BF9D-DB0E-4BCA-8FD9-44AC53041203} = {CF83BFD5-8B40-4F31-8060-8AF86A3F6842}
		{9689AEA1-D5F6-45DD-819F-4DEF68EF1BD7} = {CF83BFD5-8B40-4F31-8060-8AF86A3F6842}
		{BD0F648D-ECB8-4E69-87F6-95DC6E788D21} = {BBE54EF0-EFAD-46D3-A622-4B2847338D7E}
		{B77AA526-C2DB-439C-A9F6-3FD9F4645556} = {BBE54EF0-EFAD-46D3-A622-4B2847338D7E}
		{5F84ACD0-148C-4DE0-ADCA-073B5C66BAD1} = {BF3AB5C4-79AF-4A82-8D53-B4DA476D363F}
		{E0CD2FB9-F879-4CE0-86B3-6A43ED6CA83D} = {190E8FF3-EEA8-4669-868F-CCC72B9E1F83}
		{BBE54EF0-EFAD-46D3-A622-4B2847338D7E} = {CF83BFD5-8B40-4F31-8060-8AF86A3F6842}
		{0455B723-EDC7-4110-9D16-C2FB494BBB49} = {6A5D82EC-E5E0-4CBC-ABBB-2AF80730B29A}
		{BF3AB5C4-79AF-4A82-8D53-B4DA476D363F} = {F8CC6AB5-0A31-4DD5-9926-72CCC64E34F7}
		{F491A3FA-53E3-4AD4-9211-659DAAE756A3} = {F729AD54-CCD9-4BB0-9183-D7C8642D7A46}
		{34EA90F1-6362-40F5-8CC3-02F4712FB429} = {F729AD54-CCD9-4BB0-9183-D7C8642D7A46}
		{36D84502-ABC5-4ACD-AFAD-AB1BB34B8DBA} = {F729AD54-CCD9-4BB0-9183-D7C8642D7A46}
		{53294F93-1B0C-45C6-9254-593E79D309D7} = {F729AD54-CCD9-4BB0-9183-D7C8642D7A46}
		{2B4660A0-960C-46C9-A013-F91859798A5E} = {F729AD54-CCD9-4BB0-9183-D7C8642D7A46}
		{617D3B59-540C-4115-A882-06177C752156} = {F729AD54-CCD9-4BB0-9183-D7C8642D7A46}
		{1BC08FF5-6B69-4EC3-B087-2D2E62852AAF} = {617D3B59-540C-4115-A882-06177C752156}
		{6DD20020-9655-4994-A97B-A5F7E2C8664A} = {617D3B59-540C-4115-A882-06177C752156}
		{E3ED17AC-AFAE-4400-A0A9-2BACA57D38F0} = {46B66CD3-B2AE-4AD3-8BF7-59380C9DD24C}
		{A4A256A5-AD8F-4D6F-8720-D9798D0AAA66} = {E3ED17AC-AFAE-4400-A0A9-2BACA57D38F0}
	EndGlobalSection
	GlobalSection(ExtensibilityGlobals) = postSolution
		SolutionGuid = {5AAFE72A-A2F4-4EE5-B3E2-B8E1E4652456}
	EndGlobalSection
	GlobalSection(Performance) = preSolution
		HasPerformanceSessions = true
	EndGlobalSection
	GlobalSection(Performance) = preSolution
		HasPerformanceSessions = true
	EndGlobalSection
	GlobalSection(Performance) = preSolution
		HasPerformanceSessions = true
	EndGlobalSection
	GlobalSection(Performance) = preSolution
		HasPerformanceSessions = true
	EndGlobalSection
	GlobalSection(Performance) = preSolution
		HasPerformanceSessions = true
	EndGlobalSection
	GlobalSection(Performance) = preSolution
		HasPerformanceSessions = true
	EndGlobalSection
	GlobalSection(Performance) = preSolution
		HasPerformanceSessions = true
	EndGlobalSection
	GlobalSection(Performance) = preSolution
		HasPerformanceSessions = true
	EndGlobalSection
	GlobalSection(Performance) = preSolution
		HasPerformanceSessions = true
	EndGlobalSection
	GlobalSection(Performance) = preSolution
		HasPerformanceSessions = true
	EndGlobalSection
EndGlobal
