
Microsoft Visual Studio Solution File, Format Version 12.00
# Visual Studio Version 17
VisualStudioVersion = 17.0.31423.177
MinimumVisualStudioVersion = 10.0.40219.1
Project("{9A19103F-16F7-4668-BE54-9A1E7A4F7556}") = "Unity.Container", "Container\src\Unity.Container.csproj", "{EE1F752C-1FAB-41AD-AD63-857D0E62AB6B}"
EndProject
Project("{9A19103F-16F7-4668-BE54-9A1E7A4F7556}") = "Unity.Specification.Optimized.Tests", "Container\tests\Unity.Specification\Unity.Specification.Optimized.Tests.csproj", "{EE6E1971-4752-4444-9211-70BDE3CC4014}"
EndProject
Project("{9A19103F-16F7-4668-BE54-9A1E7A4F7556}") = "Unity.Configuration", "Configuration\src\Unity.Configuration.csproj", "{742111EB-6966-4ACB-AB41-5A281070397A}"
EndProject
Project("{9A19103F-16F7-4668-BE54-9A1E7A4F7556}") = "Configuration.Tests", "Configuration\tests\Configuration.Tests.csproj", "{ED69D4F6-D7A0-4878-8CDC-F6EE01D8FE66}"
EndProject
Project("{9A19103F-16F7-4668-BE54-9A1E7A4F7556}") = "Unity.Interception", "Interception\src\Unity.Interception.csproj", "{E363BF15-C3F7-4C86-BEF2-BD9A245C4854}"
EndProject
Project("{9A19103F-16F7-4668-BE54-9A1E7A4F7556}") = "Unity.Interception.Tests", "Interception\tests\Unity.Interception.Tests.csproj", "{9C18ABA0-B2E2-4FC7-8C07-E52A77D9FE7C}"
EndProject
Project("{9A19103F-16F7-4668-BE54-9A1E7A4F7556}") = "Unity.Abstractions", "Abstractions\src\Unity.Abstractions.csproj", "{2A50E743-8817-41DB-BD23-6F9625665EF7}"
EndProject
Project("{9A19103F-16F7-4668-BE54-9A1E7A4F7556}") = "Unity.Interception.Configuration", "InterceptionConfiguration\src\Unity.Interception.Configuration.csproj", "{78DD3C52-56DC-49F8-AF34-9D6A9C3AA714}"
EndProject
Project("{9A19103F-16F7-4668-BE54-9A1E7A4F7556}") = "Interception.Configuration.Tests", "InterceptionConfiguration\tests\Interception.Configuration.Tests.csproj", "{B1468EB2-570A-4B90-A549-8B59E438A444}"
EndProject
Project("{9A19103F-16F7-4668-BE54-9A1E7A4F7556}") = "Unity.RegistrationByConvention", "RegistrationByConvention\src\Unity.RegistrationByConvention.csproj", "{A448026E-0A99-4BB0-9B0D-2CE12AAE1A01}"
EndProject
Project("{9A19103F-16F7-4668-BE54-9A1E7A4F7556}") = "RegistrationByConvention.Tests", "RegistrationByConvention\tests\RegistrationByConvention.Tests.csproj", "{31FA5DA7-CC83-4EAB-AB2F-BB66C88D2222}"
EndProject
Project("{9A19103F-16F7-4668-BE54-9A1E7A4F7556}") = "Performance", "Container\tests\Performance\Performance.csproj", "{F3CAD518-CE9F-4BE8-8AC0-D6B27E023FA1}"
EndProject
Project("{9A19103F-16F7-4668-BE54-9A1E7A4F7556}") = "Unity.Microsoft.DependencyInjection", "Microsoft.DependencyInjection\src\Unity.Microsoft.DependencyInjection.csproj", "{8FE475A4-6C19-4A5A-893C-D5C1A1508D8E}"
EndProject
Project("{9A19103F-16F7-4668-BE54-9A1E7A4F7556}") = "Unity.Microsoft.DependencyInjection.Tests", "Microsoft.DependencyInjection\tests\Unity.Microsoft.DependencyInjection.Tests.csproj", "{D6FC1017-5FBF-42F8-AEC3-3B209E906829}"
EndProject
Project("{9A19103F-16F7-4668-BE54-9A1E7A4F7556}") = "Unity.Specification.Optimized", "SpecificationTests\optimized\Unity.Specification.Optimized.csproj", "{DBEC49D6-88ED-4717-A827-23BADE3DC5E1}"
EndProject
Project("{9A19103F-16F7-4668-BE54-9A1E7A4F7556}") = "Unity.Specification.Diagnostic", "SpecificationTests\diagnostic\Unity.Specification.Diagnostic.csproj", "{510FC085-87EF-4EB8-85EB-6C1E0F629313}"
EndProject
Project("{2150E333-8FDC-42A3-9474-1A3956D46DE8}") = "Examples", "Examples", "{46B66CD3-B2AE-4AD3-8BF7-59380C9DD24C}"
EndProject
Project("{2150E333-8FDC-42A3-9474-1A3956D46DE8}") = "Extension", "Extension", "{807B6434-3128-4C95-B182-DDD603937088}"
EndProject
Project("{9A19103F-16F7-4668-BE54-9A1E7A4F7556}") = "BuildPlanExample", "Examples\src\Extending Unity\BuildPlan\BuildPlanExample.csproj", "{A66DF5B3-583E-4269-A110-7386356584AF}"
EndProject
Project("{9A19103F-16F7-4668-BE54-9A1E7A4F7556}") = "BuildPlanCreatorExample", "Examples\src\Extending Unity\BuildPlanCreator\BuildPlanCreatorExample.csproj", "{D147C09E-DFC7-46DE-8096-8FD4B87C7561}"
EndProject
Project("{9A19103F-16F7-4668-BE54-9A1E7A4F7556}") = "Unity.Microsoft.Logging", "Microsoft.Logging\src\Unity.Microsoft.Logging.csproj", "{5FD0E5D9-3D29-4946-BDB0-9AB61B9C4CF5}"
EndProject
Project("{9A19103F-16F7-4668-BE54-9A1E7A4F7556}") = "Unity.Microsoft.Logging.Tests", "Microsoft.Logging\tests\Unity.Microsoft.Logging.Tests.csproj", "{10CB5365-85EF-4CF2-954D-3513D59A6741}"
EndProject
Project("{2150E333-8FDC-42A3-9474-1A3956D46DE8}") = "Logging", "Logging", "{7F73D778-142F-4925-BA07-43EFA6D9C206}"
EndProject
Project("{9A19103F-16F7-4668-BE54-9A1E7A4F7556}") = "Log4net.Example", "Examples\src\Logging\Log4net\Log4net.Example.csproj", "{3C4075FA-4B71-4A31-878E-025E5207D688}"
EndProject
Project("{9A19103F-16F7-4668-BE54-9A1E7A4F7556}") = "Microsoft.Logging.Example", "Examples\src\Logging\Microsoft.Logging\Microsoft.Logging.Example.csproj", "{B6967D81-9124-46A0-BE54-4033F826864E}"
EndProject
Project("{9A19103F-16F7-4668-BE54-9A1E7A4F7556}") = "NLog.Example", "Examples\src\Logging\NLog\NLog.Example.csproj", "{B75D4182-8E8C-4DEB-940D-2DE1E4011DFD}"
EndProject
Project("{2150E333-8FDC-42A3-9474-1A3956D46DE8}") = "Web", "Web", "{6A5D82EC-E5E0-4CBC-ABBB-2AF80730B29A}"
EndProject
Project("{9A19103F-16F7-4668-BE54-9A1E7A4F7556}") = "Unity.ServiceLocation", "ServiceLocation\src\Unity.ServiceLocation.csproj", "{70AF28B8-F3E3-46A3-B5A4-64A13BF5E9BD}"
EndProject
Project("{9A19103F-16F7-4668-BE54-9A1E7A4F7556}") = "ServiceLocation.Tests", "ServiceLocation\tests\ServiceLocation.Tests.csproj", "{34C0D085-68F0-40E5-8419-8DD61AB4CEE2}"
EndProject
Project("{9A19103F-16F7-4668-BE54-9A1E7A4F7556}") = "Unity.log4net", "Log4net\src\Unity.log4net.csproj", "{64B4BF9D-DB0E-4BCA-8FD9-44AC53041203}"
EndProject
Project("{9A19103F-16F7-4668-BE54-9A1E7A4F7556}") = "Unity.NLog", "NLog\src\Unity.NLog.csproj", "{9689AEA1-D5F6-45DD-819F-4DEF68EF1BD7}"
EndProject
Project("{9A19103F-16F7-4668-BE54-9A1E7A4F7556}") = "NLog.Tests", "NLog\tests\NLog.Tests.csproj", "{BD0F648D-ECB8-4E69-87F6-95DC6E788D21}"
EndProject
Project("{9A19103F-16F7-4668-BE54-9A1E7A4F7556}") = "log4net.Tests", "Log4net\tests\log4net.Tests.csproj", "{B77AA526-C2DB-439C-A9F6-3FD9F4645556}"
EndProject
Project("{2150E333-8FDC-42A3-9474-1A3956D46DE8}") = "Logging", "Logging", "{CF83BFD5-8B40-4F31-8060-8AF86A3F6842}"
EndProject
Project("{2150E333-8FDC-42A3-9474-1A3956D46DE8}") = "Configuration", "Configuration", "{190E8FF3-EEA8-4669-868F-CCC72B9E1F83}"
EndProject
Project("{2150E333-8FDC-42A3-9474-1A3956D46DE8}") = "Interception", "Interception", "{E21FBE90-2681-4FDF-8C50-EFB55663230E}"
EndProject
Project("{9A19103F-16F7-4668-BE54-9A1E7A4F7556}") = "Unity.Specification.Diagnostic.Tests", "Container\tests\Unity.Diagnostic\Unity.Specification.Diagnostic.Tests.csproj", "{5F84ACD0-148C-4DE0-ADCA-073B5C66BAD1}"
EndProject
Project("{2150E333-8FDC-42A3-9474-1A3956D46DE8}") = "Tests", "Tests", "{E0CD2FB9-F879-4CE0-86B3-6A43ED6CA83D}"
EndProject
Project("{2150E333-8FDC-42A3-9474-1A3956D46DE8}") = "Tests", "Tests", "{BBE54EF0-EFAD-46D3-A622-4B2847338D7E}"
EndProject
Project("{2150E333-8FDC-42A3-9474-1A3956D46DE8}") = "Specification", "Specification", "{F8CC6AB5-0A31-4DD5-9926-72CCC64E34F7}"
EndProject
Project("{9A19103F-16F7-4668-BE54-9A1E7A4F7556}") = "ASP.Net.Core.Unity.Example", "Examples\src\web\ASP.Net.Unity.Example\ASP.Net.Core.Unity.Example.csproj", "{0455B723-EDC7-4110-9D16-C2FB494BBB49}"
EndProject
Project("{2150E333-8FDC-42A3-9474-1A3956D46DE8}") = "Microsoft", "Microsoft", "{F729AD54-CCD9-4BB0-9183-D7C8642D7A46}"
EndProject
Project("{2150E333-8FDC-42A3-9474-1A3956D46DE8}") = "Tests", "Tests", "{BF3AB5C4-79AF-4A82-8D53-B4DA476D363F}"
EndProject
Project("{2150E333-8FDC-42A3-9474-1A3956D46DE8}") = "Unity", "Unity", "{36CF625B-E753-47E8-867B-0AA5E2D18783}"
EndProject
Project("{9A19103F-16F7-4668-BE54-9A1E7A4F7556}") = "Unity.Abstractions.Tests", "Abstractions\tests\Unity.Abstractions.Tests.csproj", "{FF051D8E-0EB6-4147-8489-75F395FB86DF}"
EndProject
Project("{9A19103F-16F7-4668-BE54-9A1E7A4F7556}") = "Unity.Container.Specification.Tests", "Container\tests\Specification\Unity.Container.Specification.Tests.csproj", "{379B3F4B-97A2-4600-AFE1-8B82666D7328}"
EndProject
Project("{9A19103F-16F7-4668-BE54-9A1E7A4F7556}") = "Unity.Container.Tests", "Container\tests\Unit\Unity.Container.Tests.csproj", "{020D52B9-97EF-43E0-A842-E0D433C5A670}"
EndProject
Project("{9A19103F-16F7-4668-BE54-9A1E7A4F7556}") = "AspNetCore.MVC", "Examples\src\web\AspNetCore.Mvc\AspNetCore.MVC.csproj", "{4B318C34-A08E-498C-BD9F-8ECE4F0C0017}"
EndProject
Project("{9A19103F-16F7-4668-BE54-9A1E7A4F7556}") = "AspNetCore.Web", "Examples\src\web\AspNetCore.WebApp\AspNetCore.Web.csproj", "{53F1AFF4-6C2F-494A-B05E-3D326C4FB4C4}"
EndProject
Project("{9A19103F-16F7-4668-BE54-9A1E7A4F7556}") = "AspNetCore.WebApi", "Examples\src\web\AspNetCore.WebApi\AspNetCore.WebApi.csproj", "{CA9A5245-CD43-45E8-92CB-BE4B0820ED11}"
EndProject
Project("{2150E333-8FDC-42A3-9474-1A3956D46DE8}") = "Tests", "Tests", "{B3D2EB37-3BDB-4C14-813D-FC5178CC274D}"
EndProject
Global
	GlobalSection(SolutionConfigurationPlatforms) = preSolution
		Debug|Any CPU = Debug|Any CPU
		Release|Any CPU = Release|Any CPU
	EndGlobalSection
	GlobalSection(ProjectConfigurationPlatforms) = postSolution
		{EE1F752C-1FAB-41AD-AD63-857D0E62AB6B}.Debug|Any CPU.ActiveCfg = Debug|Any CPU
		{EE1F752C-1FAB-41AD-AD63-857D0E62AB6B}.Debug|Any CPU.Build.0 = Debug|Any CPU
		{EE1F752C-1FAB-41AD-AD63-857D0E62AB6B}.Release|Any CPU.ActiveCfg = Release|Any CPU
		{EE1F752C-1FAB-41AD-AD63-857D0E62AB6B}.Release|Any CPU.Build.0 = Release|Any CPU
		{EE6E1971-4752-4444-9211-70BDE3CC4014}.Debug|Any CPU.ActiveCfg = Debug|Any CPU
		{EE6E1971-4752-4444-9211-70BDE3CC4014}.Debug|Any CPU.Build.0 = Debug|Any CPU
		{EE6E1971-4752-4444-9211-70BDE3CC4014}.Release|Any CPU.ActiveCfg = Release|Any CPU
		{742111EB-6966-4ACB-AB41-5A281070397A}.Debug|Any CPU.ActiveCfg = Debug|Any CPU
		{742111EB-6966-4ACB-AB41-5A281070397A}.Debug|Any CPU.Build.0 = Debug|Any CPU
		{742111EB-6966-4ACB-AB41-5A281070397A}.Release|Any CPU.ActiveCfg = Release|Any CPU
		{ED69D4F6-D7A0-4878-8CDC-F6EE01D8FE66}.Debug|Any CPU.ActiveCfg = Debug|Any CPU
		{ED69D4F6-D7A0-4878-8CDC-F6EE01D8FE66}.Debug|Any CPU.Build.0 = Debug|Any CPU
		{ED69D4F6-D7A0-4878-8CDC-F6EE01D8FE66}.Release|Any CPU.ActiveCfg = Release|Any CPU
		{E363BF15-C3F7-4C86-BEF2-BD9A245C4854}.Debug|Any CPU.ActiveCfg = Debug|Any CPU
		{E363BF15-C3F7-4C86-BEF2-BD9A245C4854}.Debug|Any CPU.Build.0 = Debug|Any CPU
		{E363BF15-C3F7-4C86-BEF2-BD9A245C4854}.Release|Any CPU.ActiveCfg = Release|Any CPU
		{9C18ABA0-B2E2-4FC7-8C07-E52A77D9FE7C}.Debug|Any CPU.ActiveCfg = Debug|Any CPU
		{9C18ABA0-B2E2-4FC7-8C07-E52A77D9FE7C}.Debug|Any CPU.Build.0 = Debug|Any CPU
		{9C18ABA0-B2E2-4FC7-8C07-E52A77D9FE7C}.Release|Any CPU.ActiveCfg = Release|Any CPU
		{2A50E743-8817-41DB-BD23-6F9625665EF7}.Debug|Any CPU.ActiveCfg = Debug|Any CPU
		{2A50E743-8817-41DB-BD23-6F9625665EF7}.Debug|Any CPU.Build.0 = Debug|Any CPU
		{2A50E743-8817-41DB-BD23-6F9625665EF7}.Release|Any CPU.ActiveCfg = Release|Any CPU
		{2A50E743-8817-41DB-BD23-6F9625665EF7}.Release|Any CPU.Build.0 = Release|Any CPU
		{78DD3C52-56DC-49F8-AF34-9D6A9C3AA714}.Debug|Any CPU.ActiveCfg = Debug|Any CPU
		{78DD3C52-56DC-49F8-AF34-9D6A9C3AA714}.Debug|Any CPU.Build.0 = Debug|Any CPU
		{78DD3C52-56DC-49F8-AF34-9D6A9C3AA714}.Release|Any CPU.ActiveCfg = Release|Any CPU
		{B1468EB2-570A-4B90-A549-8B59E438A444}.Debug|Any CPU.ActiveCfg = Debug|Any CPU
		{B1468EB2-570A-4B90-A549-8B59E438A444}.Debug|Any CPU.Build.0 = Debug|Any CPU
		{B1468EB2-570A-4B90-A549-8B59E438A444}.Release|Any CPU.ActiveCfg = Release|Any CPU
		{A448026E-0A99-4BB0-9B0D-2CE12AAE1A01}.Debug|Any CPU.ActiveCfg = Debug|Any CPU
		{A448026E-0A99-4BB0-9B0D-2CE12AAE1A01}.Debug|Any CPU.Build.0 = Debug|Any CPU
		{A448026E-0A99-4BB0-9B0D-2CE12AAE1A01}.Release|Any CPU.ActiveCfg = Release|Any CPU
		{31FA5DA7-CC83-4EAB-AB2F-BB66C88D2222}.Debug|Any CPU.ActiveCfg = Debug|Any CPU
		{31FA5DA7-CC83-4EAB-AB2F-BB66C88D2222}.Debug|Any CPU.Build.0 = Debug|Any CPU
		{31FA5DA7-CC83-4EAB-AB2F-BB66C88D2222}.Release|Any CPU.ActiveCfg = Release|Any CPU
		{F3CAD518-CE9F-4BE8-8AC0-D6B27E023FA1}.Debug|Any CPU.ActiveCfg = Debug|Any CPU
		{F3CAD518-CE9F-4BE8-8AC0-D6B27E023FA1}.Release|Any CPU.ActiveCfg = Release|Any CPU
		{F3CAD518-CE9F-4BE8-8AC0-D6B27E023FA1}.Release|Any CPU.Build.0 = Release|Any CPU
		{8FE475A4-6C19-4A5A-893C-D5C1A1508D8E}.Debug|Any CPU.ActiveCfg = Debug|Any CPU
		{8FE475A4-6C19-4A5A-893C-D5C1A1508D8E}.Debug|Any CPU.Build.0 = Debug|Any CPU
		{8FE475A4-6C19-4A5A-893C-D5C1A1508D8E}.Release|Any CPU.ActiveCfg = Release|Any CPU
		{D6FC1017-5FBF-42F8-AEC3-3B209E906829}.Debug|Any CPU.ActiveCfg = Debug|Any CPU
		{D6FC1017-5FBF-42F8-AEC3-3B209E906829}.Debug|Any CPU.Build.0 = Debug|Any CPU
		{D6FC1017-5FBF-42F8-AEC3-3B209E906829}.Release|Any CPU.ActiveCfg = Release|Any CPU
		{DBEC49D6-88ED-4717-A827-23BADE3DC5E1}.Debug|Any CPU.ActiveCfg = Debug|Any CPU
		{DBEC49D6-88ED-4717-A827-23BADE3DC5E1}.Debug|Any CPU.Build.0 = Debug|Any CPU
		{DBEC49D6-88ED-4717-A827-23BADE3DC5E1}.Release|Any CPU.ActiveCfg = Release|Any CPU
		{510FC085-87EF-4EB8-85EB-6C1E0F629313}.Debug|Any CPU.ActiveCfg = Debug|Any CPU
		{510FC085-87EF-4EB8-85EB-6C1E0F629313}.Debug|Any CPU.Build.0 = Debug|Any CPU
		{510FC085-87EF-4EB8-85EB-6C1E0F629313}.Release|Any CPU.ActiveCfg = Release|Any CPU
		{A66DF5B3-583E-4269-A110-7386356584AF}.Debug|Any CPU.ActiveCfg = Debug|Any CPU
		{A66DF5B3-583E-4269-A110-7386356584AF}.Debug|Any CPU.Build.0 = Debug|Any CPU
		{A66DF5B3-583E-4269-A110-7386356584AF}.Release|Any CPU.ActiveCfg = Release|Any CPU
		{D147C09E-DFC7-46DE-8096-8FD4B87C7561}.Debug|Any CPU.ActiveCfg = Debug|Any CPU
		{D147C09E-DFC7-46DE-8096-8FD4B87C7561}.Debug|Any CPU.Build.0 = Debug|Any CPU
		{D147C09E-DFC7-46DE-8096-8FD4B87C7561}.Release|Any CPU.ActiveCfg = Release|Any CPU
		{5FD0E5D9-3D29-4946-BDB0-9AB61B9C4CF5}.Debug|Any CPU.ActiveCfg = Debug|Any CPU
		{5FD0E5D9-3D29-4946-BDB0-9AB61B9C4CF5}.Debug|Any CPU.Build.0 = Debug|Any CPU
		{5FD0E5D9-3D29-4946-BDB0-9AB61B9C4CF5}.Release|Any CPU.ActiveCfg = Release|Any CPU
		{10CB5365-85EF-4CF2-954D-3513D59A6741}.Debug|Any CPU.ActiveCfg = Debug|Any CPU
		{10CB5365-85EF-4CF2-954D-3513D59A6741}.Debug|Any CPU.Build.0 = Debug|Any CPU
		{10CB5365-85EF-4CF2-954D-3513D59A6741}.Release|Any CPU.ActiveCfg = Release|Any CPU
		{3C4075FA-4B71-4A31-878E-025E5207D688}.Debug|Any CPU.ActiveCfg = Debug|Any CPU
		{3C4075FA-4B71-4A31-878E-025E5207D688}.Debug|Any CPU.Build.0 = Debug|Any CPU
		{3C4075FA-4B71-4A31-878E-025E5207D688}.Release|Any CPU.ActiveCfg = Release|Any CPU
		{B6967D81-9124-46A0-BE54-4033F826864E}.Debug|Any CPU.ActiveCfg = Debug|Any CPU
		{B6967D81-9124-46A0-BE54-4033F826864E}.Debug|Any CPU.Build.0 = Debug|Any CPU
		{B6967D81-9124-46A0-BE54-4033F826864E}.Release|Any CPU.ActiveCfg = Release|Any CPU
		{B75D4182-8E8C-4DEB-940D-2DE1E4011DFD}.Debug|Any CPU.ActiveCfg = Debug|Any CPU
		{B75D4182-8E8C-4DEB-940D-2DE1E4011DFD}.Debug|Any CPU.Build.0 = Debug|Any CPU
		{B75D4182-8E8C-4DEB-940D-2DE1E4011DFD}.Release|Any CPU.ActiveCfg = Release|Any CPU
		{70AF28B8-F3E3-46A3-B5A4-64A13BF5E9BD}.Debug|Any CPU.ActiveCfg = Debug|Any CPU
		{70AF28B8-F3E3-46A3-B5A4-64A13BF5E9BD}.Debug|Any CPU.Build.0 = Debug|Any CPU
		{70AF28B8-F3E3-46A3-B5A4-64A13BF5E9BD}.Release|Any CPU.ActiveCfg = Release|Any CPU
		{34C0D085-68F0-40E5-8419-8DD61AB4CEE2}.Debug|Any CPU.ActiveCfg = Debug|Any CPU
		{34C0D085-68F0-40E5-8419-8DD61AB4CEE2}.Debug|Any CPU.Build.0 = Debug|Any CPU
		{34C0D085-68F0-40E5-8419-8DD61AB4CEE2}.Release|Any CPU.ActiveCfg = Release|Any CPU
		{64B4BF9D-DB0E-4BCA-8FD9-44AC53041203}.Debug|Any CPU.ActiveCfg = Debug|Any CPU
		{64B4BF9D-DB0E-4BCA-8FD9-44AC53041203}.Debug|Any CPU.Build.0 = Debug|Any CPU
		{64B4BF9D-DB0E-4BCA-8FD9-44AC53041203}.Release|Any CPU.ActiveCfg = Release|Any CPU
		{9689AEA1-D5F6-45DD-819F-4DEF68EF1BD7}.Debug|Any CPU.ActiveCfg = Debug|Any CPU
		{9689AEA1-D5F6-45DD-819F-4DEF68EF1BD7}.Debug|Any CPU.Build.0 = Debug|Any CPU
		{9689AEA1-D5F6-45DD-819F-4DEF68EF1BD7}.Release|Any CPU.ActiveCfg = Release|Any CPU
		{BD0F648D-ECB8-4E69-87F6-95DC6E788D21}.Debug|Any CPU.ActiveCfg = Debug|Any CPU
		{BD0F648D-ECB8-4E69-87F6-95DC6E788D21}.Debug|Any CPU.Build.0 = Debug|Any CPU
		{BD0F648D-ECB8-4E69-87F6-95DC6E788D21}.Release|Any CPU.ActiveCfg = Release|Any CPU
		{B77AA526-C2DB-439C-A9F6-3FD9F4645556}.Debug|Any CPU.ActiveCfg = Debug|Any CPU
		{B77AA526-C2DB-439C-A9F6-3FD9F4645556}.Debug|Any CPU.Build.0 = Debug|Any CPU
		{B77AA526-C2DB-439C-A9F6-3FD9F4645556}.Release|Any CPU.ActiveCfg = Release|Any CPU
		{5F84ACD0-148C-4DE0-ADCA-073B5C66BAD1}.Debug|Any CPU.ActiveCfg = Debug|Any CPU
		{5F84ACD0-148C-4DE0-ADCA-073B5C66BAD1}.Debug|Any CPU.Build.0 = Debug|Any CPU
		{5F84ACD0-148C-4DE0-ADCA-073B5C66BAD1}.Release|Any CPU.ActiveCfg = Release|Any CPU
		{0455B723-EDC7-4110-9D16-C2FB494BBB49}.Debug|Any CPU.ActiveCfg = Debug|Any CPU
		{0455B723-EDC7-4110-9D16-C2FB494BBB49}.Debug|Any CPU.Build.0 = Debug|Any CPU
		{0455B723-EDC7-4110-9D16-C2FB494BBB49}.Release|Any CPU.ActiveCfg = Release|Any CPU
		{FF051D8E-0EB6-4147-8489-75F395FB86DF}.Debug|Any CPU.ActiveCfg = Debug|Any CPU
		{FF051D8E-0EB6-4147-8489-75F395FB86DF}.Debug|Any CPU.Build.0 = Debug|Any CPU
		{FF051D8E-0EB6-4147-8489-75F395FB86DF}.Release|Any CPU.ActiveCfg = Release|Any CPU
		{FF051D8E-0EB6-4147-8489-75F395FB86DF}.Release|Any CPU.Build.0 = Release|Any CPU
		{379B3F4B-97A2-4600-AFE1-8B82666D7328}.Debug|Any CPU.ActiveCfg = Debug|Any CPU
		{379B3F4B-97A2-4600-AFE1-8B82666D7328}.Debug|Any CPU.Build.0 = Debug|Any CPU
		{379B3F4B-97A2-4600-AFE1-8B82666D7328}.Release|Any CPU.ActiveCfg = Release|Any CPU
		{379B3F4B-97A2-4600-AFE1-8B82666D7328}.Release|Any CPU.Build.0 = Release|Any CPU
		{020D52B9-97EF-43E0-A842-E0D433C5A670}.Debug|Any CPU.ActiveCfg = Debug|Any CPU
		{020D52B9-97EF-43E0-A842-E0D433C5A670}.Debug|Any CPU.Build.0 = Debug|Any CPU
		{020D52B9-97EF-43E0-A842-E0D433C5A670}.Release|Any CPU.ActiveCfg = Release|Any CPU
		{020D52B9-97EF-43E0-A842-E0D433C5A670}.Release|Any CPU.Build.0 = Release|Any CPU
		{4B318C34-A08E-498C-BD9F-8ECE4F0C0017}.Debug|Any CPU.ActiveCfg = Debug|Any CPU
		{4B318C34-A08E-498C-BD9F-8ECE4F0C0017}.Debug|Any CPU.Build.0 = Debug|Any CPU
		{4B318C34-A08E-498C-BD9F-8ECE4F0C0017}.Release|Any CPU.ActiveCfg = Release|Any CPU
		{4B318C34-A08E-498C-BD9F-8ECE4F0C0017}.Release|Any CPU.Build.0 = Release|Any CPU
		{53F1AFF4-6C2F-494A-B05E-3D326C4FB4C4}.Debug|Any CPU.ActiveCfg = Debug|Any CPU
		{53F1AFF4-6C2F-494A-B05E-3D326C4FB4C4}.Debug|Any CPU.Build.0 = Debug|Any CPU
		{53F1AFF4-6C2F-494A-B05E-3D326C4FB4C4}.Release|Any CPU.ActiveCfg = Release|Any CPU
		{53F1AFF4-6C2F-494A-B05E-3D326C4FB4C4}.Release|Any CPU.Build.0 = Release|Any CPU
		{CA9A5245-CD43-45E8-92CB-BE4B0820ED11}.Debug|Any CPU.ActiveCfg = Debug|Any CPU
		{CA9A5245-CD43-45E8-92CB-BE4B0820ED11}.Debug|Any CPU.Build.0 = Debug|Any CPU
		{CA9A5245-CD43-45E8-92CB-BE4B0820ED11}.Release|Any CPU.ActiveCfg = Release|Any CPU
		{CA9A5245-CD43-45E8-92CB-BE4B0820ED11}.Release|Any CPU.Build.0 = Release|Any CPU
	EndGlobalSection
	GlobalSection(SolutionProperties) = preSolution
		HideSolutionNode = FALSE
	EndGlobalSection
	GlobalSection(NestedProjects) = preSolution
		{EE6E1971-4752-4444-9211-70BDE3CC4014} = {BF3AB5C4-79AF-4A82-8D53-B4DA476D363F}
		{742111EB-6966-4ACB-AB41-5A281070397A} = {190E8FF3-EEA8-4669-868F-CCC72B9E1F83}
		{ED69D4F6-D7A0-4878-8CDC-F6EE01D8FE66} = {E0CD2FB9-F879-4CE0-86B3-6A43ED6CA83D}
		{E363BF15-C3F7-4C86-BEF2-BD9A245C4854} = {E21FBE90-2681-4FDF-8C50-EFB55663230E}
		{9C18ABA0-B2E2-4FC7-8C07-E52A77D9FE7C} = {E21FBE90-2681-4FDF-8C50-EFB55663230E}
		{78DD3C52-56DC-49F8-AF34-9D6A9C3AA714} = {190E8FF3-EEA8-4669-868F-CCC72B9E1F83}
		{B1468EB2-570A-4B90-A549-8B59E438A444} = {E0CD2FB9-F879-4CE0-86B3-6A43ED6CA83D}
		{A448026E-0A99-4BB0-9B0D-2CE12AAE1A01} = {190E8FF3-EEA8-4669-868F-CCC72B9E1F83}
		{31FA5DA7-CC83-4EAB-AB2F-BB66C88D2222} = {E0CD2FB9-F879-4CE0-86B3-6A43ED6CA83D}
		{F3CAD518-CE9F-4BE8-8AC0-D6B27E023FA1} = {36CF625B-E753-47E8-867B-0AA5E2D18783}
		{8FE475A4-6C19-4A5A-893C-D5C1A1508D8E} = {F729AD54-CCD9-4BB0-9183-D7C8642D7A46}
		{D6FC1017-5FBF-42F8-AEC3-3B209E906829} = {B3D2EB37-3BDB-4C14-813D-FC5178CC274D}
		{DBEC49D6-88ED-4717-A827-23BADE3DC5E1} = {F8CC6AB5-0A31-4DD5-9926-72CCC64E34F7}
		{510FC085-87EF-4EB8-85EB-6C1E0F629313} = {F8CC6AB5-0A31-4DD5-9926-72CCC64E34F7}
		{807B6434-3128-4C95-B182-DDD603937088} = {46B66CD3-B2AE-4AD3-8BF7-59380C9DD24C}
		{A66DF5B3-583E-4269-A110-7386356584AF} = {807B6434-3128-4C95-B182-DDD603937088}
		{D147C09E-DFC7-46DE-8096-8FD4B87C7561} = {807B6434-3128-4C95-B182-DDD603937088}
		{5FD0E5D9-3D29-4946-BDB0-9AB61B9C4CF5} = {CF83BFD5-8B40-4F31-8060-8AF86A3F6842}
		{10CB5365-85EF-4CF2-954D-3513D59A6741} = {BBE54EF0-EFAD-46D3-A622-4B2847338D7E}
		{7F73D778-142F-4925-BA07-43EFA6D9C206} = {46B66CD3-B2AE-4AD3-8BF7-59380C9DD24C}
		{3C4075FA-4B71-4A31-878E-025E5207D688} = {7F73D778-142F-4925-BA07-43EFA6D9C206}
		{B6967D81-9124-46A0-BE54-4033F826864E} = {7F73D778-142F-4925-BA07-43EFA6D9C206}
		{B75D4182-8E8C-4DEB-940D-2DE1E4011DFD} = {7F73D778-142F-4925-BA07-43EFA6D9C206}
		{6A5D82EC-E5E0-4CBC-ABBB-2AF80730B29A} = {46B66CD3-B2AE-4AD3-8BF7-59380C9DD24C}
		{70AF28B8-F3E3-46A3-B5A4-64A13BF5E9BD} = {F729AD54-CCD9-4BB0-9183-D7C8642D7A46}
		{34C0D085-68F0-40E5-8419-8DD61AB4CEE2} = {B3D2EB37-3BDB-4C14-813D-FC5178CC274D}
		{64B4BF9D-DB0E-4BCA-8FD9-44AC53041203} = {CF83BFD5-8B40-4F31-8060-8AF86A3F6842}
		{9689AEA1-D5F6-45DD-819F-4DEF68EF1BD7} = {CF83BFD5-8B40-4F31-8060-8AF86A3F6842}
		{BD0F648D-ECB8-4E69-87F6-95DC6E788D21} = {BBE54EF0-EFAD-46D3-A622-4B2847338D7E}
		{B77AA526-C2DB-439C-A9F6-3FD9F4645556} = {BBE54EF0-EFAD-46D3-A622-4B2847338D7E}
		{5F84ACD0-148C-4DE0-ADCA-073B5C66BAD1} = {BF3AB5C4-79AF-4A82-8D53-B4DA476D363F}
		{E0CD2FB9-F879-4CE0-86B3-6A43ED6CA83D} = {190E8FF3-EEA8-4669-868F-CCC72B9E1F83}
		{BBE54EF0-EFAD-46D3-A622-4B2847338D7E} = {CF83BFD5-8B40-4F31-8060-8AF86A3F6842}
		{0455B723-EDC7-4110-9D16-C2FB494BBB49} = {6A5D82EC-E5E0-4CBC-ABBB-2AF80730B29A}
		{BF3AB5C4-79AF-4A82-8D53-B4DA476D363F} = {F8CC6AB5-0A31-4DD5-9926-72CCC64E34F7}
		{FF051D8E-0EB6-4147-8489-75F395FB86DF} = {36CF625B-E753-47E8-867B-0AA5E2D18783}
		{379B3F4B-97A2-4600-AFE1-8B82666D7328} = {BF3AB5C4-79AF-4A82-8D53-B4DA476D363F}
		{020D52B9-97EF-43E0-A842-E0D433C5A670} = {36CF625B-E753-47E8-867B-0AA5E2D18783}
		{4B318C34-A08E-498C-BD9F-8ECE4F0C0017} = {6A5D82EC-E5E0-4CBC-ABBB-2AF80730B29A}
		{53F1AFF4-6C2F-494A-B05E-3D326C4FB4C4} = {6A5D82EC-E5E0-4CBC-ABBB-2AF80730B29A}
		{CA9A5245-CD43-45E8-92CB-BE4B0820ED11} = {6A5D82EC-E5E0-4CBC-ABBB-2AF80730B29A}
		{B3D2EB37-3BDB-4C14-813D-FC5178CC274D} = {F729AD54-CCD9-4BB0-9183-D7C8642D7A46}
	EndGlobalSection
	GlobalSection(ExtensibilityGlobals) = postSolution
		SolutionGuid = {5AAFE72A-A2F4-4EE5-B3E2-B8E1E4652456}
	EndGlobalSection
	GlobalSection(Performance) = preSolution
		HasPerformanceSessions = true
	EndGlobalSection
	GlobalSection(Performance) = preSolution
		HasPerformanceSessions = true
	EndGlobalSection
	GlobalSection(Performance) = preSolution
		HasPerformanceSessions = true
	EndGlobalSection
	GlobalSection(Performance) = preSolution
		HasPerformanceSessions = true
	EndGlobalSection
	GlobalSection(Performance) = preSolution
		HasPerformanceSessions = true
	EndGlobalSection
	GlobalSection(Performance) = preSolution
		HasPerformanceSessions = true
	EndGlobalSection
	GlobalSection(Performance) = preSolution
		HasPerformanceSessions = true
	EndGlobalSection
	GlobalSection(Performance) = preSolution
		HasPerformanceSessions = true
	EndGlobalSection
	GlobalSection(Performance) = preSolution
		HasPerformanceSessions = true
	EndGlobalSection
	GlobalSection(Performance) = preSolution
		HasPerformanceSessions = true
	EndGlobalSection
EndGlobal
