
Microsoft Visual Studio Solution File, Format Version 12.00
# Visual Studio Version 17
VisualStudioVersion = 17.0.31717.71
MinimumVisualStudioVersion = 10.0.40219.1
Project("{9A19103F-16F7-4668-BE54-9A1E7A4F7556}") = "Unity.Container", "Container\src\Unity.Container.csproj", "{432DC96F-46A2-42C9-BE26-738D72245362}"
EndProject
Project("{2150E333-8FDC-42A3-9474-1A3956D46DE8}") = "Unit Tests", "Unit Tests", "{72897D3B-6FE5-4A12-8FD2-0260DF13C868}"
EndProject
Project("{9A19103F-16F7-4668-BE54-9A1E7A4F7556}") = "Unity.Container.Tests", "Container\tests\Unit\Unity.Container.Tests.csproj", "{FF77EB2D-8540-48CB-A8C8-CB8AE6B17134}"
EndProject
Project("{9A19103F-16F7-4668-BE54-9A1E7A4F7556}") = "Unity.Professional", "Professional\src\Unity.Professional.csproj", "{7D10D48A-D80D-4E0F-8CD9-CA2C5AD3051D}"
EndProject
Project("{9A19103F-16F7-4668-BE54-9A1E7A4F7556}") = "Unity.Professional.Tests", "Professional\tests\Unity.Professional.Tests.csproj", "{28F1AF62-38DA-4C3E-8E7D-29CC1E0F7C6C}"
EndProject
Project("{2150E333-8FDC-42A3-9474-1A3956D46DE8}") = "Benchmarks", "Benchmarks", "{15FEBB8E-B446-49D2-9AE0-64A457D83A60}"
EndProject
Project("{9A19103F-16F7-4668-BE54-9A1E7A4F7556}") = "Benchmarks.Local", "Container\benchmarks\Benchmarks.Local.csproj", "{BD143E61-1CB8-4E47-964E-2CA8852A6405}"
EndProject
Project("{9A19103F-16F7-4668-BE54-9A1E7A4F7556}") = "Unity.Benchmarks.Pro", "Professional\benchmarks\Unity.Benchmarks.Pro.csproj", "{0A234850-4098-40EE-947B-3B6C05FA0D2B}"
EndProject
Project("{2150E333-8FDC-42A3-9474-1A3956D46DE8}") = "Regression", "Regression", "{9963CF6E-B2A5-4F40-953B-B0DC6B2AC138}"
EndProject
Project("{9A19103F-16F7-4668-BE54-9A1E7A4F7556}") = "Unity.Regression.Tests.Pro", "Professional\regression\Unity.Regression.Tests.Pro.csproj", "{84C8FD71-CD00-4766-B9A9-35322839481D}"
EndProject
Project("{2150E333-8FDC-42A3-9474-1A3956D46DE8}") = "Professional", "Professional", "{FC7E7D68-55AE-40F0-886C-4E615CDE2C62}"
EndProject
Project("{2150E333-8FDC-42A3-9474-1A3956D46DE8}") = "Specification", "Specification", "{5ED9F884-C2FF-4BFD-A769-8F97984F8D3B}"
EndProject
Project("{9A19103F-16F7-4668-BE54-9A1E7A4F7556}") = "Unity.Specification.Container", "SpecificationTests\Container\optimized\Unity.Specification.Container.csproj", "{6823E3AC-3E56-47D9-88B0-9B5CC414DE88}"
EndProject
Project("{9A19103F-16F7-4668-BE54-9A1E7A4F7556}") = "Container.Regression.Tests", "ContainerRegressionTests\Container\Container.Regression.Tests.csproj", "{D00F5EC1-08AD-4F94-AD93-3660B39D4D1E}"
EndProject
Project("{9A19103F-16F7-4668-BE54-9A1E7A4F7556}") = "Container.Regression.Diagnostic", "ContainerRegressionTests\Diagnostic\Container.Regression.Diagnostic.csproj", "{39A8AF12-F131-48B1-9130-FF7F52761197}"
EndProject
Project("{9A19103F-16F7-4668-BE54-9A1E7A4F7556}") = "Benchmarks", "container-benchmarks\Benchmarks\Benchmarks.csproj", "{549E249F-3E26-462D-9FFB-F39C2859FE5D}"
EndProject
Project("{9A19103F-16F7-4668-BE54-9A1E7A4F7556}") = "Benchmarks.Tests", "container-benchmarks\Tests\Benchmarks.Tests.csproj", "{2F438CB0-24B7-4FEB-A0AE-C14CB27E4916}"
EndProject
Project("{2150E333-8FDC-42A3-9474-1A3956D46DE8}") = "Interception", "Interception", "{0AB71714-AC4B-4D2F-99C9-24852B923F8F}"
EndProject
Project("{9A19103F-16F7-4668-BE54-9A1E7A4F7556}") = "Unity.Interception", "Interception\src\Unity.Interception.csproj", "{7BBECA13-EA28-42A5-B19E-82DE54A70F14}"
EndProject
Project("{9A19103F-16F7-4668-BE54-9A1E7A4F7556}") = "Unity.Interception.Tests", "Interception\tests\Unity.Interception.Tests.csproj", "{A3D777D3-3EF7-4CF2-A708-E1C6E3B47D5B}"
EndProject
Project("{9A19103F-16F7-4668-BE54-9A1E7A4F7556}") = "Container.Regression.Activated", "ContainerRegressionTests\Container\Container.Regression.Activated.csproj", "{E6D5E78B-2F13-44EE-B2A3-66916D68FEB2}"
EndProject
Project("{9A19103F-16F7-4668-BE54-9A1E7A4F7556}") = "Container.Regression.Resolved", "ContainerRegressionTests\Container\Container.Regression.Resolved.csproj", "{00046AA6-F5BD-459E-8C94-9C04E2975BD9}"
EndProject
Project("{9A19103F-16F7-4668-BE54-9A1E7A4F7556}") = "Container.Regression.Compiled", "ContainerRegressionTests\Container\Container.Regression.Compiled.csproj", "{118C17D7-E859-4BE2-A7DA-1F00107A71A4}"
EndProject
Project("{9A19103F-16F7-4668-BE54-9A1E7A4F7556}") = "Interception.Regression.Tests", "ContainerRegressionTests\Interception\Interception.Regression.Tests.csproj", "{4419BCE6-EF45-463B-9BBA-FF0932058E4A}"
EndProject
Project("{9A19103F-16F7-4668-BE54-9A1E7A4F7556}") = "Tests.Regression", "Container\tests\Regression\Tests.Regression.csproj", "{A81EBEF0-1607-4508-90E9-D4F682311026}"
EndProject
Global
	GlobalSection(SolutionConfigurationPlatforms) = preSolution
		Debug|Any CPU = Debug|Any CPU
		Release|Any CPU = Release|Any CPU
		v4|Any CPU = v4|Any CPU
		v5|Any CPU = v5|Any CPU
	EndGlobalSection
	GlobalSection(ProjectConfigurationPlatforms) = postSolution
		{432DC96F-46A2-42C9-BE26-738D72245362}.Debug|Any CPU.ActiveCfg = Debug|Any CPU
		{432DC96F-46A2-42C9-BE26-738D72245362}.Debug|Any CPU.Build.0 = Debug|Any CPU
		{432DC96F-46A2-42C9-BE26-738D72245362}.Release|Any CPU.ActiveCfg = Release|Any CPU
		{432DC96F-46A2-42C9-BE26-738D72245362}.Release|Any CPU.Build.0 = Release|Any CPU
		{432DC96F-46A2-42C9-BE26-738D72245362}.v4|Any CPU.ActiveCfg = Release|Any CPU
		{432DC96F-46A2-42C9-BE26-738D72245362}.v4|Any CPU.Build.0 = Release|Any CPU
		{432DC96F-46A2-42C9-BE26-738D72245362}.v5|Any CPU.ActiveCfg = Release|Any CPU
		{432DC96F-46A2-42C9-BE26-738D72245362}.v5|Any CPU.Build.0 = Release|Any CPU
		{FF77EB2D-8540-48CB-A8C8-CB8AE6B17134}.Debug|Any CPU.ActiveCfg = Debug|Any CPU
		{FF77EB2D-8540-48CB-A8C8-CB8AE6B17134}.Debug|Any CPU.Build.0 = Debug|Any CPU
		{FF77EB2D-8540-48CB-A8C8-CB8AE6B17134}.Release|Any CPU.ActiveCfg = Release|Any CPU
		{FF77EB2D-8540-48CB-A8C8-CB8AE6B17134}.Release|Any CPU.Build.0 = Release|Any CPU
		{FF77EB2D-8540-48CB-A8C8-CB8AE6B17134}.v4|Any CPU.ActiveCfg = Release|Any CPU
		{FF77EB2D-8540-48CB-A8C8-CB8AE6B17134}.v4|Any CPU.Build.0 = Release|Any CPU
		{FF77EB2D-8540-48CB-A8C8-CB8AE6B17134}.v5|Any CPU.ActiveCfg = Release|Any CPU
		{FF77EB2D-8540-48CB-A8C8-CB8AE6B17134}.v5|Any CPU.Build.0 = Release|Any CPU
		{7D10D48A-D80D-4E0F-8CD9-CA2C5AD3051D}.Debug|Any CPU.ActiveCfg = Debug|Any CPU
		{7D10D48A-D80D-4E0F-8CD9-CA2C5AD3051D}.Debug|Any CPU.Build.0 = Debug|Any CPU
		{7D10D48A-D80D-4E0F-8CD9-CA2C5AD3051D}.Release|Any CPU.ActiveCfg = Release|Any CPU
		{7D10D48A-D80D-4E0F-8CD9-CA2C5AD3051D}.Release|Any CPU.Build.0 = Release|Any CPU
		{7D10D48A-D80D-4E0F-8CD9-CA2C5AD3051D}.v4|Any CPU.ActiveCfg = Release|Any CPU
		{7D10D48A-D80D-4E0F-8CD9-CA2C5AD3051D}.v4|Any CPU.Build.0 = Release|Any CPU
		{7D10D48A-D80D-4E0F-8CD9-CA2C5AD3051D}.v5|Any CPU.ActiveCfg = Release|Any CPU
		{7D10D48A-D80D-4E0F-8CD9-CA2C5AD3051D}.v5|Any CPU.Build.0 = Release|Any CPU
		{28F1AF62-38DA-4C3E-8E7D-29CC1E0F7C6C}.Debug|Any CPU.ActiveCfg = Debug|Any CPU
		{28F1AF62-38DA-4C3E-8E7D-29CC1E0F7C6C}.Debug|Any CPU.Build.0 = Debug|Any CPU
		{28F1AF62-38DA-4C3E-8E7D-29CC1E0F7C6C}.Release|Any CPU.ActiveCfg = Release|Any CPU
		{28F1AF62-38DA-4C3E-8E7D-29CC1E0F7C6C}.Release|Any CPU.Build.0 = Release|Any CPU
		{28F1AF62-38DA-4C3E-8E7D-29CC1E0F7C6C}.v4|Any CPU.ActiveCfg = Release|Any CPU
		{28F1AF62-38DA-4C3E-8E7D-29CC1E0F7C6C}.v4|Any CPU.Build.0 = Release|Any CPU
		{28F1AF62-38DA-4C3E-8E7D-29CC1E0F7C6C}.v5|Any CPU.ActiveCfg = Release|Any CPU
		{28F1AF62-38DA-4C3E-8E7D-29CC1E0F7C6C}.v5|Any CPU.Build.0 = Release|Any CPU
		{BD143E61-1CB8-4E47-964E-2CA8852A6405}.Debug|Any CPU.ActiveCfg = Release|Any CPU
		{BD143E61-1CB8-4E47-964E-2CA8852A6405}.Debug|Any CPU.Build.0 = Release|Any CPU
		{BD143E61-1CB8-4E47-964E-2CA8852A6405}.Release|Any CPU.ActiveCfg = Release|Any CPU
		{BD143E61-1CB8-4E47-964E-2CA8852A6405}.Release|Any CPU.Build.0 = Release|Any CPU
		{BD143E61-1CB8-4E47-964E-2CA8852A6405}.v4|Any CPU.ActiveCfg = Debug|Any CPU
		{BD143E61-1CB8-4E47-964E-2CA8852A6405}.v4|Any CPU.Build.0 = Debug|Any CPU
		{BD143E61-1CB8-4E47-964E-2CA8852A6405}.v5|Any CPU.ActiveCfg = Debug|Any CPU
		{BD143E61-1CB8-4E47-964E-2CA8852A6405}.v5|Any CPU.Build.0 = Debug|Any CPU
		{0A234850-4098-40EE-947B-3B6C05FA0D2B}.Debug|Any CPU.ActiveCfg = Release|Any CPU
		{0A234850-4098-40EE-947B-3B6C05FA0D2B}.Debug|Any CPU.Build.0 = Release|Any CPU
		{0A234850-4098-40EE-947B-3B6C05FA0D2B}.Release|Any CPU.ActiveCfg = Release|Any CPU
		{0A234850-4098-40EE-947B-3B6C05FA0D2B}.Release|Any CPU.Build.0 = Release|Any CPU
		{0A234850-4098-40EE-947B-3B6C05FA0D2B}.v4|Any CPU.ActiveCfg = Debug|Any CPU
		{0A234850-4098-40EE-947B-3B6C05FA0D2B}.v4|Any CPU.Build.0 = Debug|Any CPU
		{0A234850-4098-40EE-947B-3B6C05FA0D2B}.v5|Any CPU.ActiveCfg = Debug|Any CPU
		{0A234850-4098-40EE-947B-3B6C05FA0D2B}.v5|Any CPU.Build.0 = Debug|Any CPU
		{84C8FD71-CD00-4766-B9A9-35322839481D}.Debug|Any CPU.ActiveCfg = Debug|Any CPU
		{84C8FD71-CD00-4766-B9A9-35322839481D}.Debug|Any CPU.Build.0 = Debug|Any CPU
		{84C8FD71-CD00-4766-B9A9-35322839481D}.Release|Any CPU.ActiveCfg = Release|Any CPU
		{84C8FD71-CD00-4766-B9A9-35322839481D}.Release|Any CPU.Build.0 = Release|Any CPU
		{84C8FD71-CD00-4766-B9A9-35322839481D}.v4|Any CPU.ActiveCfg = Release|Any CPU
		{84C8FD71-CD00-4766-B9A9-35322839481D}.v4|Any CPU.Build.0 = Release|Any CPU
		{84C8FD71-CD00-4766-B9A9-35322839481D}.v5|Any CPU.ActiveCfg = Release|Any CPU
		{84C8FD71-CD00-4766-B9A9-35322839481D}.v5|Any CPU.Build.0 = Release|Any CPU
		{6823E3AC-3E56-47D9-88B0-9B5CC414DE88}.Debug|Any CPU.ActiveCfg = Debug|Any CPU
		{6823E3AC-3E56-47D9-88B0-9B5CC414DE88}.Debug|Any CPU.Build.0 = Debug|Any CPU
		{6823E3AC-3E56-47D9-88B0-9B5CC414DE88}.Release|Any CPU.ActiveCfg = Release|Any CPU
		{6823E3AC-3E56-47D9-88B0-9B5CC414DE88}.Release|Any CPU.Build.0 = Release|Any CPU
		{6823E3AC-3E56-47D9-88B0-9B5CC414DE88}.v4|Any CPU.ActiveCfg = Debug|Any CPU
		{6823E3AC-3E56-47D9-88B0-9B5CC414DE88}.v4|Any CPU.Build.0 = Debug|Any CPU
		{6823E3AC-3E56-47D9-88B0-9B5CC414DE88}.v5|Any CPU.ActiveCfg = Debug|Any CPU
		{6823E3AC-3E56-47D9-88B0-9B5CC414DE88}.v5|Any CPU.Build.0 = Debug|Any CPU
		{D00F5EC1-08AD-4F94-AD93-3660B39D4D1E}.Debug|Any CPU.ActiveCfg = Debug|Any CPU
		{D00F5EC1-08AD-4F94-AD93-3660B39D4D1E}.Debug|Any CPU.Build.0 = Debug|Any CPU
		{D00F5EC1-08AD-4F94-AD93-3660B39D4D1E}.Release|Any CPU.ActiveCfg = Release|Any CPU
		{D00F5EC1-08AD-4F94-AD93-3660B39D4D1E}.Release|Any CPU.Build.0 = Release|Any CPU
		{D00F5EC1-08AD-4F94-AD93-3660B39D4D1E}.v4|Any CPU.ActiveCfg = v4|Any CPU
		{D00F5EC1-08AD-4F94-AD93-3660B39D4D1E}.v4|Any CPU.Build.0 = v4|Any CPU
		{D00F5EC1-08AD-4F94-AD93-3660B39D4D1E}.v5|Any CPU.ActiveCfg = v5|Any CPU
		{D00F5EC1-08AD-4F94-AD93-3660B39D4D1E}.v5|Any CPU.Build.0 = v5|Any CPU
		{39A8AF12-F131-48B1-9130-FF7F52761197}.Debug|Any CPU.ActiveCfg = Debug|Any CPU
		{39A8AF12-F131-48B1-9130-FF7F52761197}.Debug|Any CPU.Build.0 = Debug|Any CPU
		{39A8AF12-F131-48B1-9130-FF7F52761197}.Release|Any CPU.ActiveCfg = Release|Any CPU
		{39A8AF12-F131-48B1-9130-FF7F52761197}.Release|Any CPU.Build.0 = Release|Any CPU
		{39A8AF12-F131-48B1-9130-FF7F52761197}.v4|Any CPU.ActiveCfg = v4|Any CPU
		{39A8AF12-F131-48B1-9130-FF7F52761197}.v4|Any CPU.Build.0 = v4|Any CPU
		{39A8AF12-F131-48B1-9130-FF7F52761197}.v5|Any CPU.ActiveCfg = v5|Any CPU
		{39A8AF12-F131-48B1-9130-FF7F52761197}.v5|Any CPU.Build.0 = v5|Any CPU
		{549E249F-3E26-462D-9FFB-F39C2859FE5D}.Debug|Any CPU.ActiveCfg = Debug|Any CPU
		{549E249F-3E26-462D-9FFB-F39C2859FE5D}.Debug|Any CPU.Build.0 = Debug|Any CPU
		{549E249F-3E26-462D-9FFB-F39C2859FE5D}.Release|Any CPU.ActiveCfg = Release|Any CPU
		{549E249F-3E26-462D-9FFB-F39C2859FE5D}.Release|Any CPU.Build.0 = Release|Any CPU
		{549E249F-3E26-462D-9FFB-F39C2859FE5D}.v4|Any CPU.ActiveCfg = Debug|Any CPU
		{549E249F-3E26-462D-9FFB-F39C2859FE5D}.v4|Any CPU.Build.0 = Debug|Any CPU
		{549E249F-3E26-462D-9FFB-F39C2859FE5D}.v5|Any CPU.ActiveCfg = Debug|Any CPU
		{549E249F-3E26-462D-9FFB-F39C2859FE5D}.v5|Any CPU.Build.0 = Debug|Any CPU
		{2F438CB0-24B7-4FEB-A0AE-C14CB27E4916}.Debug|Any CPU.ActiveCfg = Debug|Any CPU
		{2F438CB0-24B7-4FEB-A0AE-C14CB27E4916}.Debug|Any CPU.Build.0 = Debug|Any CPU
		{2F438CB0-24B7-4FEB-A0AE-C14CB27E4916}.Release|Any CPU.ActiveCfg = Release|Any CPU
		{2F438CB0-24B7-4FEB-A0AE-C14CB27E4916}.Release|Any CPU.Build.0 = Release|Any CPU
		{2F438CB0-24B7-4FEB-A0AE-C14CB27E4916}.v4|Any CPU.ActiveCfg = Debug|Any CPU
		{2F438CB0-24B7-4FEB-A0AE-C14CB27E4916}.v4|Any CPU.Build.0 = Debug|Any CPU
		{2F438CB0-24B7-4FEB-A0AE-C14CB27E4916}.v5|Any CPU.ActiveCfg = Debug|Any CPU
		{2F438CB0-24B7-4FEB-A0AE-C14CB27E4916}.v5|Any CPU.Build.0 = Debug|Any CPU
		{7BBECA13-EA28-42A5-B19E-82DE54A70F14}.Debug|Any CPU.ActiveCfg = Debug|Any CPU
		{7BBECA13-EA28-42A5-B19E-82DE54A70F14}.Debug|Any CPU.Build.0 = Debug|Any CPU
		{7BBECA13-EA28-42A5-B19E-82DE54A70F14}.Release|Any CPU.ActiveCfg = Release|Any CPU
		{7BBECA13-EA28-42A5-B19E-82DE54A70F14}.Release|Any CPU.Build.0 = Release|Any CPU
		{7BBECA13-EA28-42A5-B19E-82DE54A70F14}.v4|Any CPU.ActiveCfg = Debug|Any CPU
		{7BBECA13-EA28-42A5-B19E-82DE54A70F14}.v4|Any CPU.Build.0 = Debug|Any CPU
		{7BBECA13-EA28-42A5-B19E-82DE54A70F14}.v5|Any CPU.ActiveCfg = Debug|Any CPU
		{7BBECA13-EA28-42A5-B19E-82DE54A70F14}.v5|Any CPU.Build.0 = Debug|Any CPU
		{A3D777D3-3EF7-4CF2-A708-E1C6E3B47D5B}.Debug|Any CPU.ActiveCfg = Debug|Any CPU
		{A3D777D3-3EF7-4CF2-A708-E1C6E3B47D5B}.Debug|Any CPU.Build.0 = Debug|Any CPU
		{A3D777D3-3EF7-4CF2-A708-E1C6E3B47D5B}.Release|Any CPU.ActiveCfg = Release|Any CPU
		{A3D777D3-3EF7-4CF2-A708-E1C6E3B47D5B}.Release|Any CPU.Build.0 = Release|Any CPU
		{A3D777D3-3EF7-4CF2-A708-E1C6E3B47D5B}.v4|Any CPU.ActiveCfg = Debug|Any CPU
		{A3D777D3-3EF7-4CF2-A708-E1C6E3B47D5B}.v4|Any CPU.Build.0 = Debug|Any CPU
		{A3D777D3-3EF7-4CF2-A708-E1C6E3B47D5B}.v5|Any CPU.ActiveCfg = Debug|Any CPU
		{A3D777D3-3EF7-4CF2-A708-E1C6E3B47D5B}.v5|Any CPU.Build.0 = Debug|Any CPU
		{E6D5E78B-2F13-44EE-B2A3-66916D68FEB2}.Debug|Any CPU.ActiveCfg = Debug|Any CPU
		{E6D5E78B-2F13-44EE-B2A3-66916D68FEB2}.Debug|Any CPU.Build.0 = Debug|Any CPU
		{E6D5E78B-2F13-44EE-B2A3-66916D68FEB2}.Release|Any CPU.ActiveCfg = Release|Any CPU
		{E6D5E78B-2F13-44EE-B2A3-66916D68FEB2}.Release|Any CPU.Build.0 = Release|Any CPU
		{E6D5E78B-2F13-44EE-B2A3-66916D68FEB2}.v4|Any CPU.ActiveCfg = v4|Any CPU
		{E6D5E78B-2F13-44EE-B2A3-66916D68FEB2}.v4|Any CPU.Build.0 = v4|Any CPU
		{E6D5E78B-2F13-44EE-B2A3-66916D68FEB2}.v5|Any CPU.ActiveCfg = v5|Any CPU
		{E6D5E78B-2F13-44EE-B2A3-66916D68FEB2}.v5|Any CPU.Build.0 = v5|Any CPU
		{00046AA6-F5BD-459E-8C94-9C04E2975BD9}.Debug|Any CPU.ActiveCfg = Debug|Any CPU
		{00046AA6-F5BD-459E-8C94-9C04E2975BD9}.Debug|Any CPU.Build.0 = Debug|Any CPU
		{00046AA6-F5BD-459E-8C94-9C04E2975BD9}.Release|Any CPU.ActiveCfg = Release|Any CPU
		{00046AA6-F5BD-459E-8C94-9C04E2975BD9}.Release|Any CPU.Build.0 = Release|Any CPU
		{00046AA6-F5BD-459E-8C94-9C04E2975BD9}.v4|Any CPU.ActiveCfg = v4|Any CPU
		{00046AA6-F5BD-459E-8C94-9C04E2975BD9}.v4|Any CPU.Build.0 = v4|Any CPU
		{00046AA6-F5BD-459E-8C94-9C04E2975BD9}.v5|Any CPU.ActiveCfg = v5|Any CPU
		{00046AA6-F5BD-459E-8C94-9C04E2975BD9}.v5|Any CPU.Build.0 = v5|Any CPU
		{118C17D7-E859-4BE2-A7DA-1F00107A71A4}.Debug|Any CPU.ActiveCfg = Debug|Any CPU
		{118C17D7-E859-4BE2-A7DA-1F00107A71A4}.Debug|Any CPU.Build.0 = Debug|Any CPU
		{118C17D7-E859-4BE2-A7DA-1F00107A71A4}.Release|Any CPU.ActiveCfg = Release|Any CPU
		{118C17D7-E859-4BE2-A7DA-1F00107A71A4}.Release|Any CPU.Build.0 = Release|Any CPU
		{118C17D7-E859-4BE2-A7DA-1F00107A71A4}.v4|Any CPU.ActiveCfg = v4|Any CPU
		{118C17D7-E859-4BE2-A7DA-1F00107A71A4}.v4|Any CPU.Build.0 = v4|Any CPU
		{118C17D7-E859-4BE2-A7DA-1F00107A71A4}.v5|Any CPU.ActiveCfg = v5|Any CPU
		{118C17D7-E859-4BE2-A7DA-1F00107A71A4}.v5|Any CPU.Build.0 = v5|Any CPU
		{4419BCE6-EF45-463B-9BBA-FF0932058E4A}.Debug|Any CPU.ActiveCfg = Debug|Any CPU
		{4419BCE6-EF45-463B-9BBA-FF0932058E4A}.Debug|Any CPU.Build.0 = Debug|Any CPU
		{4419BCE6-EF45-463B-9BBA-FF0932058E4A}.Release|Any CPU.ActiveCfg = Release|Any CPU
		{4419BCE6-EF45-463B-9BBA-FF0932058E4A}.Release|Any CPU.Build.0 = Release|Any CPU
		{4419BCE6-EF45-463B-9BBA-FF0932058E4A}.v4|Any CPU.ActiveCfg = v4|Any CPU
		{4419BCE6-EF45-463B-9BBA-FF0932058E4A}.v4|Any CPU.Build.0 = v4|Any CPU
		{4419BCE6-EF45-463B-9BBA-FF0932058E4A}.v5|Any CPU.ActiveCfg = v5|Any CPU
		{4419BCE6-EF45-463B-9BBA-FF0932058E4A}.v5|Any CPU.Build.0 = v5|Any CPU
		{A81EBEF0-1607-4508-90E9-D4F682311026}.Debug|Any CPU.ActiveCfg = Debug|Any CPU
		{A81EBEF0-1607-4508-90E9-D4F682311026}.Debug|Any CPU.Build.0 = Debug|Any CPU
		{A81EBEF0-1607-4508-90E9-D4F682311026}.Release|Any CPU.ActiveCfg = Release|Any CPU
		{A81EBEF0-1607-4508-90E9-D4F682311026}.Release|Any CPU.Build.0 = Release|Any CPU
		{A81EBEF0-1607-4508-90E9-D4F682311026}.v4|Any CPU.ActiveCfg = Debug|Any CPU
		{A81EBEF0-1607-4508-90E9-D4F682311026}.v4|Any CPU.Build.0 = Debug|Any CPU
		{A81EBEF0-1607-4508-90E9-D4F682311026}.v5|Any CPU.ActiveCfg = Debug|Any CPU
		{A81EBEF0-1607-4508-90E9-D4F682311026}.v5|Any CPU.Build.0 = Debug|Any CPU
	EndGlobalSection
	GlobalSection(SolutionProperties) = preSolution
		HideSolutionNode = FALSE
	EndGlobalSection
	GlobalSection(NestedProjects) = preSolution
		{FF77EB2D-8540-48CB-A8C8-CB8AE6B17134} = {72897D3B-6FE5-4A12-8FD2-0260DF13C868}
		{7D10D48A-D80D-4E0F-8CD9-CA2C5AD3051D} = {FC7E7D68-55AE-40F0-886C-4E615CDE2C62}
		{28F1AF62-38DA-4C3E-8E7D-29CC1E0F7C6C} = {FC7E7D68-55AE-40F0-886C-4E615CDE2C62}
		{BD143E61-1CB8-4E47-964E-2CA8852A6405} = {15FEBB8E-B446-49D2-9AE0-64A457D83A60}
		{0A234850-4098-40EE-947B-3B6C05FA0D2B} = {15FEBB8E-B446-49D2-9AE0-64A457D83A60}
		{84C8FD71-CD00-4766-B9A9-35322839481D} = {9963CF6E-B2A5-4F40-953B-B0DC6B2AC138}
		{6823E3AC-3E56-47D9-88B0-9B5CC414DE88} = {5ED9F884-C2FF-4BFD-A769-8F97984F8D3B}
		{D00F5EC1-08AD-4F94-AD93-3660B39D4D1E} = {9963CF6E-B2A5-4F40-953B-B0DC6B2AC138}
		{39A8AF12-F131-48B1-9130-FF7F52761197} = {9963CF6E-B2A5-4F40-953B-B0DC6B2AC138}
		{549E249F-3E26-462D-9FFB-F39C2859FE5D} = {15FEBB8E-B446-49D2-9AE0-64A457D83A60}
		{2F438CB0-24B7-4FEB-A0AE-C14CB27E4916} = {15FEBB8E-B446-49D2-9AE0-64A457D83A60}
		{7BBECA13-EA28-42A5-B19E-82DE54A70F14} = {0AB71714-AC4B-4D2F-99C9-24852B923F8F}
		{A3D777D3-3EF7-4CF2-A708-E1C6E3B47D5B} = {0AB71714-AC4B-4D2F-99C9-24852B923F8F}
		{E6D5E78B-2F13-44EE-B2A3-66916D68FEB2} = {9963CF6E-B2A5-4F40-953B-B0DC6B2AC138}
		{00046AA6-F5BD-459E-8C94-9C04E2975BD9} = {9963CF6E-B2A5-4F40-953B-B0DC6B2AC138}
		{118C17D7-E859-4BE2-A7DA-1F00107A71A4} = {9963CF6E-B2A5-4F40-953B-B0DC6B2AC138}
		{4419BCE6-EF45-463B-9BBA-FF0932058E4A} = {9963CF6E-B2A5-4F40-953B-B0DC6B2AC138}
		{A81EBEF0-1607-4508-90E9-D4F682311026} = {9963CF6E-B2A5-4F40-953B-B0DC6B2AC138}
	EndGlobalSection
	GlobalSection(ExtensibilityGlobals) = postSolution
		SolutionGuid = {B4E2F517-EADC-4195-95D3-6ACF53BDEE86}
	EndGlobalSection
EndGlobal
