
Microsoft Visual Studio Solution File, Format Version 12.00
# Visual Studio Version 17
VisualStudioVersion = 17.0.31717.71
MinimumVisualStudioVersion = 10.0.40219.1
Project("{9A19103F-16F7-4668-BE54-9A1E7A4F7556}") = "Unity.Container", "Container\src\Unity.Container.csproj", "{432DC96F-46A2-42C9-BE26-738D72245362}"
EndProject
Project("{2150E333-8FDC-42A3-9474-1A3956D46DE8}") = "Unit Tests", "Unit Tests", "{72897D3B-6FE5-4A12-8FD2-0260DF13C868}"
EndProject
Project("{9A19103F-16F7-4668-BE54-9A1E7A4F7556}") = "Unity.Container.Tests", "Container\tests\Unit\Unity.Container.Tests.csproj", "{FF77EB2D-8540-48CB-A8C8-CB8AE6B17134}"
EndProject
Project("{2150E333-8FDC-42A3-9474-1A3956D46DE8}") = "Benchmarks", "Benchmarks", "{15FEBB8E-B446-49D2-9AE0-64A457D83A60}"
EndProject
Project("{9A19103F-16F7-4668-BE54-9A1E7A4F7556}") = "Benchmarks.Local", "Container\benchmarks\Benchmarks.Local.csproj", "{BD143E61-1CB8-4E47-964E-2CA8852A6405}"
EndProject
Project("{2150E333-8FDC-42A3-9474-1A3956D46DE8}") = "Regression", "Regression", "{9963CF6E-B2A5-4F40-953B-B0DC6B2AC138}"
EndProject
Project("{2150E333-8FDC-42A3-9474-1A3956D46DE8}") = "Specification", "Specification", "{5ED9F884-C2FF-4BFD-A769-8F97984F8D3B}"
EndProject
Project("{9A19103F-16F7-4668-BE54-9A1E7A4F7556}") = "Benchmarks", "container-benchmarks\Benchmarks\Benchmarks.csproj", "{549E249F-3E26-462D-9FFB-F39C2859FE5D}"
EndProject
Project("{9A19103F-16F7-4668-BE54-9A1E7A4F7556}") = "Benchmarks.Tests", "container-benchmarks\Tests\Benchmarks.Tests.csproj", "{2F438CB0-24B7-4FEB-A0AE-C14CB27E4916}"
EndProject
Project("{9A19103F-16F7-4668-BE54-9A1E7A4F7556}") = "Container.Version.8.0.x", "ContainerRegressionTests\Container.Version.8.0.x.csproj", "{E780851D-C174-47D3-B5A6-DA8D4764F16C}"
EndProject
Project("{9A19103F-16F7-4668-BE54-9A1E7A4F7556}") = "Unity.Specification.Optimized.Tests", "Container\tests\Specification.Optimized\Unity.Specification.Optimized.Tests.csproj", "{27EF0206-5DC9-420D-82CC-6B52325E4BEF}"
EndProject
Project("{9A19103F-16F7-4668-BE54-9A1E7A4F7556}") = "Container.Specification.Optimized", "SpecificationTests\Container\optimized\Container.Specification.Optimized.csproj", "{CFA60828-7359-4533-9126-C5AA401F2E07}"
EndProject
Project("{9A19103F-16F7-4668-BE54-9A1E7A4F7556}") = "Container.Specification.Diagnostic", "SpecificationTests\Container\diagnostic\Container.Specification.Diagnostic.csproj", "{7C82AB89-7826-4901-8D3E-F60CDAB0A1A0}"
EndProject
Project("{2150E333-8FDC-42A3-9474-1A3956D46DE8}") = "Tests", "Tests", "{F4D4C132-2F8C-4FDB-8748-376C7F498509}"
EndProject
Project("{9A19103F-16F7-4668-BE54-9A1E7A4F7556}") = "Unity.Specification.Diagnostic.Tests", "Container\tests\Specification.Diagnostic\Unity.Specification.Diagnostic.Tests.csproj", "{BC4B385B-14CD-4290-BB62-689C87A78B34}"
EndProject
Project("{9A19103F-16F7-4668-BE54-9A1E7A4F7556}") = "Unity.Abstractions", "Abstractions\src\Unity.Abstractions.csproj", "{4726E2A3-97E3-4AB7-8986-6E511B8524D4}"
EndProject
Project("{9A19103F-16F7-4668-BE54-9A1E7A4F7556}") = "Unity.Abstractions.Tests", "Abstractions\tests\Unity.Abstractions.Tests.csproj", "{FA19710B-4720-4C0D-ABE7-5367F16AC760}"
EndProject
Project("{9A19103F-16F7-4668-BE54-9A1E7A4F7556}") = "Unity.Container.Tests.Benchmarks", "Container\tests\Benchmarks\Unity.Container.Tests.Benchmarks.csproj", "{5511A852-DF06-44EE-906F-AE8918284BC0}"
EndProject
Global
	GlobalSection(SolutionConfigurationPlatforms) = preSolution
		Debug|Any CPU = Debug|Any CPU
		Release|Any CPU = Release|Any CPU
		v4|Any CPU = v4|Any CPU
		v5|Any CPU = v5|Any CPU
		v6|Any CPU = v6|Any CPU
		v7|Any CPU = v7|Any CPU
		v8|Any CPU = v8|Any CPU
	EndGlobalSection
	GlobalSection(ProjectConfigurationPlatforms) = postSolution
		{432DC96F-46A2-42C9-BE26-738D72245362}.Debug|Any CPU.ActiveCfg = Debug|Any CPU
		{432DC96F-46A2-42C9-BE26-738D72245362}.Debug|Any CPU.Build.0 = Debug|Any CPU
		{432DC96F-46A2-42C9-BE26-738D72245362}.Release|Any CPU.ActiveCfg = Release|Any CPU
		{432DC96F-46A2-42C9-BE26-738D72245362}.Release|Any CPU.Build.0 = Release|Any CPU
		{432DC96F-46A2-42C9-BE26-738D72245362}.v4|Any CPU.ActiveCfg = Release|Any CPU
		{432DC96F-46A2-42C9-BE26-738D72245362}.v4|Any CPU.Build.0 = Release|Any CPU
		{432DC96F-46A2-42C9-BE26-738D72245362}.v5|Any CPU.ActiveCfg = Release|Any CPU
		{432DC96F-46A2-42C9-BE26-738D72245362}.v5|Any CPU.Build.0 = Release|Any CPU
		{432DC96F-46A2-42C9-BE26-738D72245362}.v6|Any CPU.ActiveCfg = Release|Any CPU
		{432DC96F-46A2-42C9-BE26-738D72245362}.v6|Any CPU.Build.0 = Release|Any CPU
		{432DC96F-46A2-42C9-BE26-738D72245362}.v7|Any CPU.ActiveCfg = Release|Any CPU
		{432DC96F-46A2-42C9-BE26-738D72245362}.v7|Any CPU.Build.0 = Release|Any CPU
		{432DC96F-46A2-42C9-BE26-738D72245362}.v8|Any CPU.ActiveCfg = Release|Any CPU
		{432DC96F-46A2-42C9-BE26-738D72245362}.v8|Any CPU.Build.0 = Release|Any CPU
		{FF77EB2D-8540-48CB-A8C8-CB8AE6B17134}.Debug|Any CPU.ActiveCfg = Debug|Any CPU
		{FF77EB2D-8540-48CB-A8C8-CB8AE6B17134}.Debug|Any CPU.Build.0 = Debug|Any CPU
		{FF77EB2D-8540-48CB-A8C8-CB8AE6B17134}.Release|Any CPU.ActiveCfg = Release|Any CPU
		{FF77EB2D-8540-48CB-A8C8-CB8AE6B17134}.Release|Any CPU.Build.0 = Release|Any CPU
		{FF77EB2D-8540-48CB-A8C8-CB8AE6B17134}.v4|Any CPU.ActiveCfg = Release|Any CPU
		{FF77EB2D-8540-48CB-A8C8-CB8AE6B17134}.v4|Any CPU.Build.0 = Release|Any CPU
		{FF77EB2D-8540-48CB-A8C8-CB8AE6B17134}.v5|Any CPU.ActiveCfg = Release|Any CPU
		{FF77EB2D-8540-48CB-A8C8-CB8AE6B17134}.v5|Any CPU.Build.0 = Release|Any CPU
		{FF77EB2D-8540-48CB-A8C8-CB8AE6B17134}.v6|Any CPU.ActiveCfg = Release|Any CPU
		{FF77EB2D-8540-48CB-A8C8-CB8AE6B17134}.v7|Any CPU.ActiveCfg = Release|Any CPU
		{FF77EB2D-8540-48CB-A8C8-CB8AE6B17134}.v8|Any CPU.ActiveCfg = Release|Any CPU
		{BD143E61-1CB8-4E47-964E-2CA8852A6405}.Debug|Any CPU.ActiveCfg = Release|Any CPU
		{BD143E61-1CB8-4E47-964E-2CA8852A6405}.Debug|Any CPU.Build.0 = Release|Any CPU
		{BD143E61-1CB8-4E47-964E-2CA8852A6405}.Release|Any CPU.ActiveCfg = Release|Any CPU
		{BD143E61-1CB8-4E47-964E-2CA8852A6405}.Release|Any CPU.Build.0 = Release|Any CPU
		{BD143E61-1CB8-4E47-964E-2CA8852A6405}.v4|Any CPU.ActiveCfg = Debug|Any CPU
		{BD143E61-1CB8-4E47-964E-2CA8852A6405}.v4|Any CPU.Build.0 = Debug|Any CPU
		{BD143E61-1CB8-4E47-964E-2CA8852A6405}.v5|Any CPU.ActiveCfg = Debug|Any CPU
		{BD143E61-1CB8-4E47-964E-2CA8852A6405}.v5|Any CPU.Build.0 = Debug|Any CPU
		{BD143E61-1CB8-4E47-964E-2CA8852A6405}.v6|Any CPU.ActiveCfg = Debug|Any CPU
		{BD143E61-1CB8-4E47-964E-2CA8852A6405}.v7|Any CPU.ActiveCfg = Debug|Any CPU
		{BD143E61-1CB8-4E47-964E-2CA8852A6405}.v8|Any CPU.ActiveCfg = Debug|Any CPU
		{549E249F-3E26-462D-9FFB-F39C2859FE5D}.Debug|Any CPU.ActiveCfg = Debug|Any CPU
		{549E249F-3E26-462D-9FFB-F39C2859FE5D}.Debug|Any CPU.Build.0 = Debug|Any CPU
		{549E249F-3E26-462D-9FFB-F39C2859FE5D}.Release|Any CPU.ActiveCfg = Release|Any CPU
		{549E249F-3E26-462D-9FFB-F39C2859FE5D}.Release|Any CPU.Build.0 = Release|Any CPU
		{549E249F-3E26-462D-9FFB-F39C2859FE5D}.v4|Any CPU.ActiveCfg = Debug|Any CPU
		{549E249F-3E26-462D-9FFB-F39C2859FE5D}.v4|Any CPU.Build.0 = Debug|Any CPU
		{549E249F-3E26-462D-9FFB-F39C2859FE5D}.v5|Any CPU.ActiveCfg = Debug|Any CPU
		{549E249F-3E26-462D-9FFB-F39C2859FE5D}.v5|Any CPU.Build.0 = Debug|Any CPU
		{549E249F-3E26-462D-9FFB-F39C2859FE5D}.v6|Any CPU.ActiveCfg = Release|Any CPU
		{549E249F-3E26-462D-9FFB-F39C2859FE5D}.v7|Any CPU.ActiveCfg = Release|Any CPU
		{549E249F-3E26-462D-9FFB-F39C2859FE5D}.v8|Any CPU.ActiveCfg = Release|Any CPU
		{2F438CB0-24B7-4FEB-A0AE-C14CB27E4916}.Debug|Any CPU.ActiveCfg = Debug|Any CPU
		{2F438CB0-24B7-4FEB-A0AE-C14CB27E4916}.Debug|Any CPU.Build.0 = Debug|Any CPU
		{2F438CB0-24B7-4FEB-A0AE-C14CB27E4916}.Release|Any CPU.ActiveCfg = Release|Any CPU
		{2F438CB0-24B7-4FEB-A0AE-C14CB27E4916}.Release|Any CPU.Build.0 = Release|Any CPU
		{2F438CB0-24B7-4FEB-A0AE-C14CB27E4916}.v4|Any CPU.ActiveCfg = Debug|Any CPU
		{2F438CB0-24B7-4FEB-A0AE-C14CB27E4916}.v4|Any CPU.Build.0 = Debug|Any CPU
		{2F438CB0-24B7-4FEB-A0AE-C14CB27E4916}.v5|Any CPU.ActiveCfg = Debug|Any CPU
		{2F438CB0-24B7-4FEB-A0AE-C14CB27E4916}.v5|Any CPU.Build.0 = Debug|Any CPU
		{2F438CB0-24B7-4FEB-A0AE-C14CB27E4916}.v6|Any CPU.ActiveCfg = Release|Any CPU
		{2F438CB0-24B7-4FEB-A0AE-C14CB27E4916}.v7|Any CPU.ActiveCfg = Release|Any CPU
		{2F438CB0-24B7-4FEB-A0AE-C14CB27E4916}.v8|Any CPU.ActiveCfg = Release|Any CPU
		{E780851D-C174-47D3-B5A6-DA8D4764F16C}.Debug|Any CPU.ActiveCfg = Debug|Any CPU
		{E780851D-C174-47D3-B5A6-DA8D4764F16C}.Debug|Any CPU.Build.0 = Debug|Any CPU
		{E780851D-C174-47D3-B5A6-DA8D4764F16C}.Release|Any CPU.ActiveCfg = Release|Any CPU
		{E780851D-C174-47D3-B5A6-DA8D4764F16C}.Release|Any CPU.Build.0 = Release|Any CPU
		{E780851D-C174-47D3-B5A6-DA8D4764F16C}.v4|Any CPU.ActiveCfg = v4|Any CPU
		{E780851D-C174-47D3-B5A6-DA8D4764F16C}.v4|Any CPU.Build.0 = v4|Any CPU
		{E780851D-C174-47D3-B5A6-DA8D4764F16C}.v5|Any CPU.ActiveCfg = v5|Any CPU
		{E780851D-C174-47D3-B5A6-DA8D4764F16C}.v5|Any CPU.Build.0 = v5|Any CPU
		{E780851D-C174-47D3-B5A6-DA8D4764F16C}.v6|Any CPU.ActiveCfg = v6|Any CPU
		{E780851D-C174-47D3-B5A6-DA8D4764F16C}.v6|Any CPU.Build.0 = v6|Any CPU
		{E780851D-C174-47D3-B5A6-DA8D4764F16C}.v7|Any CPU.ActiveCfg = v7|Any CPU
		{E780851D-C174-47D3-B5A6-DA8D4764F16C}.v7|Any CPU.Build.0 = v7|Any CPU
		{E780851D-C174-47D3-B5A6-DA8D4764F16C}.v8|Any CPU.ActiveCfg = v8|Any CPU
		{E780851D-C174-47D3-B5A6-DA8D4764F16C}.v8|Any CPU.Build.0 = v8|Any CPU
		{27EF0206-5DC9-420D-82CC-6B52325E4BEF}.Debug|Any CPU.ActiveCfg = Debug|Any CPU
		{27EF0206-5DC9-420D-82CC-6B52325E4BEF}.Debug|Any CPU.Build.0 = Debug|Any CPU
		{27EF0206-5DC9-420D-82CC-6B52325E4BEF}.Release|Any CPU.ActiveCfg = Release|Any CPU
		{27EF0206-5DC9-420D-82CC-6B52325E4BEF}.Release|Any CPU.Build.0 = Release|Any CPU
		{27EF0206-5DC9-420D-82CC-6B52325E4BEF}.v4|Any CPU.ActiveCfg = Debug|Any CPU
		{27EF0206-5DC9-420D-82CC-6B52325E4BEF}.v4|Any CPU.Build.0 = Debug|Any CPU
		{27EF0206-5DC9-420D-82CC-6B52325E4BEF}.v5|Any CPU.ActiveCfg = Debug|Any CPU
		{27EF0206-5DC9-420D-82CC-6B52325E4BEF}.v5|Any CPU.Build.0 = Debug|Any CPU
		{27EF0206-5DC9-420D-82CC-6B52325E4BEF}.v6|Any CPU.ActiveCfg = Debug|Any CPU
		{27EF0206-5DC9-420D-82CC-6B52325E4BEF}.v6|Any CPU.Build.0 = Debug|Any CPU
		{27EF0206-5DC9-420D-82CC-6B52325E4BEF}.v7|Any CPU.ActiveCfg = Debug|Any CPU
		{27EF0206-5DC9-420D-82CC-6B52325E4BEF}.v7|Any CPU.Build.0 = Debug|Any CPU
		{27EF0206-5DC9-420D-82CC-6B52325E4BEF}.v8|Any CPU.ActiveCfg = Debug|Any CPU
		{27EF0206-5DC9-420D-82CC-6B52325E4BEF}.v8|Any CPU.Build.0 = Debug|Any CPU
		{CFA60828-7359-4533-9126-C5AA401F2E07}.Debug|Any CPU.ActiveCfg = Debug|Any CPU
		{CFA60828-7359-4533-9126-C5AA401F2E07}.Debug|Any CPU.Build.0 = Debug|Any CPU
		{CFA60828-7359-4533-9126-C5AA401F2E07}.Release|Any CPU.ActiveCfg = Release|Any CPU
		{CFA60828-7359-4533-9126-C5AA401F2E07}.Release|Any CPU.Build.0 = Release|Any CPU
		{CFA60828-7359-4533-9126-C5AA401F2E07}.v4|Any CPU.ActiveCfg = Debug|Any CPU
		{CFA60828-7359-4533-9126-C5AA401F2E07}.v4|Any CPU.Build.0 = Debug|Any CPU
		{CFA60828-7359-4533-9126-C5AA401F2E07}.v5|Any CPU.ActiveCfg = Debug|Any CPU
		{CFA60828-7359-4533-9126-C5AA401F2E07}.v5|Any CPU.Build.0 = Debug|Any CPU
		{CFA60828-7359-4533-9126-C5AA401F2E07}.v6|Any CPU.ActiveCfg = Debug|Any CPU
		{CFA60828-7359-4533-9126-C5AA401F2E07}.v6|Any CPU.Build.0 = Debug|Any CPU
		{CFA60828-7359-4533-9126-C5AA401F2E07}.v7|Any CPU.ActiveCfg = Debug|Any CPU
		{CFA60828-7359-4533-9126-C5AA401F2E07}.v7|Any CPU.Build.0 = Debug|Any CPU
		{CFA60828-7359-4533-9126-C5AA401F2E07}.v8|Any CPU.ActiveCfg = Debug|Any CPU
		{CFA60828-7359-4533-9126-C5AA401F2E07}.v8|Any CPU.Build.0 = Debug|Any CPU
		{7C82AB89-7826-4901-8D3E-F60CDAB0A1A0}.Debug|Any CPU.ActiveCfg = Debug|Any CPU
		{7C82AB89-7826-4901-8D3E-F60CDAB0A1A0}.Debug|Any CPU.Build.0 = Debug|Any CPU
		{7C82AB89-7826-4901-8D3E-F60CDAB0A1A0}.Release|Any CPU.ActiveCfg = Release|Any CPU
		{7C82AB89-7826-4901-8D3E-F60CDAB0A1A0}.Release|Any CPU.Build.0 = Release|Any CPU
		{7C82AB89-7826-4901-8D3E-F60CDAB0A1A0}.v4|Any CPU.ActiveCfg = Debug|Any CPU
		{7C82AB89-7826-4901-8D3E-F60CDAB0A1A0}.v4|Any CPU.Build.0 = Debug|Any CPU
		{7C82AB89-7826-4901-8D3E-F60CDAB0A1A0}.v5|Any CPU.ActiveCfg = Debug|Any CPU
		{7C82AB89-7826-4901-8D3E-F60CDAB0A1A0}.v5|Any CPU.Build.0 = Debug|Any CPU
		{7C82AB89-7826-4901-8D3E-F60CDAB0A1A0}.v6|Any CPU.ActiveCfg = Debug|Any CPU
		{7C82AB89-7826-4901-8D3E-F60CDAB0A1A0}.v6|Any CPU.Build.0 = Debug|Any CPU
		{7C82AB89-7826-4901-8D3E-F60CDAB0A1A0}.v7|Any CPU.ActiveCfg = Debug|Any CPU
		{7C82AB89-7826-4901-8D3E-F60CDAB0A1A0}.v7|Any CPU.Build.0 = Debug|Any CPU
		{7C82AB89-7826-4901-8D3E-F60CDAB0A1A0}.v8|Any CPU.ActiveCfg = Debug|Any CPU
		{7C82AB89-7826-4901-8D3E-F60CDAB0A1A0}.v8|Any CPU.Build.0 = Debug|Any CPU
		{BC4B385B-14CD-4290-BB62-689C87A78B34}.Debug|Any CPU.ActiveCfg = Debug|Any CPU
		{BC4B385B-14CD-4290-BB62-689C87A78B34}.Debug|Any CPU.Build.0 = Debug|Any CPU
		{BC4B385B-14CD-4290-BB62-689C87A78B34}.Release|Any CPU.ActiveCfg = Release|Any CPU
		{BC4B385B-14CD-4290-BB62-689C87A78B34}.Release|Any CPU.Build.0 = Release|Any CPU
		{BC4B385B-14CD-4290-BB62-689C87A78B34}.v4|Any CPU.ActiveCfg = Debug|Any CPU
		{BC4B385B-14CD-4290-BB62-689C87A78B34}.v4|Any CPU.Build.0 = Debug|Any CPU
		{BC4B385B-14CD-4290-BB62-689C87A78B34}.v5|Any CPU.ActiveCfg = Debug|Any CPU
		{BC4B385B-14CD-4290-BB62-689C87A78B34}.v5|Any CPU.Build.0 = Debug|Any CPU
		{BC4B385B-14CD-4290-BB62-689C87A78B34}.v6|Any CPU.ActiveCfg = Debug|Any CPU
		{BC4B385B-14CD-4290-BB62-689C87A78B34}.v6|Any CPU.Build.0 = Debug|Any CPU
		{BC4B385B-14CD-4290-BB62-689C87A78B34}.v7|Any CPU.ActiveCfg = Debug|Any CPU
		{BC4B385B-14CD-4290-BB62-689C87A78B34}.v7|Any CPU.Build.0 = Debug|Any CPU
		{BC4B385B-14CD-4290-BB62-689C87A78B34}.v8|Any CPU.ActiveCfg = Debug|Any CPU
		{BC4B385B-14CD-4290-BB62-689C87A78B34}.v8|Any CPU.Build.0 = Debug|Any CPU
		{4726E2A3-97E3-4AB7-8986-6E511B8524D4}.Debug|Any CPU.ActiveCfg = Debug|Any CPU
		{4726E2A3-97E3-4AB7-8986-6E511B8524D4}.Debug|Any CPU.Build.0 = Debug|Any CPU
		{4726E2A3-97E3-4AB7-8986-6E511B8524D4}.Release|Any CPU.ActiveCfg = Release|Any CPU
		{4726E2A3-97E3-4AB7-8986-6E511B8524D4}.Release|Any CPU.Build.0 = Release|Any CPU
		{4726E2A3-97E3-4AB7-8986-6E511B8524D4}.v4|Any CPU.ActiveCfg = Debug|Any CPU
		{4726E2A3-97E3-4AB7-8986-6E511B8524D4}.v4|Any CPU.Build.0 = Debug|Any CPU
		{4726E2A3-97E3-4AB7-8986-6E511B8524D4}.v5|Any CPU.ActiveCfg = Debug|Any CPU
		{4726E2A3-97E3-4AB7-8986-6E511B8524D4}.v5|Any CPU.Build.0 = Debug|Any CPU
		{4726E2A3-97E3-4AB7-8986-6E511B8524D4}.v6|Any CPU.ActiveCfg = Debug|Any CPU
		{4726E2A3-97E3-4AB7-8986-6E511B8524D4}.v6|Any CPU.Build.0 = Debug|Any CPU
		{4726E2A3-97E3-4AB7-8986-6E511B8524D4}.v7|Any CPU.ActiveCfg = Debug|Any CPU
		{4726E2A3-97E3-4AB7-8986-6E511B8524D4}.v7|Any CPU.Build.0 = Debug|Any CPU
		{4726E2A3-97E3-4AB7-8986-6E511B8524D4}.v8|Any CPU.ActiveCfg = Debug|Any CPU
		{4726E2A3-97E3-4AB7-8986-6E511B8524D4}.v8|Any CPU.Build.0 = Debug|Any CPU
		{FA19710B-4720-4C0D-ABE7-5367F16AC760}.Debug|Any CPU.ActiveCfg = Debug|Any CPU
		{FA19710B-4720-4C0D-ABE7-5367F16AC760}.Debug|Any CPU.Build.0 = Debug|Any CPU
		{FA19710B-4720-4C0D-ABE7-5367F16AC760}.Release|Any CPU.ActiveCfg = Release|Any CPU
		{FA19710B-4720-4C0D-ABE7-5367F16AC760}.Release|Any CPU.Build.0 = Release|Any CPU
		{FA19710B-4720-4C0D-ABE7-5367F16AC760}.v4|Any CPU.ActiveCfg = Debug|Any CPU
		{FA19710B-4720-4C0D-ABE7-5367F16AC760}.v4|Any CPU.Build.0 = Debug|Any CPU
		{FA19710B-4720-4C0D-ABE7-5367F16AC760}.v5|Any CPU.ActiveCfg = Debug|Any CPU
		{FA19710B-4720-4C0D-ABE7-5367F16AC760}.v5|Any CPU.Build.0 = Debug|Any CPU
		{FA19710B-4720-4C0D-ABE7-5367F16AC760}.v6|Any CPU.ActiveCfg = Debug|Any CPU
		{FA19710B-4720-4C0D-ABE7-5367F16AC760}.v6|Any CPU.Build.0 = Debug|Any CPU
		{FA19710B-4720-4C0D-ABE7-5367F16AC760}.v7|Any CPU.ActiveCfg = Debug|Any CPU
		{FA19710B-4720-4C0D-ABE7-5367F16AC760}.v7|Any CPU.Build.0 = Debug|Any CPU
		{FA19710B-4720-4C0D-ABE7-5367F16AC760}.v8|Any CPU.ActiveCfg = Debug|Any CPU
		{FA19710B-4720-4C0D-ABE7-5367F16AC760}.v8|Any CPU.Build.0 = Debug|Any CPU
		{5511A852-DF06-44EE-906F-AE8918284BC0}.Debug|Any CPU.ActiveCfg = Debug|Any CPU
		{5511A852-DF06-44EE-906F-AE8918284BC0}.Debug|Any CPU.Build.0 = Debug|Any CPU
		{5511A852-DF06-44EE-906F-AE8918284BC0}.Release|Any CPU.ActiveCfg = Release|Any CPU
		{5511A852-DF06-44EE-906F-AE8918284BC0}.Release|Any CPU.Build.0 = Release|Any CPU
		{5511A852-DF06-44EE-906F-AE8918284BC0}.v4|Any CPU.ActiveCfg = Debug|Any CPU
		{5511A852-DF06-44EE-906F-AE8918284BC0}.v4|Any CPU.Build.0 = Debug|Any CPU
		{5511A852-DF06-44EE-906F-AE8918284BC0}.v5|Any CPU.ActiveCfg = Debug|Any CPU
		{5511A852-DF06-44EE-906F-AE8918284BC0}.v5|Any CPU.Build.0 = Debug|Any CPU
		{5511A852-DF06-44EE-906F-AE8918284BC0}.v6|Any CPU.ActiveCfg = Debug|Any CPU
		{5511A852-DF06-44EE-906F-AE8918284BC0}.v6|Any CPU.Build.0 = Debug|Any CPU
		{5511A852-DF06-44EE-906F-AE8918284BC0}.v7|Any CPU.ActiveCfg = Debug|Any CPU
		{5511A852-DF06-44EE-906F-AE8918284BC0}.v7|Any CPU.Build.0 = Debug|Any CPU
		{5511A852-DF06-44EE-906F-AE8918284BC0}.v8|Any CPU.ActiveCfg = Debug|Any CPU
		{5511A852-DF06-44EE-906F-AE8918284BC0}.v8|Any CPU.Build.0 = Debug|Any CPU
	EndGlobalSection
	GlobalSection(SolutionProperties) = preSolution
		HideSolutionNode = FALSE
	EndGlobalSection
	GlobalSection(NestedProjects) = preSolution
		{FF77EB2D-8540-48CB-A8C8-CB8AE6B17134} = {72897D3B-6FE5-4A12-8FD2-0260DF13C868}
		{BD143E61-1CB8-4E47-964E-2CA8852A6405} = {15FEBB8E-B446-49D2-9AE0-64A457D83A60}
		{549E249F-3E26-462D-9FFB-F39C2859FE5D} = {15FEBB8E-B446-49D2-9AE0-64A457D83A60}
		{2F438CB0-24B7-4FEB-A0AE-C14CB27E4916} = {15FEBB8E-B446-49D2-9AE0-64A457D83A60}
		{E780851D-C174-47D3-B5A6-DA8D4764F16C} = {9963CF6E-B2A5-4F40-953B-B0DC6B2AC138}
		{27EF0206-5DC9-420D-82CC-6B52325E4BEF} = {F4D4C132-2F8C-4FDB-8748-376C7F498509}
		{CFA60828-7359-4533-9126-C5AA401F2E07} = {5ED9F884-C2FF-4BFD-A769-8F97984F8D3B}
		{7C82AB89-7826-4901-8D3E-F60CDAB0A1A0} = {5ED9F884-C2FF-4BFD-A769-8F97984F8D3B}
		{F4D4C132-2F8C-4FDB-8748-376C7F498509} = {5ED9F884-C2FF-4BFD-A769-8F97984F8D3B}
		{BC4B385B-14CD-4290-BB62-689C87A78B34} = {F4D4C132-2F8C-4FDB-8748-376C7F498509}
		{FA19710B-4720-4C0D-ABE7-5367F16AC760} = {72897D3B-6FE5-4A12-8FD2-0260DF13C868}
		{5511A852-DF06-44EE-906F-AE8918284BC0} = {72897D3B-6FE5-4A12-8FD2-0260DF13C868}
	EndGlobalSection
	GlobalSection(ExtensibilityGlobals) = postSolution
		SolutionGuid = {B4E2F517-EADC-4195-95D3-6ACF53BDEE86}
	EndGlobalSection
EndGlobal
