
Microsoft Visual Studio Solution File, Format Version 12.00
# Visual Studio Version 17
VisualStudioVersion = 17.0.31717.71
MinimumVisualStudioVersion = 10.0.40219.1
Project("{9A19103F-16F7-4668-BE54-9A1E7A4F7556}") = "Unity.Container", "Container\src\Unity.Container.csproj", "{432DC96F-46A2-42C9-BE26-738D72245362}"
EndProject
Project("{2150E333-8FDC-42A3-9474-1A3956D46DE8}") = "Unit Tests", "Unit Tests", "{72897D3B-6FE5-4A12-8FD2-0260DF13C868}"
EndProject
Project("{9A19103F-16F7-4668-BE54-9A1E7A4F7556}") = "Unity.Container.Tests", "Container\tests\Unit\Unity.Container.Tests.csproj", "{FF77EB2D-8540-48CB-A8C8-CB8AE6B17134}"
EndProject
Project("{2150E333-8FDC-42A3-9474-1A3956D46DE8}") = "Benchmarks", "Benchmarks", "{15FEBB8E-B446-49D2-9AE0-64A457D83A60}"
EndProject
Project("{9A19103F-16F7-4668-BE54-9A1E7A4F7556}") = "Benchmarks.Local", "Container\benchmarks\Benchmarks.Local.csproj", "{BD143E61-1CB8-4E47-964E-2CA8852A6405}"
EndProject
Project("{9A19103F-16F7-4668-BE54-9A1E7A4F7556}") = "Unity.Benchmarks.Pro", "Professional\benchmarks\Unity.Benchmarks.Pro.csproj", "{0A234850-4098-40EE-947B-3B6C05FA0D2B}"
EndProject
Project("{2150E333-8FDC-42A3-9474-1A3956D46DE8}") = "Regression", "Regression", "{9963CF6E-B2A5-4F40-953B-B0DC6B2AC138}"
EndProject
Project("{2150E333-8FDC-42A3-9474-1A3956D46DE8}") = "Specification", "Specification", "{5ED9F884-C2FF-4BFD-A769-8F97984F8D3B}"
EndProject
Project("{9A19103F-16F7-4668-BE54-9A1E7A4F7556}") = "Unity.Specification.Container", "SpecificationTests\Container\optimized\Unity.Specification.Container.csproj", "{6823E3AC-3E56-47D9-88B0-9B5CC414DE88}"
EndProject
Project("{9A19103F-16F7-4668-BE54-9A1E7A4F7556}") = "Container.Regression.Tests", "ContainerRegressionTests\Container\Container.Regression.Tests.csproj", "{D00F5EC1-08AD-4F94-AD93-3660B39D4D1E}"
EndProject
Project("{9A19103F-16F7-4668-BE54-9A1E7A4F7556}") = "Container.Regression.Diagnostic", "ContainerRegressionTests\Diagnostic\Container.Regression.Diagnostic.csproj", "{39A8AF12-F131-48B1-9130-FF7F52761197}"
EndProject
Project("{9A19103F-16F7-4668-BE54-9A1E7A4F7556}") = "Benchmarks", "container-benchmarks\Benchmarks\Benchmarks.csproj", "{549E249F-3E26-462D-9FFB-F39C2859FE5D}"
EndProject
Project("{9A19103F-16F7-4668-BE54-9A1E7A4F7556}") = "Benchmarks.Tests", "container-benchmarks\Tests\Benchmarks.Tests.csproj", "{2F438CB0-24B7-4FEB-A0AE-C14CB27E4916}"
EndProject
Project("{9A19103F-16F7-4668-BE54-9A1E7A4F7556}") = "Container.Regression.Activated", "ContainerRegressionTests\Container\Container.Regression.Activated.csproj", "{E6D5E78B-2F13-44EE-B2A3-66916D68FEB2}"
EndProject
Project("{9A19103F-16F7-4668-BE54-9A1E7A4F7556}") = "Container.Regression.Resolved", "ContainerRegressionTests\Container\Container.Regression.Resolved.csproj", "{00046AA6-F5BD-459E-8C94-9C04E2975BD9}"
EndProject
Project("{9A19103F-16F7-4668-BE54-9A1E7A4F7556}") = "Container.Regression.Compiled", "ContainerRegressionTests\Container\Container.Regression.Compiled.csproj", "{118C17D7-E859-4BE2-A7DA-1F00107A71A4}"
EndProject
Project("{9A19103F-16F7-4668-BE54-9A1E7A4F7556}") = "Container.Version.8.0.x", "ContainerRegressionTests\Container.Version.8.0.x.csproj", "{E780851D-C174-47D3-B5A6-DA8D4764F16C}"
EndProject
Global
	GlobalSection(SolutionConfigurationPlatforms) = preSolution
		Debug|Any CPU = Debug|Any CPU
		Release|Any CPU = Release|Any CPU
		v4|Any CPU = v4|Any CPU
		v5|Any CPU = v5|Any CPU
		v6|Any CPU = v6|Any CPU
		v7|Any CPU = v7|Any CPU
		v8|Any CPU = v8|Any CPU
	EndGlobalSection
	GlobalSection(ProjectConfigurationPlatforms) = postSolution
		{432DC96F-46A2-42C9-BE26-738D72245362}.Debug|Any CPU.ActiveCfg = Debug|Any CPU
		{432DC96F-46A2-42C9-BE26-738D72245362}.Debug|Any CPU.Build.0 = Debug|Any CPU
		{432DC96F-46A2-42C9-BE26-738D72245362}.Release|Any CPU.ActiveCfg = Release|Any CPU
		{432DC96F-46A2-42C9-BE26-738D72245362}.Release|Any CPU.Build.0 = Release|Any CPU
		{432DC96F-46A2-42C9-BE26-738D72245362}.v4|Any CPU.ActiveCfg = Release|Any CPU
		{432DC96F-46A2-42C9-BE26-738D72245362}.v4|Any CPU.Build.0 = Release|Any CPU
		{432DC96F-46A2-42C9-BE26-738D72245362}.v5|Any CPU.ActiveCfg = Release|Any CPU
		{432DC96F-46A2-42C9-BE26-738D72245362}.v5|Any CPU.Build.0 = Release|Any CPU
		{432DC96F-46A2-42C9-BE26-738D72245362}.v6|Any CPU.ActiveCfg = Release|Any CPU
		{432DC96F-46A2-42C9-BE26-738D72245362}.v6|Any CPU.Build.0 = Release|Any CPU
		{432DC96F-46A2-42C9-BE26-738D72245362}.v7|Any CPU.ActiveCfg = Release|Any CPU
		{432DC96F-46A2-42C9-BE26-738D72245362}.v7|Any CPU.Build.0 = Release|Any CPU
		{432DC96F-46A2-42C9-BE26-738D72245362}.v8|Any CPU.ActiveCfg = Release|Any CPU
		{432DC96F-46A2-42C9-BE26-738D72245362}.v8|Any CPU.Build.0 = Release|Any CPU
		{FF77EB2D-8540-48CB-A8C8-CB8AE6B17134}.Debug|Any CPU.ActiveCfg = Debug|Any CPU
		{FF77EB2D-8540-48CB-A8C8-CB8AE6B17134}.Debug|Any CPU.Build.0 = Debug|Any CPU
		{FF77EB2D-8540-48CB-A8C8-CB8AE6B17134}.Release|Any CPU.ActiveCfg = Release|Any CPU
		{FF77EB2D-8540-48CB-A8C8-CB8AE6B17134}.Release|Any CPU.Build.0 = Release|Any CPU
		{FF77EB2D-8540-48CB-A8C8-CB8AE6B17134}.v4|Any CPU.ActiveCfg = Release|Any CPU
		{FF77EB2D-8540-48CB-A8C8-CB8AE6B17134}.v4|Any CPU.Build.0 = Release|Any CPU
		{FF77EB2D-8540-48CB-A8C8-CB8AE6B17134}.v5|Any CPU.ActiveCfg = Release|Any CPU
		{FF77EB2D-8540-48CB-A8C8-CB8AE6B17134}.v5|Any CPU.Build.0 = Release|Any CPU
		{FF77EB2D-8540-48CB-A8C8-CB8AE6B17134}.v6|Any CPU.ActiveCfg = Release|Any CPU
		{FF77EB2D-8540-48CB-A8C8-CB8AE6B17134}.v7|Any CPU.ActiveCfg = Release|Any CPU
		{FF77EB2D-8540-48CB-A8C8-CB8AE6B17134}.v8|Any CPU.ActiveCfg = Release|Any CPU
		{BD143E61-1CB8-4E47-964E-2CA8852A6405}.Debug|Any CPU.ActiveCfg = Release|Any CPU
		{BD143E61-1CB8-4E47-964E-2CA8852A6405}.Debug|Any CPU.Build.0 = Release|Any CPU
		{BD143E61-1CB8-4E47-964E-2CA8852A6405}.Release|Any CPU.ActiveCfg = Release|Any CPU
		{BD143E61-1CB8-4E47-964E-2CA8852A6405}.Release|Any CPU.Build.0 = Release|Any CPU
		{BD143E61-1CB8-4E47-964E-2CA8852A6405}.v4|Any CPU.ActiveCfg = Debug|Any CPU
		{BD143E61-1CB8-4E47-964E-2CA8852A6405}.v4|Any CPU.Build.0 = Debug|Any CPU
		{BD143E61-1CB8-4E47-964E-2CA8852A6405}.v5|Any CPU.ActiveCfg = Debug|Any CPU
		{BD143E61-1CB8-4E47-964E-2CA8852A6405}.v5|Any CPU.Build.0 = Debug|Any CPU
		{BD143E61-1CB8-4E47-964E-2CA8852A6405}.v6|Any CPU.ActiveCfg = Debug|Any CPU
		{BD143E61-1CB8-4E47-964E-2CA8852A6405}.v7|Any CPU.ActiveCfg = Debug|Any CPU
		{BD143E61-1CB8-4E47-964E-2CA8852A6405}.v8|Any CPU.ActiveCfg = Debug|Any CPU
		{0A234850-4098-40EE-947B-3B6C05FA0D2B}.Debug|Any CPU.ActiveCfg = Release|Any CPU
		{0A234850-4098-40EE-947B-3B6C05FA0D2B}.Debug|Any CPU.Build.0 = Release|Any CPU
		{0A234850-4098-40EE-947B-3B6C05FA0D2B}.Release|Any CPU.ActiveCfg = Release|Any CPU
		{0A234850-4098-40EE-947B-3B6C05FA0D2B}.Release|Any CPU.Build.0 = Release|Any CPU
		{0A234850-4098-40EE-947B-3B6C05FA0D2B}.v4|Any CPU.ActiveCfg = Debug|Any CPU
		{0A234850-4098-40EE-947B-3B6C05FA0D2B}.v4|Any CPU.Build.0 = Debug|Any CPU
		{0A234850-4098-40EE-947B-3B6C05FA0D2B}.v5|Any CPU.ActiveCfg = Debug|Any CPU
		{0A234850-4098-40EE-947B-3B6C05FA0D2B}.v5|Any CPU.Build.0 = Debug|Any CPU
		{0A234850-4098-40EE-947B-3B6C05FA0D2B}.v6|Any CPU.ActiveCfg = Debug|Any CPU
		{0A234850-4098-40EE-947B-3B6C05FA0D2B}.v7|Any CPU.ActiveCfg = Debug|Any CPU
		{0A234850-4098-40EE-947B-3B6C05FA0D2B}.v8|Any CPU.ActiveCfg = Debug|Any CPU
		{6823E3AC-3E56-47D9-88B0-9B5CC414DE88}.Debug|Any CPU.ActiveCfg = Debug|Any CPU
		{6823E3AC-3E56-47D9-88B0-9B5CC414DE88}.Debug|Any CPU.Build.0 = Debug|Any CPU
		{6823E3AC-3E56-47D9-88B0-9B5CC414DE88}.Release|Any CPU.ActiveCfg = Release|Any CPU
		{6823E3AC-3E56-47D9-88B0-9B5CC414DE88}.Release|Any CPU.Build.0 = Release|Any CPU
		{6823E3AC-3E56-47D9-88B0-9B5CC414DE88}.v4|Any CPU.ActiveCfg = Debug|Any CPU
		{6823E3AC-3E56-47D9-88B0-9B5CC414DE88}.v4|Any CPU.Build.0 = Debug|Any CPU
		{6823E3AC-3E56-47D9-88B0-9B5CC414DE88}.v5|Any CPU.ActiveCfg = Debug|Any CPU
		{6823E3AC-3E56-47D9-88B0-9B5CC414DE88}.v5|Any CPU.Build.0 = Debug|Any CPU
		{6823E3AC-3E56-47D9-88B0-9B5CC414DE88}.v6|Any CPU.ActiveCfg = Release|Any CPU
		{6823E3AC-3E56-47D9-88B0-9B5CC414DE88}.v6|Any CPU.Build.0 = Release|Any CPU
		{6823E3AC-3E56-47D9-88B0-9B5CC414DE88}.v7|Any CPU.ActiveCfg = Release|Any CPU
		{6823E3AC-3E56-47D9-88B0-9B5CC414DE88}.v7|Any CPU.Build.0 = Release|Any CPU
		{6823E3AC-3E56-47D9-88B0-9B5CC414DE88}.v8|Any CPU.ActiveCfg = Release|Any CPU
		{6823E3AC-3E56-47D9-88B0-9B5CC414DE88}.v8|Any CPU.Build.0 = Release|Any CPU
		{D00F5EC1-08AD-4F94-AD93-3660B39D4D1E}.Debug|Any CPU.ActiveCfg = Debug|Any CPU
		{D00F5EC1-08AD-4F94-AD93-3660B39D4D1E}.Debug|Any CPU.Build.0 = Debug|Any CPU
		{D00F5EC1-08AD-4F94-AD93-3660B39D4D1E}.Release|Any CPU.ActiveCfg = Release|Any CPU
		{D00F5EC1-08AD-4F94-AD93-3660B39D4D1E}.Release|Any CPU.Build.0 = Release|Any CPU
		{D00F5EC1-08AD-4F94-AD93-3660B39D4D1E}.v4|Any CPU.ActiveCfg = v4|Any CPU
		{D00F5EC1-08AD-4F94-AD93-3660B39D4D1E}.v4|Any CPU.Build.0 = v4|Any CPU
		{D00F5EC1-08AD-4F94-AD93-3660B39D4D1E}.v5|Any CPU.ActiveCfg = v5|Any CPU
		{D00F5EC1-08AD-4F94-AD93-3660B39D4D1E}.v5|Any CPU.Build.0 = v5|Any CPU
		{D00F5EC1-08AD-4F94-AD93-3660B39D4D1E}.v6|Any CPU.ActiveCfg = v5|Any CPU
		{D00F5EC1-08AD-4F94-AD93-3660B39D4D1E}.v7|Any CPU.ActiveCfg = v5|Any CPU
		{D00F5EC1-08AD-4F94-AD93-3660B39D4D1E}.v8|Any CPU.ActiveCfg = v5|Any CPU
		{39A8AF12-F131-48B1-9130-FF7F52761197}.Debug|Any CPU.ActiveCfg = Debug|Any CPU
		{39A8AF12-F131-48B1-9130-FF7F52761197}.Debug|Any CPU.Build.0 = Debug|Any CPU
		{39A8AF12-F131-48B1-9130-FF7F52761197}.Release|Any CPU.ActiveCfg = Release|Any CPU
		{39A8AF12-F131-48B1-9130-FF7F52761197}.Release|Any CPU.Build.0 = Release|Any CPU
		{39A8AF12-F131-48B1-9130-FF7F52761197}.v4|Any CPU.ActiveCfg = v4|Any CPU
		{39A8AF12-F131-48B1-9130-FF7F52761197}.v4|Any CPU.Build.0 = v4|Any CPU
		{39A8AF12-F131-48B1-9130-FF7F52761197}.v5|Any CPU.ActiveCfg = v5|Any CPU
		{39A8AF12-F131-48B1-9130-FF7F52761197}.v5|Any CPU.Build.0 = v5|Any CPU
		{39A8AF12-F131-48B1-9130-FF7F52761197}.v6|Any CPU.ActiveCfg = v5|Any CPU
		{39A8AF12-F131-48B1-9130-FF7F52761197}.v7|Any CPU.ActiveCfg = v5|Any CPU
		{39A8AF12-F131-48B1-9130-FF7F52761197}.v8|Any CPU.ActiveCfg = v5|Any CPU
		{549E249F-3E26-462D-9FFB-F39C2859FE5D}.Debug|Any CPU.ActiveCfg = Debug|Any CPU
		{549E249F-3E26-462D-9FFB-F39C2859FE5D}.Debug|Any CPU.Build.0 = Debug|Any CPU
		{549E249F-3E26-462D-9FFB-F39C2859FE5D}.Release|Any CPU.ActiveCfg = Release|Any CPU
		{549E249F-3E26-462D-9FFB-F39C2859FE5D}.Release|Any CPU.Build.0 = Release|Any CPU
		{549E249F-3E26-462D-9FFB-F39C2859FE5D}.v4|Any CPU.ActiveCfg = Debug|Any CPU
		{549E249F-3E26-462D-9FFB-F39C2859FE5D}.v4|Any CPU.Build.0 = Debug|Any CPU
		{549E249F-3E26-462D-9FFB-F39C2859FE5D}.v5|Any CPU.ActiveCfg = Debug|Any CPU
		{549E249F-3E26-462D-9FFB-F39C2859FE5D}.v5|Any CPU.Build.0 = Debug|Any CPU
		{549E249F-3E26-462D-9FFB-F39C2859FE5D}.v6|Any CPU.ActiveCfg = Release|Any CPU
		{549E249F-3E26-462D-9FFB-F39C2859FE5D}.v7|Any CPU.ActiveCfg = Release|Any CPU
		{549E249F-3E26-462D-9FFB-F39C2859FE5D}.v8|Any CPU.ActiveCfg = Release|Any CPU
		{2F438CB0-24B7-4FEB-A0AE-C14CB27E4916}.Debug|Any CPU.ActiveCfg = Debug|Any CPU
		{2F438CB0-24B7-4FEB-A0AE-C14CB27E4916}.Debug|Any CPU.Build.0 = Debug|Any CPU
		{2F438CB0-24B7-4FEB-A0AE-C14CB27E4916}.Release|Any CPU.ActiveCfg = Release|Any CPU
		{2F438CB0-24B7-4FEB-A0AE-C14CB27E4916}.Release|Any CPU.Build.0 = Release|Any CPU
		{2F438CB0-24B7-4FEB-A0AE-C14CB27E4916}.v4|Any CPU.ActiveCfg = Debug|Any CPU
		{2F438CB0-24B7-4FEB-A0AE-C14CB27E4916}.v4|Any CPU.Build.0 = Debug|Any CPU
		{2F438CB0-24B7-4FEB-A0AE-C14CB27E4916}.v5|Any CPU.ActiveCfg = Debug|Any CPU
		{2F438CB0-24B7-4FEB-A0AE-C14CB27E4916}.v5|Any CPU.Build.0 = Debug|Any CPU
		{2F438CB0-24B7-4FEB-A0AE-C14CB27E4916}.v6|Any CPU.ActiveCfg = Release|Any CPU
		{2F438CB0-24B7-4FEB-A0AE-C14CB27E4916}.v7|Any CPU.ActiveCfg = Release|Any CPU
		{2F438CB0-24B7-4FEB-A0AE-C14CB27E4916}.v8|Any CPU.ActiveCfg = Release|Any CPU
		{E6D5E78B-2F13-44EE-B2A3-66916D68FEB2}.Debug|Any CPU.ActiveCfg = Debug|Any CPU
		{E6D5E78B-2F13-44EE-B2A3-66916D68FEB2}.Debug|Any CPU.Build.0 = Debug|Any CPU
		{E6D5E78B-2F13-44EE-B2A3-66916D68FEB2}.Release|Any CPU.ActiveCfg = Release|Any CPU
		{E6D5E78B-2F13-44EE-B2A3-66916D68FEB2}.Release|Any CPU.Build.0 = Release|Any CPU
		{E6D5E78B-2F13-44EE-B2A3-66916D68FEB2}.v4|Any CPU.ActiveCfg = v4|Any CPU
		{E6D5E78B-2F13-44EE-B2A3-66916D68FEB2}.v4|Any CPU.Build.0 = v4|Any CPU
		{E6D5E78B-2F13-44EE-B2A3-66916D68FEB2}.v5|Any CPU.ActiveCfg = v5|Any CPU
		{E6D5E78B-2F13-44EE-B2A3-66916D68FEB2}.v5|Any CPU.Build.0 = v5|Any CPU
		{E6D5E78B-2F13-44EE-B2A3-66916D68FEB2}.v6|Any CPU.ActiveCfg = v5|Any CPU
		{E6D5E78B-2F13-44EE-B2A3-66916D68FEB2}.v7|Any CPU.ActiveCfg = v5|Any CPU
		{E6D5E78B-2F13-44EE-B2A3-66916D68FEB2}.v8|Any CPU.ActiveCfg = v5|Any CPU
		{00046AA6-F5BD-459E-8C94-9C04E2975BD9}.Debug|Any CPU.ActiveCfg = Debug|Any CPU
		{00046AA6-F5BD-459E-8C94-9C04E2975BD9}.Debug|Any CPU.Build.0 = Debug|Any CPU
		{00046AA6-F5BD-459E-8C94-9C04E2975BD9}.Release|Any CPU.ActiveCfg = Release|Any CPU
		{00046AA6-F5BD-459E-8C94-9C04E2975BD9}.Release|Any CPU.Build.0 = Release|Any CPU
		{00046AA6-F5BD-459E-8C94-9C04E2975BD9}.v4|Any CPU.ActiveCfg = v4|Any CPU
		{00046AA6-F5BD-459E-8C94-9C04E2975BD9}.v4|Any CPU.Build.0 = v4|Any CPU
		{00046AA6-F5BD-459E-8C94-9C04E2975BD9}.v5|Any CPU.ActiveCfg = v5|Any CPU
		{00046AA6-F5BD-459E-8C94-9C04E2975BD9}.v5|Any CPU.Build.0 = v5|Any CPU
		{00046AA6-F5BD-459E-8C94-9C04E2975BD9}.v6|Any CPU.ActiveCfg = v5|Any CPU
		{00046AA6-F5BD-459E-8C94-9C04E2975BD9}.v7|Any CPU.ActiveCfg = v5|Any CPU
		{00046AA6-F5BD-459E-8C94-9C04E2975BD9}.v8|Any CPU.ActiveCfg = v5|Any CPU
		{118C17D7-E859-4BE2-A7DA-1F00107A71A4}.Debug|Any CPU.ActiveCfg = Debug|Any CPU
		{118C17D7-E859-4BE2-A7DA-1F00107A71A4}.Debug|Any CPU.Build.0 = Debug|Any CPU
		{118C17D7-E859-4BE2-A7DA-1F00107A71A4}.Release|Any CPU.ActiveCfg = Release|Any CPU
		{118C17D7-E859-4BE2-A7DA-1F00107A71A4}.Release|Any CPU.Build.0 = Release|Any CPU
		{118C17D7-E859-4BE2-A7DA-1F00107A71A4}.v4|Any CPU.ActiveCfg = v4|Any CPU
		{118C17D7-E859-4BE2-A7DA-1F00107A71A4}.v4|Any CPU.Build.0 = v4|Any CPU
		{118C17D7-E859-4BE2-A7DA-1F00107A71A4}.v5|Any CPU.ActiveCfg = v5|Any CPU
		{118C17D7-E859-4BE2-A7DA-1F00107A71A4}.v5|Any CPU.Build.0 = v5|Any CPU
		{118C17D7-E859-4BE2-A7DA-1F00107A71A4}.v6|Any CPU.ActiveCfg = v5|Any CPU
		{118C17D7-E859-4BE2-A7DA-1F00107A71A4}.v7|Any CPU.ActiveCfg = v5|Any CPU
		{118C17D7-E859-4BE2-A7DA-1F00107A71A4}.v8|Any CPU.ActiveCfg = v5|Any CPU
		{E780851D-C174-47D3-B5A6-DA8D4764F16C}.Debug|Any CPU.ActiveCfg = Debug|Any CPU
		{E780851D-C174-47D3-B5A6-DA8D4764F16C}.Debug|Any CPU.Build.0 = Debug|Any CPU
		{E780851D-C174-47D3-B5A6-DA8D4764F16C}.Release|Any CPU.ActiveCfg = Release|Any CPU
		{E780851D-C174-47D3-B5A6-DA8D4764F16C}.Release|Any CPU.Build.0 = Release|Any CPU
		{E780851D-C174-47D3-B5A6-DA8D4764F16C}.v4|Any CPU.ActiveCfg = v4|Any CPU
		{E780851D-C174-47D3-B5A6-DA8D4764F16C}.v4|Any CPU.Build.0 = v4|Any CPU
		{E780851D-C174-47D3-B5A6-DA8D4764F16C}.v5|Any CPU.ActiveCfg = v5|Any CPU
		{E780851D-C174-47D3-B5A6-DA8D4764F16C}.v5|Any CPU.Build.0 = v5|Any CPU
		{E780851D-C174-47D3-B5A6-DA8D4764F16C}.v6|Any CPU.ActiveCfg = v6|Any CPU
		{E780851D-C174-47D3-B5A6-DA8D4764F16C}.v6|Any CPU.Build.0 = v6|Any CPU
		{E780851D-C174-47D3-B5A6-DA8D4764F16C}.v7|Any CPU.ActiveCfg = v7|Any CPU
		{E780851D-C174-47D3-B5A6-DA8D4764F16C}.v7|Any CPU.Build.0 = v7|Any CPU
		{E780851D-C174-47D3-B5A6-DA8D4764F16C}.v8|Any CPU.ActiveCfg = v8|Any CPU
		{E780851D-C174-47D3-B5A6-DA8D4764F16C}.v8|Any CPU.Build.0 = v8|Any CPU
	EndGlobalSection
	GlobalSection(SolutionProperties) = preSolution
		HideSolutionNode = FALSE
	EndGlobalSection
	GlobalSection(NestedProjects) = preSolution
		{FF77EB2D-8540-48CB-A8C8-CB8AE6B17134} = {72897D3B-6FE5-4A12-8FD2-0260DF13C868}
		{BD143E61-1CB8-4E47-964E-2CA8852A6405} = {15FEBB8E-B446-49D2-9AE0-64A457D83A60}
		{0A234850-4098-40EE-947B-3B6C05FA0D2B} = {15FEBB8E-B446-49D2-9AE0-64A457D83A60}
		{6823E3AC-3E56-47D9-88B0-9B5CC414DE88} = {5ED9F884-C2FF-4BFD-A769-8F97984F8D3B}
		{D00F5EC1-08AD-4F94-AD93-3660B39D4D1E} = {9963CF6E-B2A5-4F40-953B-B0DC6B2AC138}
		{39A8AF12-F131-48B1-9130-FF7F52761197} = {9963CF6E-B2A5-4F40-953B-B0DC6B2AC138}
		{549E249F-3E26-462D-9FFB-F39C2859FE5D} = {15FEBB8E-B446-49D2-9AE0-64A457D83A60}
		{2F438CB0-24B7-4FEB-A0AE-C14CB27E4916} = {15FEBB8E-B446-49D2-9AE0-64A457D83A60}
		{E6D5E78B-2F13-44EE-B2A3-66916D68FEB2} = {9963CF6E-B2A5-4F40-953B-B0DC6B2AC138}
		{00046AA6-F5BD-459E-8C94-9C04E2975BD9} = {9963CF6E-B2A5-4F40-953B-B0DC6B2AC138}
		{118C17D7-E859-4BE2-A7DA-1F00107A71A4} = {9963CF6E-B2A5-4F40-953B-B0DC6B2AC138}
		{E780851D-C174-47D3-B5A6-DA8D4764F16C} = {9963CF6E-B2A5-4F40-953B-B0DC6B2AC138}
	EndGlobalSection
	GlobalSection(ExtensibilityGlobals) = postSolution
		SolutionGuid = {B4E2F517-EADC-4195-95D3-6ACF53BDEE86}
	EndGlobalSection
EndGlobal
