
Microsoft Visual Studio Solution File, Format Version 12.00
# Visual Studio 2012
Project("{FAE04EC0-301F-11D3-BF4B-00C04F79EFBC}") = "StopLight", "Stoplight\Src\StopLight.csproj", "{1B8B1E2F-270C-404F-B934-7F392AA7D1DE}"
EndProject
Project("{FAE04EC0-301F-11D3-BF4B-00C04F79EFBC}") = "StopLightTests", "Stoplight\Tests\StopLightTests\StopLightTests.csproj", "{6967077B-75DE-481D-A566-89A153660953}"
EndProject
Project("{2150E333-8FDC-42A3-9474-1A3956D46DE8}") = ".nuget", ".nuget", "{C34508A5-5181-4FEC-B282-614F55F94AB1}"
	ProjectSection(SolutionItems) = preProject
		.nuget\NuGet.Config = .nuget\NuGet.Config
		.nuget\NuGet.targets = .nuget\NuGet.targets
	EndProjectSection
EndProject
Global
	GlobalSection(SolutionConfigurationPlatforms) = preSolution
		Debug|Any CPU = Debug|Any CPU
		Release|Any CPU = Release|Any CPU
	EndGlobalSection
	GlobalSection(ProjectConfigurationPlatforms) = postSolution
		{1B8B1E2F-270C-404F-B934-7F392AA7D1DE}.Debug|Any CPU.ActiveCfg = Debug|Any CPU
		{1B8B1E2F-270C-404F-B934-7F392AA7D1DE}.Debug|Any CPU.Build.0 = Debug|Any CPU
		{1B8B1E2F-270C-404F-B934-7F392AA7D1DE}.Release|Any CPU.ActiveCfg = Release|Any CPU
		{1B8B1E2F-270C-404F-B934-7F392AA7D1DE}.Release|Any CPU.Build.0 = Release|Any CPU
		{6967077B-75DE-481D-A566-89A153660953}.Debug|Any CPU.ActiveCfg = Debug|Any CPU
		{6967077B-75DE-481D-A566-89A153660953}.Debug|Any CPU.Build.0 = Debug|Any CPU
		{6967077B-75DE-481D-A566-89A153660953}.Release|Any CPU.ActiveCfg = Release|Any CPU
		{6967077B-75DE-481D-A566-89A153660953}.Release|Any CPU.Build.0 = Release|Any CPU
	EndGlobalSection
	GlobalSection(SolutionProperties) = preSolution
		HideSolutionNode = FALSE
	EndGlobalSection
	GlobalSection(TextTemplating) = postSolution
		TextTemplating = 1
	EndGlobalSection
EndGlobal
