
Microsoft Visual Studio Solution File, Format Version 12.00
# Visual Studio 2012
Project("{2150E333-8FDC-42A3-9474-1A3956D46DE8}") = "Solution Items", "Solution Items", "{110031F5-7301-4096-9B81-F30B9FD5EE48}"
	ProjectSection(SolutionItems) = preProject
		localtestrun.testrunconfig = localtestrun.testrunconfig
		TestSettings1.testsettings = TestSettings1.testsettings
		Unity.Tests.vsmdi = Unity.Tests.vsmdi
	EndProjectSection
	ProjectSection(FolderStartupServices) = postProject
		{B4F97281-0DBD-4835-9ED8-7DFB966E87FF} = {B4F97281-0DBD-4835-9ED8-7DFB966E87FF}
	EndProjectSection
EndProject
Project("{FAE04EC0-301F-11D3-BF4B-00C04F79EFBC}") = "Unity.Tests", "Unity.Tests\Unity.Tests.csproj", "{B68B5351-9C24-49DA-A0D8-6C55FDD65A33}"
EndProject
Project("{FAE04EC0-301F-11D3-BF4B-00C04F79EFBC}") = "Unity", "..\..\source\Unity\Src\Unity.csproj", "{EE1F752C-1FAB-41AD-AD63-857D0E62AB6B}"
EndProject
Project("{FAE04EC0-301F-11D3-BF4B-00C04F79EFBC}") = "Unity.Configuration", "..\..\source\Unity.Configuration\Src\Unity.Configuration.csproj", "{AEF45ED2-3E7F-4AA5-9001-A4D1BAC12EBE}"
EndProject
Project("{FAE04EC0-301F-11D3-BF4B-00C04F79EFBC}") = "Unity.Interception", "..\..\source\Unity.Interception\Src\Unity.Interception.csproj", "{F8186B23-B0E1-4646-B5F3-14357841E2BA}"
EndProject
Project("{FAE04EC0-301F-11D3-BF4B-00C04F79EFBC}") = "Unity.Interception.Configuration", "..\..\source\Unity.Interception.Configuration\Src\Unity.Interception.Configuration.csproj", "{80F7399F-B221-465F-97C9-4B9FC0E2F67F}"
EndProject
Project("{2150E333-8FDC-42A3-9474-1A3956D46DE8}") = ".nuget", ".nuget", "{753A2553-4AB9-44B2-946D-03B196B4835B}"
	ProjectSection(SolutionItems) = preProject
		.nuget\NuGet.Config = .nuget\NuGet.Config
		.nuget\NuGet.exe = .nuget\NuGet.exe
		.nuget\NuGet.targets = .nuget\NuGet.targets
	EndProjectSection
EndProject
Project("{FAE04EC0-301F-11D3-BF4B-00C04F79EFBC}") = "RegistrationByConventionAssembly1", "RegistrationByConventionAssembly1\RegistrationByConventionAssembly1.csproj", "{0813F131-7CB9-435C-ADEA-6877FAF1B3D0}"
EndProject
Project("{FAE04EC0-301F-11D3-BF4B-00C04F79EFBC}") = "RegistrationByConventionAssembly2", "RegistrationByConventionAssembly2\RegistrationByConventionAssembly2.csproj", "{245E3E58-9562-410B-952E-07FE8E235039}"
EndProject
Project("{FAE04EC0-301F-11D3-BF4B-00C04F79EFBC}") = "SecurityCriticalAssembly", "SecurityCriticalAssembly\SecurityCriticalAssembly.csproj", "{49D2273B-478F-4263-A1C6-5EB2D7AAD75D}"
EndProject
Project("{FAE04EC0-301F-11D3-BF4B-00C04F79EFBC}") = "AssemblyToLoad", "AssemblyToLoad\AssemblyToLoad.csproj", "{E87E5930-6007-49A5-BAF2-F4BF0B34A9DF}"
EndProject
Project("{2150E333-8FDC-42A3-9474-1A3956D46DE8}") = "MockAssemblies", "MockAssemblies", "{8582222C-159C-4458-A73D-972E708CA7F7}"
EndProject
Project("{FAE04EC0-301F-11D3-BF4B-00C04F79EFBC}") = "AssemblyWithUnityInterface", "AssemblyWithUnityInterface\AssemblyWithUnityInterface.csproj", "{DE866209-8253-43E0-8459-6E8337CB6E32}"
EndProject
Project("{FAE04EC0-301F-11D3-BF4B-00C04F79EFBC}") = "MetadatatokenCollisionAssembly", "MetadatatokenCollisionAssembly\MetadatatokenCollisionAssembly.csproj", "{57A71E91-69F3-4AE7-9DB6-67016E5A985F}"
EndProject
Project("{FAE04EC0-301F-11D3-BF4B-00C04F79EFBC}") = "AssemblyDefiningType", "AssemblyDefiningType\AssemblyDefiningType.csproj", "{F011DF90-F86E-441F-A15E-F919AFE99C35}"
EndProject
Project("{FAE04EC0-301F-11D3-BF4B-00C04F79EFBC}") = "AssemblyDefiningInterface", "AssemblyDefiningInterface\AssemblyDefiningInterface.csproj", "{62BC77C5-C26B-40F4-BC5F-DA96563D0F77}"
EndProject
Project("{FAE04EC0-301F-11D3-BF4B-00C04F79EFBC}") = "Unity.RegistrationByConvention", "..\..\source\Unity\Src\RegistrationByConvention\Unity.RegistrationByConvention.csproj", "{10CFF71B-A9D4-44D2-B5CB-B363E5E15976}"
EndProject
Global
	GlobalSection(TestCaseManagementSettings) = postSolution
		CategoryFile = Unity.Tests.vsmdi
	EndGlobalSection
	GlobalSection(SolutionConfigurationPlatforms) = preSolution
		Debug|Any CPU = Debug|Any CPU
		Release|Any CPU = Release|Any CPU
	EndGlobalSection
	GlobalSection(ProjectConfigurationPlatforms) = postSolution
		{B68B5351-9C24-49DA-A0D8-6C55FDD65A33}.Debug|Any CPU.ActiveCfg = Debug|Any CPU
		{B68B5351-9C24-49DA-A0D8-6C55FDD65A33}.Debug|Any CPU.Build.0 = Debug|Any CPU
		{B68B5351-9C24-49DA-A0D8-6C55FDD65A33}.Release|Any CPU.ActiveCfg = Release|Any CPU
		{B68B5351-9C24-49DA-A0D8-6C55FDD65A33}.Release|Any CPU.Build.0 = Release|Any CPU
		{EE1F752C-1FAB-41AD-AD63-857D0E62AB6B}.Debug|Any CPU.ActiveCfg = Debug|Any CPU
		{EE1F752C-1FAB-41AD-AD63-857D0E62AB6B}.Debug|Any CPU.Build.0 = Debug|Any CPU
		{EE1F752C-1FAB-41AD-AD63-857D0E62AB6B}.Release|Any CPU.ActiveCfg = Release|Any CPU
		{EE1F752C-1FAB-41AD-AD63-857D0E62AB6B}.Release|Any CPU.Build.0 = Release|Any CPU
		{AEF45ED2-3E7F-4AA5-9001-A4D1BAC12EBE}.Debug|Any CPU.ActiveCfg = Debug|Any CPU
		{AEF45ED2-3E7F-4AA5-9001-A4D1BAC12EBE}.Debug|Any CPU.Build.0 = Debug|Any CPU
		{AEF45ED2-3E7F-4AA5-9001-A4D1BAC12EBE}.Release|Any CPU.ActiveCfg = Release|Any CPU
		{AEF45ED2-3E7F-4AA5-9001-A4D1BAC12EBE}.Release|Any CPU.Build.0 = Release|Any CPU
		{F8186B23-B0E1-4646-B5F3-14357841E2BA}.Debug|Any CPU.ActiveCfg = Debug|Any CPU
		{F8186B23-B0E1-4646-B5F3-14357841E2BA}.Debug|Any CPU.Build.0 = Debug|Any CPU
		{F8186B23-B0E1-4646-B5F3-14357841E2BA}.Release|Any CPU.ActiveCfg = Release|Any CPU
		{F8186B23-B0E1-4646-B5F3-14357841E2BA}.Release|Any CPU.Build.0 = Release|Any CPU
		{80F7399F-B221-465F-97C9-4B9FC0E2F67F}.Debug|Any CPU.ActiveCfg = Debug|Any CPU
		{80F7399F-B221-465F-97C9-4B9FC0E2F67F}.Debug|Any CPU.Build.0 = Debug|Any CPU
		{80F7399F-B221-465F-97C9-4B9FC0E2F67F}.Release|Any CPU.ActiveCfg = Release|Any CPU
		{80F7399F-B221-465F-97C9-4B9FC0E2F67F}.Release|Any CPU.Build.0 = Release|Any CPU
		{0813F131-7CB9-435C-ADEA-6877FAF1B3D0}.Debug|Any CPU.ActiveCfg = Debug|Any CPU
		{0813F131-7CB9-435C-ADEA-6877FAF1B3D0}.Debug|Any CPU.Build.0 = Debug|Any CPU
		{0813F131-7CB9-435C-ADEA-6877FAF1B3D0}.Release|Any CPU.ActiveCfg = Release|Any CPU
		{0813F131-7CB9-435C-ADEA-6877FAF1B3D0}.Release|Any CPU.Build.0 = Release|Any CPU
		{245E3E58-9562-410B-952E-07FE8E235039}.Debug|Any CPU.ActiveCfg = Debug|Any CPU
		{245E3E58-9562-410B-952E-07FE8E235039}.Debug|Any CPU.Build.0 = Debug|Any CPU
		{245E3E58-9562-410B-952E-07FE8E235039}.Release|Any CPU.ActiveCfg = Release|Any CPU
		{245E3E58-9562-410B-952E-07FE8E235039}.Release|Any CPU.Build.0 = Release|Any CPU
		{49D2273B-478F-4263-A1C6-5EB2D7AAD75D}.Debug|Any CPU.ActiveCfg = Debug|Any CPU
		{49D2273B-478F-4263-A1C6-5EB2D7AAD75D}.Debug|Any CPU.Build.0 = Debug|Any CPU
		{49D2273B-478F-4263-A1C6-5EB2D7AAD75D}.Release|Any CPU.ActiveCfg = Release|Any CPU
		{49D2273B-478F-4263-A1C6-5EB2D7AAD75D}.Release|Any CPU.Build.0 = Release|Any CPU
		{E87E5930-6007-49A5-BAF2-F4BF0B34A9DF}.Debug|Any CPU.ActiveCfg = Debug|Any CPU
		{E87E5930-6007-49A5-BAF2-F4BF0B34A9DF}.Debug|Any CPU.Build.0 = Debug|Any CPU
		{E87E5930-6007-49A5-BAF2-F4BF0B34A9DF}.Release|Any CPU.ActiveCfg = Release|Any CPU
		{E87E5930-6007-49A5-BAF2-F4BF0B34A9DF}.Release|Any CPU.Build.0 = Release|Any CPU
		{DE866209-8253-43E0-8459-6E8337CB6E32}.Debug|Any CPU.ActiveCfg = Debug|Any CPU
		{DE866209-8253-43E0-8459-6E8337CB6E32}.Debug|Any CPU.Build.0 = Debug|Any CPU
		{DE866209-8253-43E0-8459-6E8337CB6E32}.Release|Any CPU.ActiveCfg = Release|Any CPU
		{DE866209-8253-43E0-8459-6E8337CB6E32}.Release|Any CPU.Build.0 = Release|Any CPU
		{57A71E91-69F3-4AE7-9DB6-67016E5A985F}.Debug|Any CPU.ActiveCfg = Debug|Any CPU
		{57A71E91-69F3-4AE7-9DB6-67016E5A985F}.Debug|Any CPU.Build.0 = Debug|Any CPU
		{57A71E91-69F3-4AE7-9DB6-67016E5A985F}.Release|Any CPU.ActiveCfg = Release|Any CPU
		{57A71E91-69F3-4AE7-9DB6-67016E5A985F}.Release|Any CPU.Build.0 = Release|Any CPU
		{F011DF90-F86E-441F-A15E-F919AFE99C35}.Debug|Any CPU.ActiveCfg = Debug|Any CPU
		{F011DF90-F86E-441F-A15E-F919AFE99C35}.Debug|Any CPU.Build.0 = Debug|Any CPU
		{F011DF90-F86E-441F-A15E-F919AFE99C35}.Release|Any CPU.ActiveCfg = Release|Any CPU
		{F011DF90-F86E-441F-A15E-F919AFE99C35}.Release|Any CPU.Build.0 = Release|Any CPU
		{62BC77C5-C26B-40F4-BC5F-DA96563D0F77}.Debug|Any CPU.ActiveCfg = Debug|Any CPU
		{62BC77C5-C26B-40F4-BC5F-DA96563D0F77}.Debug|Any CPU.Build.0 = Debug|Any CPU
		{62BC77C5-C26B-40F4-BC5F-DA96563D0F77}.Release|Any CPU.ActiveCfg = Release|Any CPU
		{62BC77C5-C26B-40F4-BC5F-DA96563D0F77}.Release|Any CPU.Build.0 = Release|Any CPU
		{10CFF71B-A9D4-44D2-B5CB-B363E5E15976}.Debug|Any CPU.ActiveCfg = Debug|Any CPU
		{10CFF71B-A9D4-44D2-B5CB-B363E5E15976}.Debug|Any CPU.Build.0 = Debug|Any CPU
		{10CFF71B-A9D4-44D2-B5CB-B363E5E15976}.Release|Any CPU.ActiveCfg = Release|Any CPU
		{10CFF71B-A9D4-44D2-B5CB-B363E5E15976}.Release|Any CPU.Build.0 = Release|Any CPU
	EndGlobalSection
	GlobalSection(SolutionProperties) = preSolution
		HideSolutionNode = FALSE
	EndGlobalSection
	GlobalSection(NestedProjects) = preSolution
		{EE1F752C-1FAB-41AD-AD63-857D0E62AB6B} = {110031F5-7301-4096-9B81-F30B9FD5EE48}
		{AEF45ED2-3E7F-4AA5-9001-A4D1BAC12EBE} = {110031F5-7301-4096-9B81-F30B9FD5EE48}
		{F8186B23-B0E1-4646-B5F3-14357841E2BA} = {110031F5-7301-4096-9B81-F30B9FD5EE48}
		{80F7399F-B221-465F-97C9-4B9FC0E2F67F} = {110031F5-7301-4096-9B81-F30B9FD5EE48}
		{10CFF71B-A9D4-44D2-B5CB-B363E5E15976} = {110031F5-7301-4096-9B81-F30B9FD5EE48}
		{245E3E58-9562-410B-952E-07FE8E235039} = {8582222C-159C-4458-A73D-972E708CA7F7}
		{49D2273B-478F-4263-A1C6-5EB2D7AAD75D} = {8582222C-159C-4458-A73D-972E708CA7F7}
		{E87E5930-6007-49A5-BAF2-F4BF0B34A9DF} = {8582222C-159C-4458-A73D-972E708CA7F7}
		{0813F131-7CB9-435C-ADEA-6877FAF1B3D0} = {8582222C-159C-4458-A73D-972E708CA7F7}
		{DE866209-8253-43E0-8459-6E8337CB6E32} = {8582222C-159C-4458-A73D-972E708CA7F7}
		{F011DF90-F86E-441F-A15E-F919AFE99C35} = {8582222C-159C-4458-A73D-972E708CA7F7}
		{62BC77C5-C26B-40F4-BC5F-DA96563D0F77} = {8582222C-159C-4458-A73D-972E708CA7F7}
	EndGlobalSection
	GlobalSection(TextTemplating) = postSolution
		TextTemplating = 1
	EndGlobalSection
EndGlobal
