
Microsoft Visual Studio Solution File, Format Version 12.00
# Visual Studio 2012
Project("{FAE04EC0-301F-11D3-BF4B-00C04F79EFBC}") = "Unity.Tests.WindowsPhone", "Unity.Tests.WindowsPhone\Unity.Tests.WindowsPhone.csproj", "{07C4DFB9-2A58-4AAD-82DB-134883684D54}"
EndProject
Project("{FAE04EC0-301F-11D3-BF4B-00C04F79EFBC}") = "RegistrationByConventionAssembly1", "RegistrationByConventionAssembly1\RegistrationByConventionAssembly1.csproj", "{4570A4E8-4C67-466B-AFC0-EB0703F9A544}"
EndProject
Project("{FAE04EC0-301F-11D3-BF4B-00C04F79EFBC}") = "RegistrationByConventionAssembly2", "RegistrationByConventionAssembly2\RegistrationByConventionAssembly2.csproj", "{D10FB327-D9E8-47E3-820B-87407E24F4CC}"
EndProject
Project("{2150E333-8FDC-42A3-9474-1A3956D46DE8}") = "MockAssemblies", "MockAssemblies", "{3DF84651-E895-416D-92E1-A579CC10E3E3}"
EndProject
Project("{FAE04EC0-301F-11D3-BF4B-00C04F79EFBC}") = "AssemblyDefiningInterface", "AssemblyDefiningInterface\AssemblyDefiningInterface.csproj", "{4849AF04-9581-4CA0-B89C-2C87A0952EEB}"
EndProject
Project("{FAE04EC0-301F-11D3-BF4B-00C04F79EFBC}") = "AssemblyDefiningType", "AssemblyDefiningType\AssemblyDefiningType.csproj", "{AE6166CD-FA5E-4B57-B01D-37F30755B848}"
EndProject
Project("{FAE04EC0-301F-11D3-BF4B-00C04F79EFBC}") = "AssemblyToLoad", "AssemblyToLoad\AssemblyToLoad.csproj", "{70E70E6F-DB0C-40C0-A75B-278CFEB39FCB}"
EndProject
Project("{FAE04EC0-301F-11D3-BF4B-00C04F79EFBC}") = "SecurityCriticalAssembly", "SecurityCriticalAssembly\SecurityCriticalAssembly.csproj", "{93089AB1-7599-4D73-BD97-D609699F4DD8}"
EndProject
Project("{FAE04EC0-301F-11D3-BF4B-00C04F79EFBC}") = "Unity.WindowsPhone", "..\..\source\Unity\Src\Unity.WindowsPhone.csproj", "{A2A7F5A7-0F7F-4D29-939B-E7D2CB0AE21F}"
EndProject
Global
	GlobalSection(TeamFoundationVersionControl) = preSolution
		SccNumberOfProjects = 8
		SccEnterpriseProvider = {4CA58AB2-18FA-4F8D-95D4-32DDF27D184C}
		SccTeamFoundationServer = https://entlib.visualstudio.com/defaultcollection
		SccLocalPath0 = .
		SccProjectUniqueName1 = Unity.Tests.WindowsPhone\\Unity.Tests.WindowsPhone.csproj
		SccProjectName1 = Unity.Tests.WindowsPhone
		SccLocalPath1 = Unity.Tests.WindowsPhone
		SccProjectUniqueName2 = RegistrationByConventionAssembly1\\RegistrationByConventionAssembly1.csproj
		SccProjectTopLevelParentUniqueName2 = Unity.Tests.WindowsPhone.sln
		SccProjectName2 = RegistrationByConventionAssembly1
		SccLocalPath2 = RegistrationByConventionAssembly1
		SccProjectUniqueName3 = RegistrationByConventionAssembly2\\RegistrationByConventionAssembly2.csproj
		SccProjectTopLevelParentUniqueName3 = Unity.Tests.WindowsPhone.sln
		SccProjectName3 = RegistrationByConventionAssembly2
		SccLocalPath3 = RegistrationByConventionAssembly2
		SccProjectUniqueName4 = AssemblyDefiningInterface\\AssemblyDefiningInterface.csproj
		SccProjectTopLevelParentUniqueName4 = Unity.Tests.WindowsPhone.sln
		SccProjectName4 = AssemblyDefiningInterface
		SccLocalPath4 = AssemblyDefiningInterface
		SccProjectUniqueName5 = AssemblyDefiningType\\AssemblyDefiningType.csproj
		SccProjectTopLevelParentUniqueName5 = Unity.Tests.WindowsPhone.sln
		SccProjectName5 = AssemblyDefiningType
		SccLocalPath5 = AssemblyDefiningType
		SccProjectUniqueName6 = AssemblyToLoad\\AssemblyToLoad.csproj
		SccProjectTopLevelParentUniqueName6 = Unity.Tests.WindowsPhone.sln
		SccProjectName6 = AssemblyToLoad
		SccLocalPath6 = AssemblyToLoad
		SccProjectUniqueName7 = SecurityCriticalAssembly\\SecurityCriticalAssembly.csproj
		SccProjectTopLevelParentUniqueName7 = Unity.Tests.WindowsPhone.sln
		SccProjectName7 = SecurityCriticalAssembly
		SccLocalPath7 = SecurityCriticalAssembly
	EndGlobalSection
	GlobalSection(SolutionConfigurationPlatforms) = preSolution
		Debug|Any CPU = Debug|Any CPU
		Debug|ARM = Debug|ARM
		Debug|x86 = Debug|x86
		Release|Any CPU = Release|Any CPU
		Release|ARM = Release|ARM
		Release|x86 = Release|x86
	EndGlobalSection
	GlobalSection(ProjectConfigurationPlatforms) = postSolution
		{07C4DFB9-2A58-4AAD-82DB-134883684D54}.Debug|Any CPU.ActiveCfg = Debug|x86
		{07C4DFB9-2A58-4AAD-82DB-134883684D54}.Debug|Any CPU.Build.0 = Debug|x86
		{07C4DFB9-2A58-4AAD-82DB-134883684D54}.Debug|Any CPU.Deploy.0 = Debug|x86
		{07C4DFB9-2A58-4AAD-82DB-134883684D54}.Debug|ARM.ActiveCfg = Debug|ARM
		{07C4DFB9-2A58-4AAD-82DB-134883684D54}.Debug|ARM.Build.0 = Debug|ARM
		{07C4DFB9-2A58-4AAD-82DB-134883684D54}.Debug|ARM.Deploy.0 = Debug|ARM
		{07C4DFB9-2A58-4AAD-82DB-134883684D54}.Debug|x86.ActiveCfg = Debug|x86
		{07C4DFB9-2A58-4AAD-82DB-134883684D54}.Debug|x86.Build.0 = Debug|x86
		{07C4DFB9-2A58-4AAD-82DB-134883684D54}.Debug|x86.Deploy.0 = Debug|x86
		{07C4DFB9-2A58-4AAD-82DB-134883684D54}.Release|Any CPU.ActiveCfg = Release|x86
		{07C4DFB9-2A58-4AAD-82DB-134883684D54}.Release|ARM.ActiveCfg = Release|ARM
		{07C4DFB9-2A58-4AAD-82DB-134883684D54}.Release|ARM.Build.0 = Release|ARM
		{07C4DFB9-2A58-4AAD-82DB-134883684D54}.Release|ARM.Deploy.0 = Release|ARM
		{07C4DFB9-2A58-4AAD-82DB-134883684D54}.Release|x86.ActiveCfg = Release|x86
		{07C4DFB9-2A58-4AAD-82DB-134883684D54}.Release|x86.Build.0 = Release|x86
		{07C4DFB9-2A58-4AAD-82DB-134883684D54}.Release|x86.Deploy.0 = Release|x86
		{4570A4E8-4C67-466B-AFC0-EB0703F9A544}.Debug|Any CPU.ActiveCfg = Debug|Any CPU
		{4570A4E8-4C67-466B-AFC0-EB0703F9A544}.Debug|Any CPU.Build.0 = Debug|Any CPU
		{4570A4E8-4C67-466B-AFC0-EB0703F9A544}.Debug|ARM.ActiveCfg = Debug|ARM
		{4570A4E8-4C67-466B-AFC0-EB0703F9A544}.Debug|ARM.Build.0 = Debug|ARM
		{4570A4E8-4C67-466B-AFC0-EB0703F9A544}.Debug|x86.ActiveCfg = Debug|x86
		{4570A4E8-4C67-466B-AFC0-EB0703F9A544}.Debug|x86.Build.0 = Debug|x86
		{4570A4E8-4C67-466B-AFC0-EB0703F9A544}.Release|Any CPU.ActiveCfg = Release|Any CPU
		{4570A4E8-4C67-466B-AFC0-EB0703F9A544}.Release|Any CPU.Build.0 = Release|Any CPU
		{4570A4E8-4C67-466B-AFC0-EB0703F9A544}.Release|ARM.ActiveCfg = Release|ARM
		{4570A4E8-4C67-466B-AFC0-EB0703F9A544}.Release|ARM.Build.0 = Release|ARM
		{4570A4E8-4C67-466B-AFC0-EB0703F9A544}.Release|x86.ActiveCfg = Release|x86
		{4570A4E8-4C67-466B-AFC0-EB0703F9A544}.Release|x86.Build.0 = Release|x86
		{D10FB327-D9E8-47E3-820B-87407E24F4CC}.Debug|Any CPU.ActiveCfg = Debug|Any CPU
		{D10FB327-D9E8-47E3-820B-87407E24F4CC}.Debug|Any CPU.Build.0 = Debug|Any CPU
		{D10FB327-D9E8-47E3-820B-87407E24F4CC}.Debug|ARM.ActiveCfg = Debug|ARM
		{D10FB327-D9E8-47E3-820B-87407E24F4CC}.Debug|ARM.Build.0 = Debug|ARM
		{D10FB327-D9E8-47E3-820B-87407E24F4CC}.Debug|x86.ActiveCfg = Debug|x86
		{D10FB327-D9E8-47E3-820B-87407E24F4CC}.Debug|x86.Build.0 = Debug|x86
		{D10FB327-D9E8-47E3-820B-87407E24F4CC}.Release|Any CPU.ActiveCfg = Release|Any CPU
		{D10FB327-D9E8-47E3-820B-87407E24F4CC}.Release|Any CPU.Build.0 = Release|Any CPU
		{D10FB327-D9E8-47E3-820B-87407E24F4CC}.Release|ARM.ActiveCfg = Release|ARM
		{D10FB327-D9E8-47E3-820B-87407E24F4CC}.Release|ARM.Build.0 = Release|ARM
		{D10FB327-D9E8-47E3-820B-87407E24F4CC}.Release|x86.ActiveCfg = Release|x86
		{D10FB327-D9E8-47E3-820B-87407E24F4CC}.Release|x86.Build.0 = Release|x86
		{4849AF04-9581-4CA0-B89C-2C87A0952EEB}.Debug|Any CPU.ActiveCfg = Debug|Any CPU
		{4849AF04-9581-4CA0-B89C-2C87A0952EEB}.Debug|Any CPU.Build.0 = Debug|Any CPU
		{4849AF04-9581-4CA0-B89C-2C87A0952EEB}.Debug|ARM.ActiveCfg = Debug|ARM
		{4849AF04-9581-4CA0-B89C-2C87A0952EEB}.Debug|ARM.Build.0 = Debug|ARM
		{4849AF04-9581-4CA0-B89C-2C87A0952EEB}.Debug|x86.ActiveCfg = Debug|x86
		{4849AF04-9581-4CA0-B89C-2C87A0952EEB}.Debug|x86.Build.0 = Debug|x86
		{4849AF04-9581-4CA0-B89C-2C87A0952EEB}.Release|Any CPU.ActiveCfg = Release|Any CPU
		{4849AF04-9581-4CA0-B89C-2C87A0952EEB}.Release|Any CPU.Build.0 = Release|Any CPU
		{4849AF04-9581-4CA0-B89C-2C87A0952EEB}.Release|ARM.ActiveCfg = Release|ARM
		{4849AF04-9581-4CA0-B89C-2C87A0952EEB}.Release|ARM.Build.0 = Release|ARM
		{4849AF04-9581-4CA0-B89C-2C87A0952EEB}.Release|x86.ActiveCfg = Release|x86
		{4849AF04-9581-4CA0-B89C-2C87A0952EEB}.Release|x86.Build.0 = Release|x86
		{AE6166CD-FA5E-4B57-B01D-37F30755B848}.Debug|Any CPU.ActiveCfg = Debug|Any CPU
		{AE6166CD-FA5E-4B57-B01D-37F30755B848}.Debug|Any CPU.Build.0 = Debug|Any CPU
		{AE6166CD-FA5E-4B57-B01D-37F30755B848}.Debug|ARM.ActiveCfg = Debug|ARM
		{AE6166CD-FA5E-4B57-B01D-37F30755B848}.Debug|ARM.Build.0 = Debug|ARM
		{AE6166CD-FA5E-4B57-B01D-37F30755B848}.Debug|x86.ActiveCfg = Debug|x86
		{AE6166CD-FA5E-4B57-B01D-37F30755B848}.Debug|x86.Build.0 = Debug|x86
		{AE6166CD-FA5E-4B57-B01D-37F30755B848}.Release|Any CPU.ActiveCfg = Release|Any CPU
		{AE6166CD-FA5E-4B57-B01D-37F30755B848}.Release|Any CPU.Build.0 = Release|Any CPU
		{AE6166CD-FA5E-4B57-B01D-37F30755B848}.Release|ARM.ActiveCfg = Release|ARM
		{AE6166CD-FA5E-4B57-B01D-37F30755B848}.Release|ARM.Build.0 = Release|ARM
		{AE6166CD-FA5E-4B57-B01D-37F30755B848}.Release|x86.ActiveCfg = Release|x86
		{AE6166CD-FA5E-4B57-B01D-37F30755B848}.Release|x86.Build.0 = Release|x86
		{70E70E6F-DB0C-40C0-A75B-278CFEB39FCB}.Debug|Any CPU.ActiveCfg = Debug|Any CPU
		{70E70E6F-DB0C-40C0-A75B-278CFEB39FCB}.Debug|Any CPU.Build.0 = Debug|Any CPU
		{70E70E6F-DB0C-40C0-A75B-278CFEB39FCB}.Debug|ARM.ActiveCfg = Debug|ARM
		{70E70E6F-DB0C-40C0-A75B-278CFEB39FCB}.Debug|ARM.Build.0 = Debug|ARM
		{70E70E6F-DB0C-40C0-A75B-278CFEB39FCB}.Debug|x86.ActiveCfg = Debug|x86
		{70E70E6F-DB0C-40C0-A75B-278CFEB39FCB}.Debug|x86.Build.0 = Debug|x86
		{70E70E6F-DB0C-40C0-A75B-278CFEB39FCB}.Release|Any CPU.ActiveCfg = Release|Any CPU
		{70E70E6F-DB0C-40C0-A75B-278CFEB39FCB}.Release|Any CPU.Build.0 = Release|Any CPU
		{70E70E6F-DB0C-40C0-A75B-278CFEB39FCB}.Release|ARM.ActiveCfg = Release|ARM
		{70E70E6F-DB0C-40C0-A75B-278CFEB39FCB}.Release|ARM.Build.0 = Release|ARM
		{70E70E6F-DB0C-40C0-A75B-278CFEB39FCB}.Release|x86.ActiveCfg = Release|x86
		{70E70E6F-DB0C-40C0-A75B-278CFEB39FCB}.Release|x86.Build.0 = Release|x86
		{93089AB1-7599-4D73-BD97-D609699F4DD8}.Debug|Any CPU.ActiveCfg = Debug|Any CPU
		{93089AB1-7599-4D73-BD97-D609699F4DD8}.Debug|Any CPU.Build.0 = Debug|Any CPU
		{93089AB1-7599-4D73-BD97-D609699F4DD8}.Debug|ARM.ActiveCfg = Debug|ARM
		{93089AB1-7599-4D73-BD97-D609699F4DD8}.Debug|ARM.Build.0 = Debug|ARM
		{93089AB1-7599-4D73-BD97-D609699F4DD8}.Debug|x86.ActiveCfg = Debug|x86
		{93089AB1-7599-4D73-BD97-D609699F4DD8}.Debug|x86.Build.0 = Debug|x86
		{93089AB1-7599-4D73-BD97-D609699F4DD8}.Release|Any CPU.ActiveCfg = Release|Any CPU
		{93089AB1-7599-4D73-BD97-D609699F4DD8}.Release|Any CPU.Build.0 = Release|Any CPU
		{93089AB1-7599-4D73-BD97-D609699F4DD8}.Release|ARM.ActiveCfg = Release|ARM
		{93089AB1-7599-4D73-BD97-D609699F4DD8}.Release|ARM.Build.0 = Release|ARM
		{93089AB1-7599-4D73-BD97-D609699F4DD8}.Release|x86.ActiveCfg = Release|x86
		{93089AB1-7599-4D73-BD97-D609699F4DD8}.Release|x86.Build.0 = Release|x86
		{A2A7F5A7-0F7F-4D29-939B-E7D2CB0AE21F}.Debug|Any CPU.ActiveCfg = Debug|Any CPU
		{A2A7F5A7-0F7F-4D29-939B-E7D2CB0AE21F}.Debug|Any CPU.Build.0 = Debug|Any CPU
		{A2A7F5A7-0F7F-4D29-939B-E7D2CB0AE21F}.Debug|ARM.ActiveCfg = Debug|ARM
		{A2A7F5A7-0F7F-4D29-939B-E7D2CB0AE21F}.Debug|ARM.Build.0 = Debug|ARM
		{A2A7F5A7-0F7F-4D29-939B-E7D2CB0AE21F}.Debug|x86.ActiveCfg = Debug|x86
		{A2A7F5A7-0F7F-4D29-939B-E7D2CB0AE21F}.Debug|x86.Build.0 = Debug|x86
		{A2A7F5A7-0F7F-4D29-939B-E7D2CB0AE21F}.Release|Any CPU.ActiveCfg = Release|Any CPU
		{A2A7F5A7-0F7F-4D29-939B-E7D2CB0AE21F}.Release|Any CPU.Build.0 = Release|Any CPU
		{A2A7F5A7-0F7F-4D29-939B-E7D2CB0AE21F}.Release|ARM.ActiveCfg = Release|ARM
		{A2A7F5A7-0F7F-4D29-939B-E7D2CB0AE21F}.Release|ARM.Build.0 = Release|ARM
		{A2A7F5A7-0F7F-4D29-939B-E7D2CB0AE21F}.Release|x86.ActiveCfg = Release|x86
		{A2A7F5A7-0F7F-4D29-939B-E7D2CB0AE21F}.Release|x86.Build.0 = Release|x86
	EndGlobalSection
	GlobalSection(SolutionProperties) = preSolution
		HideSolutionNode = FALSE
	EndGlobalSection
	GlobalSection(NestedProjects) = preSolution
		{D10FB327-D9E8-47E3-820B-87407E24F4CC} = {3DF84651-E895-416D-92E1-A579CC10E3E3}
		{4570A4E8-4C67-466B-AFC0-EB0703F9A544} = {3DF84651-E895-416D-92E1-A579CC10E3E3}
		{4849AF04-9581-4CA0-B89C-2C87A0952EEB} = {3DF84651-E895-416D-92E1-A579CC10E3E3}
		{AE6166CD-FA5E-4B57-B01D-37F30755B848} = {3DF84651-E895-416D-92E1-A579CC10E3E3}
		{70E70E6F-DB0C-40C0-A75B-278CFEB39FCB} = {3DF84651-E895-416D-92E1-A579CC10E3E3}
		{93089AB1-7599-4D73-BD97-D609699F4DD8} = {3DF84651-E895-416D-92E1-A579CC10E3E3}
	EndGlobalSection
EndGlobal
