
Microsoft Visual Studio Solution File, Format Version 12.00
# Visual Studio 2012
Project("{2150E333-8FDC-42A3-9474-1A3956D46DE8}") = "Source", "Source", "{25EB396B-2527-4B42-8037-C364A038856B}"
	ProjectSection(FolderStartupServices) = postProject
		{B4F97281-0DBD-4835-9ED8-7DFB966E87FF} = {B4F97281-0DBD-4835-9ED8-7DFB966E87FF}
	EndProjectSection
EndProject
Project("{2150E333-8FDC-42A3-9474-1A3956D46DE8}") = "Tests", "Tests", "{36634874-C16A-4F0C-9717-51C1D3D1FEBE}"
	ProjectSection(FolderStartupServices) = postProject
		{B4F97281-0DBD-4835-9ED8-7DFB966E87FF} = {B4F97281-0DBD-4835-9ED8-7DFB966E87FF}
	EndProjectSection
EndProject
Project("{2150E333-8FDC-42A3-9474-1A3956D46DE8}") = "Solution Items", "Solution Items", "{E6EC67DC-CF5A-4A46-B600-658CFBC85C76}"
	ProjectSection(FolderStartupServices) = postProject
		{B4F97281-0DBD-4835-9ED8-7DFB966E87FF} = {B4F97281-0DBD-4835-9ED8-7DFB966E87FF}
	EndProjectSection
EndProject
Project("{FAE04EC0-301F-11D3-BF4B-00C04F79EFBC}") = "Unity", "Unity\Src\Unity.csproj", "{EE1F752C-1FAB-41AD-AD63-857D0E62AB6B}"
EndProject
Project("{FAE04EC0-301F-11D3-BF4B-00C04F79EFBC}") = "Unity.Tests.Xamarin.iOS", "Unity\Tests\Unity.Tests.Xamarin.iOS\Unity.Tests.Xamarin.iOS.csproj", "{0CC1CB09-3FB0-400C-BC40-F13F0488D164}"
EndProject
Global
	GlobalSection(SolutionConfigurationPlatforms) = preSolution
		Ad-Hoc|Any CPU = Ad-Hoc|Any CPU
		Ad-Hoc|iPhone = Ad-Hoc|iPhone
		Ad-Hoc|iPhoneSimulator = Ad-Hoc|iPhoneSimulator
		Ad-Hoc|Mixed Platforms = Ad-Hoc|Mixed Platforms
		AppStore|Any CPU = AppStore|Any CPU
		AppStore|iPhone = AppStore|iPhone
		AppStore|iPhoneSimulator = AppStore|iPhoneSimulator
		AppStore|Mixed Platforms = AppStore|Mixed Platforms
		Debug|Any CPU = Debug|Any CPU
		Debug|iPhone = Debug|iPhone
		Debug|iPhoneSimulator = Debug|iPhoneSimulator
		Debug|Mixed Platforms = Debug|Mixed Platforms
		Release|Any CPU = Release|Any CPU
		Release|iPhone = Release|iPhone
		Release|iPhoneSimulator = Release|iPhoneSimulator
		Release|Mixed Platforms = Release|Mixed Platforms
	EndGlobalSection
	GlobalSection(ProjectConfigurationPlatforms) = postSolution
		{EE1F752C-1FAB-41AD-AD63-857D0E62AB6B}.Ad-Hoc|Any CPU.ActiveCfg = Release|Any CPU
		{EE1F752C-1FAB-41AD-AD63-857D0E62AB6B}.Ad-Hoc|Any CPU.Build.0 = Release|Any CPU
		{EE1F752C-1FAB-41AD-AD63-857D0E62AB6B}.Ad-Hoc|iPhone.ActiveCfg = Release|Any CPU
		{EE1F752C-1FAB-41AD-AD63-857D0E62AB6B}.Ad-Hoc|iPhoneSimulator.ActiveCfg = Release|Any CPU
		{EE1F752C-1FAB-41AD-AD63-857D0E62AB6B}.Ad-Hoc|Mixed Platforms.ActiveCfg = Release|Any CPU
		{EE1F752C-1FAB-41AD-AD63-857D0E62AB6B}.Ad-Hoc|Mixed Platforms.Build.0 = Release|Any CPU
		{EE1F752C-1FAB-41AD-AD63-857D0E62AB6B}.AppStore|Any CPU.ActiveCfg = Release|Any CPU
		{EE1F752C-1FAB-41AD-AD63-857D0E62AB6B}.AppStore|Any CPU.Build.0 = Release|Any CPU
		{EE1F752C-1FAB-41AD-AD63-857D0E62AB6B}.AppStore|iPhone.ActiveCfg = Release|Any CPU
		{EE1F752C-1FAB-41AD-AD63-857D0E62AB6B}.AppStore|iPhoneSimulator.ActiveCfg = Release|Any CPU
		{EE1F752C-1FAB-41AD-AD63-857D0E62AB6B}.AppStore|Mixed Platforms.ActiveCfg = Release|Any CPU
		{EE1F752C-1FAB-41AD-AD63-857D0E62AB6B}.AppStore|Mixed Platforms.Build.0 = Release|Any CPU
		{EE1F752C-1FAB-41AD-AD63-857D0E62AB6B}.Debug|Any CPU.ActiveCfg = Debug|Any CPU
		{EE1F752C-1FAB-41AD-AD63-857D0E62AB6B}.Debug|Any CPU.Build.0 = Debug|Any CPU
		{EE1F752C-1FAB-41AD-AD63-857D0E62AB6B}.Debug|iPhone.ActiveCfg = Debug|Any CPU
		{EE1F752C-1FAB-41AD-AD63-857D0E62AB6B}.Debug|iPhoneSimulator.ActiveCfg = Debug|Any CPU
		{EE1F752C-1FAB-41AD-AD63-857D0E62AB6B}.Debug|iPhoneSimulator.Build.0 = Debug|Any CPU
		{EE1F752C-1FAB-41AD-AD63-857D0E62AB6B}.Debug|Mixed Platforms.ActiveCfg = Debug|Any CPU
		{EE1F752C-1FAB-41AD-AD63-857D0E62AB6B}.Debug|Mixed Platforms.Build.0 = Debug|Any CPU
		{EE1F752C-1FAB-41AD-AD63-857D0E62AB6B}.Release|Any CPU.ActiveCfg = Release|Any CPU
		{EE1F752C-1FAB-41AD-AD63-857D0E62AB6B}.Release|Any CPU.Build.0 = Release|Any CPU
		{EE1F752C-1FAB-41AD-AD63-857D0E62AB6B}.Release|iPhone.ActiveCfg = Release|Any CPU
		{EE1F752C-1FAB-41AD-AD63-857D0E62AB6B}.Release|iPhoneSimulator.ActiveCfg = Release|Any CPU
		{EE1F752C-1FAB-41AD-AD63-857D0E62AB6B}.Release|Mixed Platforms.ActiveCfg = Release|Any CPU
		{EE1F752C-1FAB-41AD-AD63-857D0E62AB6B}.Release|Mixed Platforms.Build.0 = Release|Any CPU
		{0CC1CB09-3FB0-400C-BC40-F13F0488D164}.Ad-Hoc|Any CPU.ActiveCfg = Ad-Hoc|iPhone
		{0CC1CB09-3FB0-400C-BC40-F13F0488D164}.Ad-Hoc|iPhone.ActiveCfg = Ad-Hoc|iPhone
		{0CC1CB09-3FB0-400C-BC40-F13F0488D164}.Ad-Hoc|iPhone.Build.0 = Ad-Hoc|iPhone
		{0CC1CB09-3FB0-400C-BC40-F13F0488D164}.Ad-Hoc|iPhone.Deploy.0 = Ad-Hoc|iPhone
		{0CC1CB09-3FB0-400C-BC40-F13F0488D164}.Ad-Hoc|iPhoneSimulator.ActiveCfg = Ad-Hoc|iPhoneSimulator
		{0CC1CB09-3FB0-400C-BC40-F13F0488D164}.Ad-Hoc|iPhoneSimulator.Build.0 = Ad-Hoc|iPhoneSimulator
		{0CC1CB09-3FB0-400C-BC40-F13F0488D164}.Ad-Hoc|iPhoneSimulator.Deploy.0 = Ad-Hoc|iPhoneSimulator
		{0CC1CB09-3FB0-400C-BC40-F13F0488D164}.Ad-Hoc|Mixed Platforms.ActiveCfg = Ad-Hoc|iPhone
		{0CC1CB09-3FB0-400C-BC40-F13F0488D164}.Ad-Hoc|Mixed Platforms.Build.0 = Ad-Hoc|iPhone
		{0CC1CB09-3FB0-400C-BC40-F13F0488D164}.Ad-Hoc|Mixed Platforms.Deploy.0 = Ad-Hoc|iPhone
		{0CC1CB09-3FB0-400C-BC40-F13F0488D164}.AppStore|Any CPU.ActiveCfg = AppStore|iPhone
		{0CC1CB09-3FB0-400C-BC40-F13F0488D164}.AppStore|iPhone.ActiveCfg = AppStore|iPhone
		{0CC1CB09-3FB0-400C-BC40-F13F0488D164}.AppStore|iPhone.Build.0 = AppStore|iPhone
		{0CC1CB09-3FB0-400C-BC40-F13F0488D164}.AppStore|iPhone.Deploy.0 = AppStore|iPhone
		{0CC1CB09-3FB0-400C-BC40-F13F0488D164}.AppStore|iPhoneSimulator.ActiveCfg = AppStore|iPhoneSimulator
		{0CC1CB09-3FB0-400C-BC40-F13F0488D164}.AppStore|iPhoneSimulator.Build.0 = AppStore|iPhoneSimulator
		{0CC1CB09-3FB0-400C-BC40-F13F0488D164}.AppStore|iPhoneSimulator.Deploy.0 = AppStore|iPhoneSimulator
		{0CC1CB09-3FB0-400C-BC40-F13F0488D164}.AppStore|Mixed Platforms.ActiveCfg = AppStore|iPhone
		{0CC1CB09-3FB0-400C-BC40-F13F0488D164}.AppStore|Mixed Platforms.Build.0 = AppStore|iPhone
		{0CC1CB09-3FB0-400C-BC40-F13F0488D164}.AppStore|Mixed Platforms.Deploy.0 = AppStore|iPhone
		{0CC1CB09-3FB0-400C-BC40-F13F0488D164}.Debug|Any CPU.ActiveCfg = Debug|iPhone
		{0CC1CB09-3FB0-400C-BC40-F13F0488D164}.Debug|iPhone.ActiveCfg = Debug|iPhone
		{0CC1CB09-3FB0-400C-BC40-F13F0488D164}.Debug|iPhone.Build.0 = Debug|iPhone
		{0CC1CB09-3FB0-400C-BC40-F13F0488D164}.Debug|iPhone.Deploy.0 = Debug|iPhone
		{0CC1CB09-3FB0-400C-BC40-F13F0488D164}.Debug|iPhoneSimulator.ActiveCfg = Debug|iPhoneSimulator
		{0CC1CB09-3FB0-400C-BC40-F13F0488D164}.Debug|iPhoneSimulator.Build.0 = Debug|iPhoneSimulator
		{0CC1CB09-3FB0-400C-BC40-F13F0488D164}.Debug|iPhoneSimulator.Deploy.0 = Debug|iPhoneSimulator
		{0CC1CB09-3FB0-400C-BC40-F13F0488D164}.Debug|Mixed Platforms.ActiveCfg = Debug|iPhone
		{0CC1CB09-3FB0-400C-BC40-F13F0488D164}.Debug|Mixed Platforms.Build.0 = Debug|iPhone
		{0CC1CB09-3FB0-400C-BC40-F13F0488D164}.Debug|Mixed Platforms.Deploy.0 = Debug|iPhone
		{0CC1CB09-3FB0-400C-BC40-F13F0488D164}.Release|Any CPU.ActiveCfg = Release|iPhone
		{0CC1CB09-3FB0-400C-BC40-F13F0488D164}.Release|iPhone.ActiveCfg = Release|iPhone
		{0CC1CB09-3FB0-400C-BC40-F13F0488D164}.Release|iPhone.Build.0 = Release|iPhone
		{0CC1CB09-3FB0-400C-BC40-F13F0488D164}.Release|iPhone.Deploy.0 = Release|iPhone
		{0CC1CB09-3FB0-400C-BC40-F13F0488D164}.Release|iPhoneSimulator.ActiveCfg = Release|iPhoneSimulator
		{0CC1CB09-3FB0-400C-BC40-F13F0488D164}.Release|iPhoneSimulator.Build.0 = Release|iPhoneSimulator
		{0CC1CB09-3FB0-400C-BC40-F13F0488D164}.Release|iPhoneSimulator.Deploy.0 = Release|iPhoneSimulator
		{0CC1CB09-3FB0-400C-BC40-F13F0488D164}.Release|Mixed Platforms.ActiveCfg = Release|iPhone
		{0CC1CB09-3FB0-400C-BC40-F13F0488D164}.Release|Mixed Platforms.Build.0 = Release|iPhone
		{0CC1CB09-3FB0-400C-BC40-F13F0488D164}.Release|Mixed Platforms.Deploy.0 = Release|iPhone
	EndGlobalSection
	GlobalSection(SolutionProperties) = preSolution
		HideSolutionNode = FALSE
	EndGlobalSection
	GlobalSection(NestedProjects) = preSolution
		{EE1F752C-1FAB-41AD-AD63-857D0E62AB6B} = {25EB396B-2527-4B42-8037-C364A038856B}
		{0CC1CB09-3FB0-400C-BC40-F13F0488D164} = {36634874-C16A-4F0C-9717-51C1D3D1FEBE}
	EndGlobalSection
	GlobalSection(TextTemplating) = postSolution
		TextTemplating = 1
	EndGlobalSection
EndGlobal
