
Microsoft Visual Studio Solution File, Format Version 12.00
# Visual Studio 14
VisualStudioVersion = 14.0.23107.0
MinimumVisualStudioVersion = 10.0.40219.1
Project("{2150E333-8FDC-42A3-9474-1A3956D46DE8}") = "Source", "Source", "{25EB396B-2527-4B42-8037-C364A038856B}"
	ProjectSection(FolderStartupServices) = postProject
		{B4F97281-0DBD-4835-9ED8-7DFB966E87FF} = {B4F97281-0DBD-4835-9ED8-7DFB966E87FF}
	EndProjectSection
EndProject
Project("{2150E333-8FDC-42A3-9474-1A3956D46DE8}") = "Tests", "Tests", "{36634874-C16A-4F0C-9717-51C1D3D1FEBE}"
	ProjectSection(FolderStartupServices) = postProject
		{B4F97281-0DBD-4835-9ED8-7DFB966E87FF} = {B4F97281-0DBD-4835-9ED8-7DFB966E87FF}
	EndProjectSection
EndProject
Project("{2150E333-8FDC-42A3-9474-1A3956D46DE8}") = "Solution Items", "Solution Items", "{E6EC67DC-CF5A-4A46-B600-658CFBC85C76}"
	ProjectSection(SolutionItems) = preProject
		global.json = global.json
	EndProjectSection
	ProjectSection(FolderStartupServices) = postProject
		{B4F97281-0DBD-4835-9ED8-7DFB966E87FF} = {B4F97281-0DBD-4835-9ED8-7DFB966E87FF}
	EndProjectSection
EndProject
Project("{2150E333-8FDC-42A3-9474-1A3956D46DE8}") = "TestAssemblies", "TestAssemblies", "{897BE377-FB20-4C9E-998B-71521C0743A3}"
EndProject
Project("{FAE04EC0-301F-11D3-BF4B-00C04F79EFBC}") = "MissingAssembly", "Tests\TestAssemblies\MissingAssembly\MissingAssembly.csproj", "{D5986F12-55BB-47FC-8A96-E8E8BBF1278F}"
EndProject
Project("{FAE04EC0-301F-11D3-BF4B-00C04F79EFBC}") = "TestNetAssembly", "Tests\TestAssemblies\TestNetAssembly\TestNetAssembly.csproj", "{F877EDF4-DC1F-4700-939D-8F425554C971}"
EndProject
Project("{FAE04EC0-301F-11D3-BF4B-00C04F79EFBC}") = "NotReferencedTestNetAssembly", "Tests\TestAssemblies\NotReferencedTestNetAssembly\NotReferencedTestNetAssembly.csproj", "{9EB77C40-393C-497B-996B-8745A122F369}"
EndProject
Project("{8BB2217D-0F2D-49D1-97BC-3654ED321F3B}") = "Unity-CoreClr", "Src\Unity-CoreClr\Unity-CoreClr.xproj", "{2864072C-44EC-4D9D-BED9-C6176148EC86}"
EndProject
Project("{8BB2217D-0F2D-49D1-97BC-3654ED321F3B}") = "Unity.TestSupport", "Tests\TestSupport.Unity\Unity.TestSupport.xproj", "{19DE910F-D3F0-4979-86F0-D157F03AB5D3}"
EndProject
Project("{8BB2217D-0F2D-49D1-97BC-3654ED321F3B}") = "ObjectBuilder.Tests", "Tests\ObjectBuilder\ObjectBuilder.Tests.xproj", "{991B7E68-DDAB-4C83-BACA-32EE43930F2E}"
EndProject
Project("{8BB2217D-0F2D-49D1-97BC-3654ED321F3B}") = "Unity.ServiceLocation.Tests", "Tests\Unity.ServiceLocation.Tests\Unity.ServiceLocation.Tests.xproj", "{06F206E8-65DD-4CD9-8C14-5CD4384CFB6D}"
EndProject
Project("{8BB2217D-0F2D-49D1-97BC-3654ED321F3B}") = "Unity.Tests", "Tests\Unity.Tests\Unity.Tests.xproj", "{86EE0D49-78A0-46A9-AEDC-C22716612E28}"
EndProject
Project("{8BB2217D-0F2D-49D1-97BC-3654ED321F3B}") = "Unity.Mvc6", "Src\Unity.Mvc6\Unity.Mvc6.xproj", "{3C882049-413A-47FC-9395-A0D68E58E2B9}"
EndProject
Project("{8BB2217D-0F2D-49D1-97BC-3654ED321F3B}") = "Web.Tests", "Tests\Web.Tests\Web.Tests.xproj", "{650A5A85-5956-491E-9312-5E25A27D1108}"
EndProject
Project("{8BB2217D-0F2D-49D1-97BC-3654ED321F3B}") = "Unity.Mvc.Tests", "Tests\Unity.Mvc6.Tests\Unity.Mvc.Tests.xproj", "{7DDF8381-9625-4BF1-B687-BEA28B75379C}"
EndProject
Global
	GlobalSection(SolutionConfigurationPlatforms) = preSolution
		Debug|Any CPU = Debug|Any CPU
		Release|Any CPU = Release|Any CPU
	EndGlobalSection
	GlobalSection(ProjectConfigurationPlatforms) = postSolution
		{D5986F12-55BB-47FC-8A96-E8E8BBF1278F}.Debug|Any CPU.ActiveCfg = Debug|Any CPU
		{D5986F12-55BB-47FC-8A96-E8E8BBF1278F}.Debug|Any CPU.Build.0 = Debug|Any CPU
		{D5986F12-55BB-47FC-8A96-E8E8BBF1278F}.Release|Any CPU.ActiveCfg = Release|Any CPU
		{D5986F12-55BB-47FC-8A96-E8E8BBF1278F}.Release|Any CPU.Build.0 = Release|Any CPU
		{F877EDF4-DC1F-4700-939D-8F425554C971}.Debug|Any CPU.ActiveCfg = Debug|Any CPU
		{F877EDF4-DC1F-4700-939D-8F425554C971}.Debug|Any CPU.Build.0 = Debug|Any CPU
		{F877EDF4-DC1F-4700-939D-8F425554C971}.Release|Any CPU.ActiveCfg = Release|Any CPU
		{F877EDF4-DC1F-4700-939D-8F425554C971}.Release|Any CPU.Build.0 = Release|Any CPU
		{9EB77C40-393C-497B-996B-8745A122F369}.Debug|Any CPU.ActiveCfg = Debug|Any CPU
		{9EB77C40-393C-497B-996B-8745A122F369}.Debug|Any CPU.Build.0 = Debug|Any CPU
		{9EB77C40-393C-497B-996B-8745A122F369}.Release|Any CPU.ActiveCfg = Release|Any CPU
		{9EB77C40-393C-497B-996B-8745A122F369}.Release|Any CPU.Build.0 = Release|Any CPU
		{2864072C-44EC-4D9D-BED9-C6176148EC86}.Debug|Any CPU.ActiveCfg = Debug|Any CPU
		{2864072C-44EC-4D9D-BED9-C6176148EC86}.Debug|Any CPU.Build.0 = Debug|Any CPU
		{2864072C-44EC-4D9D-BED9-C6176148EC86}.Release|Any CPU.ActiveCfg = Release|Any CPU
		{2864072C-44EC-4D9D-BED9-C6176148EC86}.Release|Any CPU.Build.0 = Release|Any CPU
		{19DE910F-D3F0-4979-86F0-D157F03AB5D3}.Debug|Any CPU.ActiveCfg = Debug|Any CPU
		{19DE910F-D3F0-4979-86F0-D157F03AB5D3}.Debug|Any CPU.Build.0 = Debug|Any CPU
		{19DE910F-D3F0-4979-86F0-D157F03AB5D3}.Release|Any CPU.ActiveCfg = Release|Any CPU
		{19DE910F-D3F0-4979-86F0-D157F03AB5D3}.Release|Any CPU.Build.0 = Release|Any CPU
		{991B7E68-DDAB-4C83-BACA-32EE43930F2E}.Debug|Any CPU.ActiveCfg = Debug|Any CPU
		{991B7E68-DDAB-4C83-BACA-32EE43930F2E}.Debug|Any CPU.Build.0 = Debug|Any CPU
		{991B7E68-DDAB-4C83-BACA-32EE43930F2E}.Release|Any CPU.ActiveCfg = Release|Any CPU
		{991B7E68-DDAB-4C83-BACA-32EE43930F2E}.Release|Any CPU.Build.0 = Release|Any CPU
		{06F206E8-65DD-4CD9-8C14-5CD4384CFB6D}.Debug|Any CPU.ActiveCfg = Debug|Any CPU
		{06F206E8-65DD-4CD9-8C14-5CD4384CFB6D}.Debug|Any CPU.Build.0 = Debug|Any CPU
		{06F206E8-65DD-4CD9-8C14-5CD4384CFB6D}.Release|Any CPU.ActiveCfg = Release|Any CPU
		{06F206E8-65DD-4CD9-8C14-5CD4384CFB6D}.Release|Any CPU.Build.0 = Release|Any CPU
		{86EE0D49-78A0-46A9-AEDC-C22716612E28}.Debug|Any CPU.ActiveCfg = Debug|Any CPU
		{86EE0D49-78A0-46A9-AEDC-C22716612E28}.Debug|Any CPU.Build.0 = Debug|Any CPU
		{86EE0D49-78A0-46A9-AEDC-C22716612E28}.Release|Any CPU.ActiveCfg = Release|Any CPU
		{86EE0D49-78A0-46A9-AEDC-C22716612E28}.Release|Any CPU.Build.0 = Release|Any CPU
		{3C882049-413A-47FC-9395-A0D68E58E2B9}.Debug|Any CPU.ActiveCfg = Debug|Any CPU
		{3C882049-413A-47FC-9395-A0D68E58E2B9}.Debug|Any CPU.Build.0 = Debug|Any CPU
		{3C882049-413A-47FC-9395-A0D68E58E2B9}.Release|Any CPU.ActiveCfg = Release|Any CPU
		{3C882049-413A-47FC-9395-A0D68E58E2B9}.Release|Any CPU.Build.0 = Release|Any CPU
		{650A5A85-5956-491E-9312-5E25A27D1108}.Debug|Any CPU.ActiveCfg = Debug|Any CPU
		{650A5A85-5956-491E-9312-5E25A27D1108}.Debug|Any CPU.Build.0 = Debug|Any CPU
		{650A5A85-5956-491E-9312-5E25A27D1108}.Release|Any CPU.ActiveCfg = Release|Any CPU
		{650A5A85-5956-491E-9312-5E25A27D1108}.Release|Any CPU.Build.0 = Release|Any CPU
		{7DDF8381-9625-4BF1-B687-BEA28B75379C}.Debug|Any CPU.ActiveCfg = Debug|Any CPU
		{7DDF8381-9625-4BF1-B687-BEA28B75379C}.Debug|Any CPU.Build.0 = Debug|Any CPU
		{7DDF8381-9625-4BF1-B687-BEA28B75379C}.Release|Any CPU.ActiveCfg = Release|Any CPU
		{7DDF8381-9625-4BF1-B687-BEA28B75379C}.Release|Any CPU.Build.0 = Release|Any CPU
	EndGlobalSection
	GlobalSection(SolutionProperties) = preSolution
		HideSolutionNode = FALSE
	EndGlobalSection
	GlobalSection(NestedProjects) = preSolution
		{897BE377-FB20-4C9E-998B-71521C0743A3} = {36634874-C16A-4F0C-9717-51C1D3D1FEBE}
		{D5986F12-55BB-47FC-8A96-E8E8BBF1278F} = {897BE377-FB20-4C9E-998B-71521C0743A3}
		{F877EDF4-DC1F-4700-939D-8F425554C971} = {897BE377-FB20-4C9E-998B-71521C0743A3}
		{9EB77C40-393C-497B-996B-8745A122F369} = {897BE377-FB20-4C9E-998B-71521C0743A3}
		{2864072C-44EC-4D9D-BED9-C6176148EC86} = {25EB396B-2527-4B42-8037-C364A038856B}
		{19DE910F-D3F0-4979-86F0-D157F03AB5D3} = {36634874-C16A-4F0C-9717-51C1D3D1FEBE}
		{991B7E68-DDAB-4C83-BACA-32EE43930F2E} = {36634874-C16A-4F0C-9717-51C1D3D1FEBE}
		{06F206E8-65DD-4CD9-8C14-5CD4384CFB6D} = {36634874-C16A-4F0C-9717-51C1D3D1FEBE}
		{86EE0D49-78A0-46A9-AEDC-C22716612E28} = {36634874-C16A-4F0C-9717-51C1D3D1FEBE}
		{3C882049-413A-47FC-9395-A0D68E58E2B9} = {25EB396B-2527-4B42-8037-C364A038856B}
		{650A5A85-5956-491E-9312-5E25A27D1108} = {36634874-C16A-4F0C-9717-51C1D3D1FEBE}
		{7DDF8381-9625-4BF1-B687-BEA28B75379C} = {36634874-C16A-4F0C-9717-51C1D3D1FEBE}
	EndGlobalSection
	GlobalSection(TextTemplating) = postSolution
		TextTemplating = 1
	EndGlobalSection
EndGlobal
